PODS:
  - Alamofire (5.4.4)
  - AlignedCollectionViewFlowLayout (1.1.2)
  - ARChromeActivity (1.0.6)
  - CleanInsightsSDK (2.6.0)
  - CrossroadRegex (1.2.0)
  - DownloadButton (0.1.0)
  - Eureka (5.3.6)
  - FavIcon (3.1.0)
  - FontBlaster (5.3.0)
  - FormatterKit (1.9.0):
    - FormatterKit/AddressFormatter (= 1.9.0)
    - FormatterKit/ArrayFormatter (= 1.9.0)
    - FormatterKit/ColorFormatter (= 1.9.0)
    - FormatterKit/LocationFormatter (= 1.9.0)
    - FormatterKit/NameFormatter (= 1.9.0)
    - FormatterKit/OrdinalNumberFormatter (= 1.9.0)
    - FormatterKit/Resources (= 1.9.0)
    - FormatterKit/TimeIntervalFormatter (= 1.9.0)
    - FormatterKit/UnitOfInformationFormatter (= 1.9.0)
    - FormatterKit/URLRequestFormatter (= 1.9.0)
  - FormatterKit/AddressFormatter (1.9.0):
    - FormatterKit/Resources
  - FormatterKit/ArrayFormatter (1.9.0):
    - FormatterKit/Resources
  - FormatterKit/ColorFormatter (1.9.0):
    - FormatterKit/Resources
  - FormatterKit/LocationFormatter (1.9.0):
    - FormatterKit/Resources
  - FormatterKit/NameFormatter (1.9.0):
    - FormatterKit/Resources
  - FormatterKit/OrdinalNumberFormatter (1.9.0):
    - FormatterKit/Resources
  - FormatterKit/Resources (1.9.0)
  - FormatterKit/TimeIntervalFormatter (1.9.0):
    - FormatterKit/Resources
  - FormatterKit/UnitOfInformationFormatter (1.9.0):
    - FormatterKit/Resources
  - FormatterKit/URLRequestFormatter (1.9.0):
    - FormatterKit/Resources
  - ImageRow (4.1.0):
    - Eureka (~> 5.3.5)
  - MBProgressHUD (1.2.0)
  - OrbotKit (0.2.2)
  - ReachabilitySwift (5.0.0)
  - SDCAlertView (12.0.2)
  - SwiftyDropbox (8.3.0):
    - Alamofire (~> 5.4.3)
  - TLPhotoPicker (2.1.9)
  - TUSafariActivity (1.0.4)
  - UIImage-Resize (1.0.1)
  - UIImageViewAlignedSwift (0.8.2)
  - YapDatabase (4.1):
    - YapDatabase/Standard (= 4.1)
  - YapDatabase/Standard (4.1):
    - YapDatabase/Standard/Core (= 4.1)
    - YapDatabase/Standard/Extensions (= 4.1)
  - YapDatabase/Standard-ObjC/Core (4.1)
  - YapDatabase/Standard-ObjC/Extensions/ActionManager (4.1):
    - YapDatabase/Standard-ObjC/Core
    - YapDatabase/Standard-ObjC/Extensions/AutoView
  - YapDatabase/Standard-ObjC/Extensions/AutoView (4.1):
    - YapDatabase/Standard-ObjC/Core
    - YapDatabase/Standard-ObjC/Extensions/View
  - YapDatabase/Standard-ObjC/Extensions/CloudCore (4.1):
    - YapDatabase/Standard-ObjC/Core
  - YapDatabase/Standard-ObjC/Extensions/CloudKit (4.1):
    - YapDatabase/Standard-ObjC/Core
  - YapDatabase/Standard-ObjC/Extensions/CrossProcessNotification (4.1):
    - YapDatabase/Standard-ObjC/Core
  - YapDatabase/Standard-ObjC/Extensions/FilteredView (4.1):
    - YapDatabase/Standard-ObjC/Core
    - YapDatabase/Standard-ObjC/Extensions/View
  - YapDatabase/Standard-ObjC/Extensions/FullTextSearch (4.1):
    - YapDatabase/Standard-ObjC/Core
  - YapDatabase/Standard-ObjC/Extensions/Hooks (4.1):
    - YapDatabase/Standard-ObjC/Core
  - YapDatabase/Standard-ObjC/Extensions/ManualView (4.1):
    - YapDatabase/Standard-ObjC/Core
    - YapDatabase/Standard-ObjC/Extensions/View
  - YapDatabase/Standard-ObjC/Extensions/Relationships (4.1):
    - YapDatabase/Standard-ObjC/Core
  - YapDatabase/Standard-ObjC/Extensions/RTreeIndex (4.1):
    - YapDatabase/Standard-ObjC/Core
  - YapDatabase/Standard-ObjC/Extensions/SearchResultsView (4.1):
    - YapDatabase/Standard-ObjC/Core
    - YapDatabase/Standard-ObjC/Extensions/AutoView
    - YapDatabase/Standard-ObjC/Extensions/FullTextSearch
  - YapDatabase/Standard-ObjC/Extensions/SecondaryIndex (4.1):
    - YapDatabase/Standard-ObjC/Core
  - YapDatabase/Standard-ObjC/Extensions/View (4.1):
    - YapDatabase/Standard-ObjC/Core
  - YapDatabase/Standard/Core (4.1):
    - YapDatabase/Standard-ObjC/Core
  - YapDatabase/Standard/Extensions (4.1):
    - YapDatabase/Standard/Core
    - YapDatabase/Standard/Extensions/ActionManager (= 4.1)
    - YapDatabase/Standard/Extensions/AutoView (= 4.1)
    - YapDatabase/Standard/Extensions/CloudCore (= 4.1)
    - YapDatabase/Standard/Extensions/CloudKit (= 4.1)
    - YapDatabase/Standard/Extensions/CrossProcessNotification (= 4.1)
    - YapDatabase/Standard/Extensions/FilteredView (= 4.1)
    - YapDatabase/Standard/Extensions/FullTextSearch (= 4.1)
    - YapDatabase/Standard/Extensions/Hooks (= 4.1)
    - YapDatabase/Standard/Extensions/ManualView (= 4.1)
    - YapDatabase/Standard/Extensions/Relationships (= 4.1)
    - YapDatabase/Standard/Extensions/RTreeIndex (= 4.1)
    - YapDatabase/Standard/Extensions/SearchResultsView (= 4.1)
    - YapDatabase/Standard/Extensions/SecondaryIndex (= 4.1)
    - YapDatabase/Standard/Extensions/View (= 4.1)
  - YapDatabase/Standard/Extensions/ActionManager (4.1):
    - YapDatabase/Standard-ObjC/Extensions/ActionManager
    - YapDatabase/Standard/Core
    - YapDatabase/Standard/Extensions/AutoView
  - YapDatabase/Standard/Extensions/AutoView (4.1):
    - YapDatabase/Standard-ObjC/Extensions/AutoView
    - YapDatabase/Standard/Core
    - YapDatabase/Standard/Extensions/View
  - YapDatabase/Standard/Extensions/CloudCore (4.1):
    - YapDatabase/Standard-ObjC/Extensions/CloudCore
    - YapDatabase/Standard/Core
  - YapDatabase/Standard/Extensions/CloudKit (4.1):
    - YapDatabase/Standard-ObjC/Extensions/CloudKit
    - YapDatabase/Standard/Core
  - YapDatabase/Standard/Extensions/CrossProcessNotification (4.1):
    - YapDatabase/Standard-ObjC/Extensions/CrossProcessNotification
    - YapDatabase/Standard/Core
  - YapDatabase/Standard/Extensions/FilteredView (4.1):
    - YapDatabase/Standard-ObjC/Extensions/FilteredView
    - YapDatabase/Standard/Core
    - YapDatabase/Standard/Extensions/View
  - YapDatabase/Standard/Extensions/FullTextSearch (4.1):
    - YapDatabase/Standard-ObjC/Extensions/FullTextSearch
    - YapDatabase/Standard/Core
  - YapDatabase/Standard/Extensions/Hooks (4.1):
    - YapDatabase/Standard-ObjC/Extensions/Hooks
    - YapDatabase/Standard/Core
  - YapDatabase/Standard/Extensions/ManualView (4.1):
    - YapDatabase/Standard-ObjC/Extensions/ManualView
    - YapDatabase/Standard/Core
    - YapDatabase/Standard/Extensions/View
  - YapDatabase/Standard/Extensions/Relationships (4.1):
    - YapDatabase/Standard-ObjC/Extensions/Relationships
    - YapDatabase/Standard/Core
  - YapDatabase/Standard/Extensions/RTreeIndex (4.1):
    - YapDatabase/Standard-ObjC/Extensions/RTreeIndex
    - YapDatabase/Standard/Core
  - YapDatabase/Standard/Extensions/SearchResultsView (4.1):
    - YapDatabase/Standard-ObjC/Extensions/SearchResultsView
    - YapDatabase/Standard/Core
    - YapDatabase/Standard/Extensions/AutoView
    - YapDatabase/Standard/Extensions/FullTextSearch
  - YapDatabase/Standard/Extensions/SecondaryIndex (4.1):
    - YapDatabase/Standard-ObjC/Extensions/SecondaryIndex
    - YapDatabase/Standard/Core
  - YapDatabase/Standard/Extensions/View (4.1):
    - YapDatabase/Standard-ObjC/Extensions/View
    - YapDatabase/Standard/Core

DEPENDENCIES:
  - AlignedCollectionViewFlowLayout (~> 1.1)
  - ARChromeActivity (~> 1.0)
  - CleanInsightsSDK (~> 2.6)
  - CrossroadRegex (from `https://github.com/crossroadlabs/Regex.git`, tag `1.2.0`)
  - DownloadButton (~> 0.1)
  - Eureka (~> 5.3)
  - FavIcon (from `https://github.com/tladesignz/FavIcon.git`, branch `swift-5`)
  - FontBlaster (~> 5.2)
  - FormatterKit (~> 1.9)
  - ImageRow (~> 4.0)
  - MBProgressHUD (~> 1.2)
  - OrbotKit (~> 0.2)
  - ReachabilitySwift (~> 5.0)
  - SDCAlertView (~> 12.0)
  - SwiftyDropbox (~> 8.3)
  - TLPhotoPicker (from `https://github.com/tladesignz/TLPhotoPicker.git`)
  - TUSafariActivity (~> 1.0)
  - UIImage-Resize (~> 1.0)
  - UIImageViewAlignedSwift (~> 0.8)
  - YapDatabase (from `https://github.com/difftim/YapDatabase.git`)

SPEC REPOS:
  https://github.com/CocoaPods/Specs.git:
    - Alamofire
    - AlignedCollectionViewFlowLayout
    - ARChromeActivity
    - CleanInsightsSDK
    - DownloadButton
    - Eureka
    - FontBlaster
    - FormatterKit
    - ImageRow
    - MBProgressHUD
    - OrbotKit
    - ReachabilitySwift
    - SDCAlertView
    - SwiftyDropbox
    - TUSafariActivity
    - UIImage-Resize
    - UIImageViewAlignedSwift

EXTERNAL SOURCES:
  CrossroadRegex:
    :git: https://github.com/crossroadlabs/Regex.git
    :tag: 1.2.0
  FavIcon:
    :branch: swift-5
    :git: https://github.com/tladesignz/FavIcon.git
  TLPhotoPicker:
    :git: https://github.com/tladesignz/TLPhotoPicker.git
  YapDatabase:
    :git: https://github.com/difftim/YapDatabase.git

CHECKOUT OPTIONS:
  CrossroadRegex:
    :git: https://github.com/crossroadlabs/Regex.git
    :tag: 1.2.0
  FavIcon:
    :commit: 0717e03444aa6a1265418d405b8c4866ea02de9b
    :git: https://github.com/tladesignz/FavIcon.git
  TLPhotoPicker:
    :commit: 91abdc52e241936bbad850736af7dcb9adcd389d
    :git: https://github.com/tladesignz/TLPhotoPicker.git
  YapDatabase:
    :commit: 5586190caffd2e74b9b3e21a1e4fa3d62a3e0c17
    :git: https://github.com/difftim/YapDatabase.git

SPEC CHECKSUMS:
  Alamofire: f3b09a368f1582ab751b3fff5460276e0d2cf5c9
  AlignedCollectionViewFlowLayout: ee2ef451e741ec08f8e0967d828001e2f051c20a
  ARChromeActivity: 5dcf9b9f09323761f992aff3525cdd777f83609d
  CleanInsightsSDK: 41957828284408a969f4bf310ae4d378350bdbc2
  CrossroadRegex: 9af32b4b4dc6ff404c87647ef1bc68ea711cc570
  DownloadButton: 49a21a89e0d7d1b42d9134f79aaa40e727cd57c3
  Eureka: 28ad9dec6286cd7cd601fdf8e8df39bb7356a8f4
  FavIcon: 21651b47d8f6b33517973859f85e2cb6f9fcfaee
  FontBlaster: 941f89d735a29e1c7d24e7a90d3e16939ef1609a
  FormatterKit: 184db51bf120b633693a73624a4cede89ec51a41
  ImageRow: 880c0f052c5a89c80521b485c86ccf723a124e99
  MBProgressHUD: 3ee5efcc380f6a79a7cc9b363dd669c5e1ae7406
  OrbotKit: 33dd047aa0d14812d7a08618f68ab1f0874e97f2
  ReachabilitySwift: 985039c6f7b23a1da463388634119492ff86c825
  SDCAlertView: 1c0410de80548da3fed142ded0b97644d9848577
  SwiftyDropbox: 1f2dc98c211cb80b70ce0cd58064abe8528d9c78
  TLPhotoPicker: 2e7caa72ec0cb29d1c85543b252a02d56aeede01
  TUSafariActivity: afc55a00965377939107ce4fdc7f951f62454546
  UIImage-Resize: fa776860f10e6900bbaf53a73e494bdceaaccc77
  UIImageViewAlignedSwift: 12b0b06da988015e6d5dec09ee29d5ae1a244848
  YapDatabase: 19c4e6ffb2e4bfab4de4d2511b92020208eecab6

PODFILE CHECKSUM: 4ec94c8f75fba540854d39ad98bc28fbf50ad02d

COCOAPODS: 1.11.3
