PODS:
  - Alamofire (4.7.3)
  - ARChromeActivity (1.0.6)
  - CocoaLumberjack (3.4.2):
    - CocoaLumberjack/Default (= 3.4.2)
    - CocoaLumberjack/Extensions (= 3.4.2)
  - CocoaLumberjack/Default (3.4.2)
  - CocoaLumberjack/Extensions (3.4.2):
    - CocoaLumberjack/Default
  - FilesProvider (0.25.1)
  - TUSafariActivity (1.0.4)
  - YapDatabase (3.1.1):
    - YapDatabase/Standard (= 3.1.1)
  - YapDatabase/Standard (3.1.1):
    - YapDatabase/Standard/Core (= 3.1.1)
    - YapDatabase/Standard/Extensions (= 3.1.1)
  - YapDatabase/Standard/Core (3.1.1):
    - CocoaLumberjack
  - YapDatabase/Standard/Extensions (3.1.1):
    - YapDatabase/Standard/Core
    - YapDatabase/Standard/Extensions/ActionManager (= 3.1.1)
    - YapDatabase/Standard/Extensions/AutoView (= 3.1.1)
    - YapDatabase/Standard/Extensions/CloudCore (= 3.1.1)
    - YapDatabase/Standard/Extensions/CloudKit (= 3.1.1)
    - YapDatabase/Standard/Extensions/ConnectionPool (= 3.1.1)
    - YapDatabase/Standard/Extensions/ConnectionProxy (= 3.1.1)
    - YapDatabase/Standard/Extensions/CrossProcessNotification (= 3.1.1)
    - YapDatabase/Standard/Extensions/FilteredView (= 3.1.1)
    - YapDatabase/Standard/Extensions/FullTextSearch (= 3.1.1)
    - YapDatabase/Standard/Extensions/Hooks (= 3.1.1)
    - YapDatabase/Standard/Extensions/ManualView (= 3.1.1)
    - YapDatabase/Standard/Extensions/Relationships (= 3.1.1)
    - YapDatabase/Standard/Extensions/RTreeIndex (= 3.1.1)
    - YapDatabase/Standard/Extensions/SearchResultsView (= 3.1.1)
    - YapDatabase/Standard/Extensions/SecondaryIndex (= 3.1.1)
    - YapDatabase/Standard/Extensions/View (= 3.1.1)
  - YapDatabase/Standard/Extensions/ActionManager (3.1.1):
    - YapDatabase/Standard/Core
    - YapDatabase/Standard/Extensions/AutoView
  - YapDatabase/Standard/Extensions/AutoView (3.1.1):
    - YapDatabase/Standard/Core
    - YapDatabase/Standard/Extensions/View
  - YapDatabase/Standard/Extensions/CloudCore (3.1.1):
    - YapDatabase/Standard/Core
  - YapDatabase/Standard/Extensions/CloudKit (3.1.1):
    - YapDatabase/Standard/Core
  - YapDatabase/Standard/Extensions/ConnectionPool (3.1.1):
    - YapDatabase/Standard/Core
  - YapDatabase/Standard/Extensions/ConnectionProxy (3.1.1):
    - YapDatabase/Standard/Core
  - YapDatabase/Standard/Extensions/CrossProcessNotification (3.1.1):
    - YapDatabase/Standard/Core
  - YapDatabase/Standard/Extensions/FilteredView (3.1.1):
    - YapDatabase/Standard/Core
    - YapDatabase/Standard/Extensions/View
  - YapDatabase/Standard/Extensions/FullTextSearch (3.1.1):
    - YapDatabase/Standard/Core
  - YapDatabase/Standard/Extensions/Hooks (3.1.1):
    - YapDatabase/Standard/Core
  - YapDatabase/Standard/Extensions/ManualView (3.1.1):
    - YapDatabase/Standard/Core
    - YapDatabase/Standard/Extensions/View
  - YapDatabase/Standard/Extensions/Relationships (3.1.1):
    - YapDatabase/Standard/Core
  - YapDatabase/Standard/Extensions/RTreeIndex (3.1.1):
    - YapDatabase/Standard/Core
  - YapDatabase/Standard/Extensions/SearchResultsView (3.1.1):
    - YapDatabase/Standard/Core
    - YapDatabase/Standard/Extensions/AutoView
    - YapDatabase/Standard/Extensions/FullTextSearch
  - YapDatabase/Standard/Extensions/SecondaryIndex (3.1.1):
    - YapDatabase/Standard/Core
  - YapDatabase/Standard/Extensions/View (3.1.1):
    - YapDatabase/Standard/Core

DEPENDENCIES:
  - Alamofire (~> 4.7)
  - ARChromeActivity (~> 1.0)
  - FilesProvider (~> 0.25.1)
  - TUSafariActivity (~> 1.0)
  - YapDatabase (~> 3.1)

SPEC REPOS:
  https://github.com/cocoapods/specs.git:
    - Alamofire
    - ARChromeActivity
    - CocoaLumberjack
    - FilesProvider
    - TUSafariActivity
    - YapDatabase

SPEC CHECKSUMS:
  Alamofire: c7287b6e5d7da964a70935e5db17046b7fde6568
  ARChromeActivity: 5dcf9b9f09323761f992aff3525cdd777f83609d
  CocoaLumberjack: db7cc9e464771f12054c22ff6947c5a58d43a0fd
  FilesProvider: f6ab75211d2fd4814720f19b427e43668dc24585
  TUSafariActivity: afc55a00965377939107ce4fdc7f951f62454546
  YapDatabase: b418a4baa6906e8028748938f9159807fd039af4

PODFILE CHECKSUM: 65fe04074cfbb545c7605c287056d965dbac1fc6

COCOAPODS: 1.5.3
