PODS:
  - Alamofire (4.9.1)
  - AlignedCollectionViewFlowLayout (1.1.2)
  - ARChromeActivity (1.0.6)
  - CrossroadRegex (1.2.0)
  - DownloadButton (0.1.0)
  - Eureka (5.1.0)
  - FavIcon (3.0.6)
  - FilesProvider (0.26.0)
  - FontBlaster (4.1.0)
  - FormatterKit (1.9.0):
    - FormatterKit/AddressFormatter (= 1.9.0)
    - FormatterKit/ArrayFormatter (= 1.9.0)
    - FormatterKit/ColorFormatter (= 1.9.0)
    - FormatterKit/LocationFormatter (= 1.9.0)
    - FormatterKit/NameFormatter (= 1.9.0)
    - FormatterKit/OrdinalNumberFormatter (= 1.9.0)
    - FormatterKit/Resources (= 1.9.0)
    - FormatterKit/TimeIntervalFormatter (= 1.9.0)
    - FormatterKit/UnitOfInformationFormatter (= 1.9.0)
    - FormatterKit/URLRequestFormatter (= 1.9.0)
  - FormatterKit/AddressFormatter (1.9.0):
    - FormatterKit/Resources
  - FormatterKit/ArrayFormatter (1.9.0):
    - FormatterKit/Resources
  - FormatterKit/ColorFormatter (1.9.0):
    - FormatterKit/Resources
  - FormatterKit/LocationFormatter (1.9.0):
    - FormatterKit/Resources
  - FormatterKit/NameFormatter (1.9.0):
    - FormatterKit/Resources
  - FormatterKit/OrdinalNumberFormatter (1.9.0):
    - FormatterKit/Resources
  - FormatterKit/Resources (1.9.0)
  - FormatterKit/TimeIntervalFormatter (1.9.0):
    - FormatterKit/Resources
  - FormatterKit/UnitOfInformationFormatter (1.9.0):
    - FormatterKit/Resources
  - FormatterKit/URLRequestFormatter (1.9.0):
    - FormatterKit/Resources
  - ImageRow (4.0.0):
    - Eureka (~> 5.0)
  - Localize (2.3.0)
  - MBProgressHUD (1.1.0)
  - ReachabilitySwift (4.3.1)
  - SDCAlertView (10.0)
  - TLPhotoPicker (2.0.7)
  - TUSafariActivity (1.0.4)
  - UIImage-Resize (1.0.1)
  - UIImageViewAlignedSwift (0.7.0)
  - YapDatabase (4.0):
    - YapDatabase/Standard (= 4.0)
  - YapDatabase/Standard (4.0):
    - YapDatabase/Standard/Core (= 4.0)
    - YapDatabase/Standard/Extensions (= 4.0)
  - YapDatabase/Standard-ObjC/Core (4.0)
  - YapDatabase/Standard-ObjC/Extensions/ActionManager (4.0):
    - YapDatabase/Standard-ObjC/Core
    - YapDatabase/Standard-ObjC/Extensions/AutoView
  - YapDatabase/Standard-ObjC/Extensions/AutoView (4.0):
    - YapDatabase/Standard-ObjC/Core
    - YapDatabase/Standard-ObjC/Extensions/View
  - YapDatabase/Standard-ObjC/Extensions/CloudCore (4.0):
    - YapDatabase/Standard-ObjC/Core
  - YapDatabase/Standard-ObjC/Extensions/CloudKit (4.0):
    - YapDatabase/Standard-ObjC/Core
  - YapDatabase/Standard-ObjC/Extensions/CrossProcessNotification (4.0):
    - YapDatabase/Standard-ObjC/Core
  - YapDatabase/Standard-ObjC/Extensions/FilteredView (4.0):
    - YapDatabase/Standard-ObjC/Core
    - YapDatabase/Standard-ObjC/Extensions/View
  - YapDatabase/Standard-ObjC/Extensions/FullTextSearch (4.0):
    - YapDatabase/Standard-ObjC/Core
  - YapDatabase/Standard-ObjC/Extensions/Hooks (4.0):
    - YapDatabase/Standard-ObjC/Core
  - YapDatabase/Standard-ObjC/Extensions/ManualView (4.0):
    - YapDatabase/Standard-ObjC/Core
    - YapDatabase/Standard-ObjC/Extensions/View
  - YapDatabase/Standard-ObjC/Extensions/Relationships (4.0):
    - YapDatabase/Standard-ObjC/Core
  - YapDatabase/Standard-ObjC/Extensions/RTreeIndex (4.0):
    - YapDatabase/Standard-ObjC/Core
  - YapDatabase/Standard-ObjC/Extensions/SearchResultsView (4.0):
    - YapDatabase/Standard-ObjC/Core
    - YapDatabase/Standard-ObjC/Extensions/AutoView
    - YapDatabase/Standard-ObjC/Extensions/FullTextSearch
  - YapDatabase/Standard-ObjC/Extensions/SecondaryIndex (4.0):
    - YapDatabase/Standard-ObjC/Core
  - YapDatabase/Standard-ObjC/Extensions/View (4.0):
    - YapDatabase/Standard-ObjC/Core
  - YapDatabase/Standard/Core (4.0):
    - YapDatabase/Standard-ObjC/Core
  - YapDatabase/Standard/Extensions (4.0):
    - YapDatabase/Standard/Core
    - YapDatabase/Standard/Extensions/ActionManager (= 4.0)
    - YapDatabase/Standard/Extensions/AutoView (= 4.0)
    - YapDatabase/Standard/Extensions/CloudCore (= 4.0)
    - YapDatabase/Standard/Extensions/CloudKit (= 4.0)
    - YapDatabase/Standard/Extensions/CrossProcessNotification (= 4.0)
    - YapDatabase/Standard/Extensions/FilteredView (= 4.0)
    - YapDatabase/Standard/Extensions/FullTextSearch (= 4.0)
    - YapDatabase/Standard/Extensions/Hooks (= 4.0)
    - YapDatabase/Standard/Extensions/ManualView (= 4.0)
    - YapDatabase/Standard/Extensions/Relationships (= 4.0)
    - YapDatabase/Standard/Extensions/RTreeIndex (= 4.0)
    - YapDatabase/Standard/Extensions/SearchResultsView (= 4.0)
    - YapDatabase/Standard/Extensions/SecondaryIndex (= 4.0)
    - YapDatabase/Standard/Extensions/View (= 4.0)
  - YapDatabase/Standard/Extensions/ActionManager (4.0):
    - YapDatabase/Standard-ObjC/Extensions/ActionManager
    - YapDatabase/Standard/Core
    - YapDatabase/Standard/Extensions/AutoView
  - YapDatabase/Standard/Extensions/AutoView (4.0):
    - YapDatabase/Standard-ObjC/Extensions/AutoView
    - YapDatabase/Standard/Core
    - YapDatabase/Standard/Extensions/View
  - YapDatabase/Standard/Extensions/CloudCore (4.0):
    - YapDatabase/Standard-ObjC/Extensions/CloudCore
    - YapDatabase/Standard/Core
  - YapDatabase/Standard/Extensions/CloudKit (4.0):
    - YapDatabase/Standard-ObjC/Extensions/CloudKit
    - YapDatabase/Standard/Core
  - YapDatabase/Standard/Extensions/CrossProcessNotification (4.0):
    - YapDatabase/Standard-ObjC/Extensions/CrossProcessNotification
    - YapDatabase/Standard/Core
  - YapDatabase/Standard/Extensions/FilteredView (4.0):
    - YapDatabase/Standard-ObjC/Extensions/FilteredView
    - YapDatabase/Standard/Core
    - YapDatabase/Standard/Extensions/View
  - YapDatabase/Standard/Extensions/FullTextSearch (4.0):
    - YapDatabase/Standard-ObjC/Extensions/FullTextSearch
    - YapDatabase/Standard/Core
  - YapDatabase/Standard/Extensions/Hooks (4.0):
    - YapDatabase/Standard-ObjC/Extensions/Hooks
    - YapDatabase/Standard/Core
  - YapDatabase/Standard/Extensions/ManualView (4.0):
    - YapDatabase/Standard-ObjC/Extensions/ManualView
    - YapDatabase/Standard/Core
    - YapDatabase/Standard/Extensions/View
  - YapDatabase/Standard/Extensions/Relationships (4.0):
    - YapDatabase/Standard-ObjC/Extensions/Relationships
    - YapDatabase/Standard/Core
  - YapDatabase/Standard/Extensions/RTreeIndex (4.0):
    - YapDatabase/Standard-ObjC/Extensions/RTreeIndex
    - YapDatabase/Standard/Core
  - YapDatabase/Standard/Extensions/SearchResultsView (4.0):
    - YapDatabase/Standard-ObjC/Extensions/SearchResultsView
    - YapDatabase/Standard/Core
    - YapDatabase/Standard/Extensions/AutoView
    - YapDatabase/Standard/Extensions/FullTextSearch
  - YapDatabase/Standard/Extensions/SecondaryIndex (4.0):
    - YapDatabase/Standard-ObjC/Extensions/SecondaryIndex
    - YapDatabase/Standard/Core
  - YapDatabase/Standard/Extensions/View (4.0):
    - YapDatabase/Standard-ObjC/Extensions/View
    - YapDatabase/Standard/Core

DEPENDENCIES:
  - Alamofire (~> 4.9)
  - AlignedCollectionViewFlowLayout (~> 1.1)
  - ARChromeActivity (~> 1.0)
  - CrossroadRegex (from `https://github.com/crossroadlabs/Regex.git`, tag `1.2.0`)
  - DownloadButton (~> 0.1)
  - Eureka (~> 5.1)
  - FavIcon (~> 3.0)
  - FilesProvider (~> 0.26)
  - FontBlaster (~> 4.1)
  - FormatterKit (~> 1.8)
  - ImageRow (~> 4.0)
  - Localize (~> 2.2)
  - MBProgressHUD (~> 1.1)
  - ReachabilitySwift (~> 4.3)
  - SDCAlertView (~> 10.0)
  - TLPhotoPicker (~> 2.0)
  - TUSafariActivity (~> 1.0)
  - UIImage-Resize (~> 1.0)
  - UIImageViewAlignedSwift (from `https://github.com/mirego/UIImageViewAlignedSwift.git`)
  - YapDatabase (~> 4.0)

SPEC REPOS:
  trunk:
    - Alamofire
    - AlignedCollectionViewFlowLayout
    - ARChromeActivity
    - DownloadButton
    - Eureka
    - FavIcon
    - FilesProvider
    - FontBlaster
    - FormatterKit
    - ImageRow
    - Localize
    - MBProgressHUD
    - ReachabilitySwift
    - SDCAlertView
    - TLPhotoPicker
    - TUSafariActivity
    - UIImage-Resize
    - YapDatabase

EXTERNAL SOURCES:
  CrossroadRegex:
    :git: https://github.com/crossroadlabs/Regex.git
    :tag: 1.2.0
  UIImageViewAlignedSwift:
    :git: https://github.com/mirego/UIImageViewAlignedSwift.git

CHECKOUT OPTIONS:
  CrossroadRegex:
    :git: https://github.com/crossroadlabs/Regex.git
    :tag: 1.2.0
  UIImageViewAlignedSwift:
    :commit: b48ff9fd27e6cb202caa64e4f573582d1e2b4c82
    :git: https://github.com/mirego/UIImageViewAlignedSwift.git

SPEC CHECKSUMS:
  Alamofire: 85e8a02c69d6020a0d734f6054870d7ecb75cf18
  AlignedCollectionViewFlowLayout: ee2ef451e741ec08f8e0967d828001e2f051c20a
  ARChromeActivity: 5dcf9b9f09323761f992aff3525cdd777f83609d
  CrossroadRegex: 9af32b4b4dc6ff404c87647ef1bc68ea711cc570
  DownloadButton: 49a21a89e0d7d1b42d9134f79aaa40e727cd57c3
  Eureka: 18a5076dcf0c41f9cd9748aa1c42f4d11434bdae
  FavIcon: e07ba9dd3cac1f76b81ccaa08fc2b41baa000b07
  FilesProvider: 2a8ae17d8b9c23a6feadb1308ee638fa31d21065
  FontBlaster: 127aa66419478d1c62926c7fdb39841633344a45
  FormatterKit: 184db51bf120b633693a73624a4cede89ec51a41
  ImageRow: e65b2e1a33f89062bf2a553a2aad61d975eb7428
  Localize: cb1ae53ed73decaad0dce217806ed983091913f5
  MBProgressHUD: e7baa36a220447d8aeb12769bf0585582f3866d9
  ReachabilitySwift: 4032e2f59586e11e3b0ebe15b167abdd587a388b
  SDCAlertView: 5fbc48cae6d7bf9781097e3f27883924ef3b922c
  TLPhotoPicker: 04e4ef38b31ee51388058c3e1e7bbdbd79614cef
  TUSafariActivity: afc55a00965377939107ce4fdc7f951f62454546
  UIImage-Resize: fa776860f10e6900bbaf53a73e494bdceaaccc77
  UIImageViewAlignedSwift: 2d082e1623c5121dec11b298d9066ae4ce704a58
  YapDatabase: 260b1b0b3e6ae6775383edc923e19813586615eb

PODFILE CHECKSUM: 03b3b9b100276e176ecdb3adfae4ef30761c45f7

COCOAPODS: 1.8.4
