// !$*UTF8*$!
{
	archiveVersion = 1;
	classes = {
	};
	objectVersion = 50;
	objects = {

/* Begin PBXBuildFile section */
		33E6B43CCAFD4EBCA6FAA8C7 /* Pods_OpenArchive.framework in Frameworks */ = {isa = PBXBuildFile; fileRef = 43B70E96222AA75803A61BDC /* Pods_OpenArchive.framework */; };
		A004E24820EBC8B000A1D5F5 /* AlertUtils.swift in Sources */ = {isa = PBXBuildFile; fileRef = A004E24720EBC8B000A1D5F5 /* AlertUtils.swift */; };
		A004E24A20EBCEA000A1D5F5 /* DetailsViewController.swift in Sources */ = {isa = PBXBuildFile; fileRef = A004E24920EBCEA000A1D5F5 /* DetailsViewController.swift */; };
		A004E24C20EBCF1700A1D5F5 /* Formatters.swift in Sources */ = {isa = PBXBuildFile; fileRef = A004E24B20EBCF1700A1D5F5 /* Formatters.swift */; };
		A058628120E4EC3900EE2F14 /* ImageCell.swift in Sources */ = {isa = PBXBuildFile; fileRef = A058628020E4EC3900EE2F14 /* ImageCell.swift */; };
		A0C14B8520ECDFC6006C7A59 /* RegexUtils.swift in Sources */ = {isa = PBXBuildFile; fileRef = A0C14B8420ECDFC6006C7A59 /* RegexUtils.swift */; };
		A0D58DCE20E51517005A2F34 /* Asset.swift in Sources */ = {isa = PBXBuildFile; fileRef = A0D58DCD20E51517005A2F34 /* Asset.swift */; };
		A0D58DD020E5160A005A2F34 /* Image.swift in Sources */ = {isa = PBXBuildFile; fileRef = A0D58DCF20E5160A005A2F34 /* Image.swift */; };
		A0E739D820E4C85D00DB31E1 /* AppDelegate.swift in Sources */ = {isa = PBXBuildFile; fileRef = A0E739D720E4C85D00DB31E1 /* AppDelegate.swift */; };
		A0E739DA20E4C85D00DB31E1 /* MainViewController.swift in Sources */ = {isa = PBXBuildFile; fileRef = A0E739D920E4C85D00DB31E1 /* MainViewController.swift */; };
		A0E739DD20E4C85D00DB31E1 /* Main.storyboard in Resources */ = {isa = PBXBuildFile; fileRef = A0E739DB20E4C85D00DB31E1 /* Main.storyboard */; };
		A0E739DF20E4C85E00DB31E1 /* Assets.xcassets in Resources */ = {isa = PBXBuildFile; fileRef = A0E739DE20E4C85E00DB31E1 /* Assets.xcassets */; };
		A0E739E220E4C85E00DB31E1 /* LaunchScreen.storyboard in Resources */ = {isa = PBXBuildFile; fileRef = A0E739E020E4C85E00DB31E1 /* LaunchScreen.storyboard */; };
/* End PBXBuildFile section */

/* Begin PBXFileReference section */
		43B70E96222AA75803A61BDC /* Pods_OpenArchive.framework */ = {isa = PBXFileReference; explicitFileType = wrapper.framework; includeInIndex = 0; path = Pods_OpenArchive.framework; sourceTree = BUILT_PRODUCTS_DIR; };
		A004E24720EBC8B000A1D5F5 /* AlertUtils.swift */ = {isa = PBXFileReference; lastKnownFileType = sourcecode.swift; path = AlertUtils.swift; sourceTree = "<group>"; };
		A004E24920EBCEA000A1D5F5 /* DetailsViewController.swift */ = {isa = PBXFileReference; lastKnownFileType = sourcecode.swift; path = DetailsViewController.swift; sourceTree = "<group>"; };
		A004E24B20EBCF1700A1D5F5 /* Formatters.swift */ = {isa = PBXFileReference; lastKnownFileType = sourcecode.swift; path = Formatters.swift; sourceTree = "<group>"; };
		A058628020E4EC3900EE2F14 /* ImageCell.swift */ = {isa = PBXFileReference; lastKnownFileType = sourcecode.swift; path = ImageCell.swift; sourceTree = "<group>"; };
		A058628320E4FC5A00EE2F14 /* Podfile */ = {isa = PBXFileReference; fileEncoding = 4; lastKnownFileType = text; path = Podfile; sourceTree = "<group>"; xcLanguageSpecificationIdentifier = xcode.lang.ruby; };
		A058628520E4FDBF00EE2F14 /* Podfile.lock */ = {isa = PBXFileReference; fileEncoding = 4; lastKnownFileType = text; path = Podfile.lock; sourceTree = "<group>"; };
		A0C14B8420ECDFC6006C7A59 /* RegexUtils.swift */ = {isa = PBXFileReference; lastKnownFileType = sourcecode.swift; path = RegexUtils.swift; sourceTree = "<group>"; };
		A0D58DCD20E51517005A2F34 /* Asset.swift */ = {isa = PBXFileReference; lastKnownFileType = sourcecode.swift; path = Asset.swift; sourceTree = "<group>"; };
		A0D58DCF20E5160A005A2F34 /* Image.swift */ = {isa = PBXFileReference; lastKnownFileType = sourcecode.swift; path = Image.swift; sourceTree = "<group>"; };
		A0E739D420E4C85D00DB31E1 /* OpenArchive.app */ = {isa = PBXFileReference; explicitFileType = wrapper.application; includeInIndex = 0; path = OpenArchive.app; sourceTree = BUILT_PRODUCTS_DIR; };
		A0E739D720E4C85D00DB31E1 /* AppDelegate.swift */ = {isa = PBXFileReference; lastKnownFileType = sourcecode.swift; path = AppDelegate.swift; sourceTree = "<group>"; };
		A0E739D920E4C85D00DB31E1 /* MainViewController.swift */ = {isa = PBXFileReference; lastKnownFileType = sourcecode.swift; path = MainViewController.swift; sourceTree = "<group>"; };
		A0E739DC20E4C85D00DB31E1 /* Base */ = {isa = PBXFileReference; lastKnownFileType = file.storyboard; name = Base; path = Base.lproj/Main.storyboard; sourceTree = "<group>"; };
		A0E739DE20E4C85E00DB31E1 /* Assets.xcassets */ = {isa = PBXFileReference; lastKnownFileType = folder.assetcatalog; path = Assets.xcassets; sourceTree = "<group>"; };
		A0E739E120E4C85E00DB31E1 /* Base */ = {isa = PBXFileReference; lastKnownFileType = file.storyboard; name = Base; path = Base.lproj/LaunchScreen.storyboard; sourceTree = "<group>"; };
		A0E739E320E4C85E00DB31E1 /* Info.plist */ = {isa = PBXFileReference; lastKnownFileType = text.plist.xml; path = Info.plist; sourceTree = "<group>"; };
		CC67BE20A50BF4C22AE484F1 /* Pods-OpenArchive.release.xcconfig */ = {isa = PBXFileReference; includeInIndex = 1; lastKnownFileType = text.xcconfig; name = "Pods-OpenArchive.release.xcconfig"; path = "Pods/Target Support Files/Pods-OpenArchive/Pods-OpenArchive.release.xcconfig"; sourceTree = "<group>"; };
		F9D40196C7AFBE8474EA6241 /* Pods-OpenArchive.debug.xcconfig */ = {isa = PBXFileReference; includeInIndex = 1; lastKnownFileType = text.xcconfig; name = "Pods-OpenArchive.debug.xcconfig"; path = "Pods/Target Support Files/Pods-OpenArchive/Pods-OpenArchive.debug.xcconfig"; sourceTree = "<group>"; };
/* End PBXFileReference section */

/* Begin PBXFrameworksBuildPhase section */
		A0E739D120E4C85D00DB31E1 /* Frameworks */ = {
			isa = PBXFrameworksBuildPhase;
			buildActionMask = 2147483647;
			files = (
				33E6B43CCAFD4EBCA6FAA8C7 /* Pods_OpenArchive.framework in Frameworks */,
			);
			runOnlyForDeploymentPostprocessing = 0;
		};
/* End PBXFrameworksBuildPhase section */

/* Begin PBXGroup section */
		47E32D1C59FF6EA304E114E2 /* Frameworks */ = {
			isa = PBXGroup;
			children = (
				43B70E96222AA75803A61BDC /* Pods_OpenArchive.framework */,
			);
			name = Frameworks;
			sourceTree = "<group>";
		};
		A004E24620EBC89200A1D5F5 /* Utils */ = {
			isa = PBXGroup;
			children = (
				A004E24720EBC8B000A1D5F5 /* AlertUtils.swift */,
				A004E24B20EBCF1700A1D5F5 /* Formatters.swift */,
				A0C14B8420ECDFC6006C7A59 /* RegexUtils.swift */,
			);
			path = Utils;
			sourceTree = "<group>";
		};
		A058628220E4FC4700EE2F14 /* Build */ = {
			isa = PBXGroup;
			children = (
				A058628320E4FC5A00EE2F14 /* Podfile */,
				A058628520E4FDBF00EE2F14 /* Podfile.lock */,
			);
			name = Build;
			sourceTree = "<group>";
		};
		A0D58DCC20E514F8005A2F34 /* Models */ = {
			isa = PBXGroup;
			children = (
				A0D58DCD20E51517005A2F34 /* Asset.swift */,
				A0D58DCF20E5160A005A2F34 /* Image.swift */,
			);
			path = Models;
			sourceTree = "<group>";
		};
		A0E739CB20E4C85D00DB31E1 = {
			isa = PBXGroup;
			children = (
				A058628220E4FC4700EE2F14 /* Build */,
				A0E739D620E4C85D00DB31E1 /* OpenArchive */,
				A0E739D520E4C85D00DB31E1 /* Products */,
				C1EED73E4FA2E0C967B7B68F /* Pods */,
				47E32D1C59FF6EA304E114E2 /* Frameworks */,
			);
			sourceTree = "<group>";
		};
		A0E739D520E4C85D00DB31E1 /* Products */ = {
			isa = PBXGroup;
			children = (
				A0E739D420E4C85D00DB31E1 /* OpenArchive.app */,
			);
			name = Products;
			sourceTree = "<group>";
		};
		A0E739D620E4C85D00DB31E1 /* OpenArchive */ = {
			isa = PBXGroup;
			children = (
				A004E24620EBC89200A1D5F5 /* Utils */,
				A0D58DCC20E514F8005A2F34 /* Models */,
				A0E739D720E4C85D00DB31E1 /* AppDelegate.swift */,
				A0E739D920E4C85D00DB31E1 /* MainViewController.swift */,
				A058628020E4EC3900EE2F14 /* ImageCell.swift */,
				A004E24920EBCEA000A1D5F5 /* DetailsViewController.swift */,
				A0E739DB20E4C85D00DB31E1 /* Main.storyboard */,
				A0E739DE20E4C85E00DB31E1 /* Assets.xcassets */,
				A0E739E020E4C85E00DB31E1 /* LaunchScreen.storyboard */,
				A0E739E320E4C85E00DB31E1 /* Info.plist */,
			);
			path = OpenArchive;
			sourceTree = "<group>";
		};
		C1EED73E4FA2E0C967B7B68F /* Pods */ = {
			isa = PBXGroup;
			children = (
				F9D40196C7AFBE8474EA6241 /* Pods-OpenArchive.debug.xcconfig */,
				CC67BE20A50BF4C22AE484F1 /* Pods-OpenArchive.release.xcconfig */,
			);
			name = Pods;
			sourceTree = "<group>";
		};
/* End PBXGroup section */

/* Begin PBXNativeTarget section */
		A0E739D320E4C85D00DB31E1 /* OpenArchive */ = {
			isa = PBXNativeTarget;
			buildConfigurationList = A0E739E620E4C85E00DB31E1 /* Build configuration list for PBXNativeTarget "OpenArchive" */;
			buildPhases = (
				35CC5BD4779C5592CB8BF2C6 /* [CP] Check Pods Manifest.lock */,
				A0E739D020E4C85D00DB31E1 /* Sources */,
				A0E739D120E4C85D00DB31E1 /* Frameworks */,
				A0E739D220E4C85D00DB31E1 /* Resources */,
				6BCC37D718DDB7E1EEBC22C9 /* [CP] Embed Pods Frameworks */,
			);
			buildRules = (
			);
			dependencies = (
			);
			name = OpenArchive;
			productName = OpenArchive;
			productReference = A0E739D420E4C85D00DB31E1 /* OpenArchive.app */;
			productType = "com.apple.product-type.application";
		};
/* End PBXNativeTarget section */

/* Begin PBXProject section */
		A0E739CC20E4C85D00DB31E1 /* Project object */ = {
			isa = PBXProject;
			attributes = {
				LastSwiftUpdateCheck = 0940;
				LastUpgradeCheck = 0940;
				ORGANIZATIONNAME = "Open Archive";
				TargetAttributes = {
					A0E739D320E4C85D00DB31E1 = {
						CreatedOnToolsVersion = 9.4.1;
					};
				};
			};
			buildConfigurationList = A0E739CF20E4C85D00DB31E1 /* Build configuration list for PBXProject "OpenArchive" */;
			compatibilityVersion = "Xcode 9.3";
			developmentRegion = en;
			hasScannedForEncodings = 0;
			knownRegions = (
				en,
				Base,
			);
			mainGroup = A0E739CB20E4C85D00DB31E1;
			productRefGroup = A0E739D520E4C85D00DB31E1 /* Products */;
			projectDirPath = "";
			projectRoot = "";
			targets = (
				A0E739D320E4C85D00DB31E1 /* OpenArchive */,
			);
		};
/* End PBXProject section */

/* Begin PBXResourcesBuildPhase section */
		A0E739D220E4C85D00DB31E1 /* Resources */ = {
			isa = PBXResourcesBuildPhase;
			buildActionMask = 2147483647;
			files = (
				A0E739E220E4C85E00DB31E1 /* LaunchScreen.storyboard in Resources */,
				A0E739DF20E4C85E00DB31E1 /* Assets.xcassets in Resources */,
				A0E739DD20E4C85D00DB31E1 /* Main.storyboard in Resources */,
			);
			runOnlyForDeploymentPostprocessing = 0;
		};
/* End PBXResourcesBuildPhase section */

/* Begin PBXShellScriptBuildPhase section */
		35CC5BD4779C5592CB8BF2C6 /* [CP] Check Pods Manifest.lock */ = {
			isa = PBXShellScriptBuildPhase;
			buildActionMask = 2147483647;
			files = (
			);
			inputPaths = (
				"${PODS_PODFILE_DIR_PATH}/Podfile.lock",
				"${PODS_ROOT}/Manifest.lock",
			);
			name = "[CP] Check Pods Manifest.lock";
			outputPaths = (
				"$(DERIVED_FILE_DIR)/Pods-OpenArchive-checkManifestLockResult.txt",
			);
			runOnlyForDeploymentPostprocessing = 0;
			shellPath = /bin/sh;
			shellScript = "diff \"${PODS_PODFILE_DIR_PATH}/Podfile.lock\" \"${PODS_ROOT}/Manifest.lock\" > /dev/null\nif [ $? != 0 ] ; then\n    # print error to STDERR\n    echo \"error: The sandbox is not in sync with the Podfile.lock. Run 'pod install' or update your CocoaPods installation.\" >&2\n    exit 1\nfi\n# This output is used by Xcode 'outputs' to avoid re-running this script phase.\necho \"SUCCESS\" > \"${SCRIPT_OUTPUT_FILE_0}\"\n";
			showEnvVarsInLog = 0;
		};
		6BCC37D718DDB7E1EEBC22C9 /* [CP] Embed Pods Frameworks */ = {
			isa = PBXShellScriptBuildPhase;
			buildActionMask = 2147483647;
			files = (
			);
			inputPaths = (
				"${SRCROOT}/Pods/Target Support Files/Pods-OpenArchive/Pods-OpenArchive-frameworks.sh",
				"${BUILT_PRODUCTS_DIR}/CocoaLumberjack/CocoaLumberjack.framework",
				"${BUILT_PRODUCTS_DIR}/YapDatabase/YapDatabase.framework",
			);
			name = "[CP] Embed Pods Frameworks";
			outputPaths = (
				"${TARGET_BUILD_DIR}/${FRAMEWORKS_FOLDER_PATH}/CocoaLumberjack.framework",
				"${TARGET_BUILD_DIR}/${FRAMEWORKS_FOLDER_PATH}/YapDatabase.framework",
			);
			runOnlyForDeploymentPostprocessing = 0;
			shellPath = /bin/sh;
			shellScript = "\"${SRCROOT}/Pods/Target Support Files/Pods-OpenArchive/Pods-OpenArchive-frameworks.sh\"\n";
			showEnvVarsInLog = 0;
		};
/* End PBXShellScriptBuildPhase section */

/* Begin PBXSourcesBuildPhase section */
		A0E739D020E4C85D00DB31E1 /* Sources */ = {
			isa = PBXSourcesBuildPhase;
			buildActionMask = 2147483647;
			files = (
				A0E739DA20E4C85D00DB31E1 /* MainViewController.swift in Sources */,
				A0E739D820E4C85D00DB31E1 /* AppDelegate.swift in Sources */,
				A004E24C20EBCF1700A1D5F5 /* Formatters.swift in Sources */,
				A004E24820EBC8B000A1D5F5 /* AlertUtils.swift in Sources */,
				A0D58DCE20E51517005A2F34 /* Asset.swift in Sources */,
				A058628120E4EC3900EE2F14 /* ImageCell.swift in Sources */,
				A0D58DD020E5160A005A2F34 /* Image.swift in Sources */,
				A004E24A20EBCEA000A1D5F5 /* DetailsViewController.swift in Sources */,
				A0C14B8520ECDFC6006C7A59 /* RegexUtils.swift in Sources */,
			);
			runOnlyForDeploymentPostprocessing = 0;
		};
/* End PBXSourcesBuildPhase section */

/* Begin PBXVariantGroup section */
		A0E739DB20E4C85D00DB31E1 /* Main.storyboard */ = {
			isa = PBXVariantGroup;
			children = (
				A0E739DC20E4C85D00DB31E1 /* Base */,
			);
			name = Main.storyboard;
			sourceTree = "<group>";
		};
		A0E739E020E4C85E00DB31E1 /* LaunchScreen.storyboard */ = {
			isa = PBXVariantGroup;
			children = (
				A0E739E120E4C85E00DB31E1 /* Base */,
			);
			name = LaunchScreen.storyboard;
			sourceTree = "<group>";
		};
/* End PBXVariantGroup section */

/* Begin XCBuildConfiguration section */
		A0E739E420E4C85E00DB31E1 /* Debug */ = {
			isa = XCBuildConfiguration;
			buildSettings = {
				ALWAYS_SEARCH_USER_PATHS = NO;
				CLANG_ANALYZER_NONNULL = YES;
				CLANG_ANALYZER_NUMBER_OBJECT_CONVERSION = YES_AGGRESSIVE;
				CLANG_CXX_LANGUAGE_STANDARD = "gnu++14";
				CLANG_CXX_LIBRARY = "libc++";
				CLANG_ENABLE_MODULES = YES;
				CLANG_ENABLE_OBJC_ARC = YES;
				CLANG_ENABLE_OBJC_WEAK = YES;
				CLANG_WARN_BLOCK_CAPTURE_AUTORELEASING = YES;
				CLANG_WARN_BOOL_CONVERSION = YES;
				CLANG_WARN_COMMA = YES;
				CLANG_WARN_CONSTANT_CONVERSION = YES;
				CLANG_WARN_DEPRECATED_OBJC_IMPLEMENTATIONS = YES;
				CLANG_WARN_DIRECT_OBJC_ISA_USAGE = YES_ERROR;
				CLANG_WARN_DOCUMENTATION_COMMENTS = YES;
				CLANG_WARN_EMPTY_BODY = YES;
				CLANG_WARN_ENUM_CONVERSION = YES;
				CLANG_WARN_INFINITE_RECURSION = YES;
				CLANG_WARN_INT_CONVERSION = YES;
				CLANG_WARN_NON_LITERAL_NULL_CONVERSION = YES;
				CLANG_WARN_OBJC_IMPLICIT_RETAIN_SELF = YES;
				CLANG_WARN_OBJC_LITERAL_CONVERSION = YES;
				CLANG_WARN_OBJC_ROOT_CLASS = YES_ERROR;
				CLANG_WARN_RANGE_LOOP_ANALYSIS = YES;
				CLANG_WARN_STRICT_PROTOTYPES = YES;
				CLANG_WARN_SUSPICIOUS_MOVE = YES;
				CLANG_WARN_UNGUARDED_AVAILABILITY = YES_AGGRESSIVE;
				CLANG_WARN_UNREACHABLE_CODE = YES;
				CLANG_WARN__DUPLICATE_METHOD_MATCH = YES;
				CODE_SIGN_IDENTITY = "iPhone Developer";
				COPY_PHASE_STRIP = NO;
				DEBUG_INFORMATION_FORMAT = dwarf;
				ENABLE_STRICT_OBJC_MSGSEND = YES;
				ENABLE_TESTABILITY = YES;
				GCC_C_LANGUAGE_STANDARD = gnu11;
				GCC_DYNAMIC_NO_PIC = NO;
				GCC_NO_COMMON_BLOCKS = YES;
				GCC_OPTIMIZATION_LEVEL = 0;
				GCC_PREPROCESSOR_DEFINITIONS = (
					"DEBUG=1",
					"$(inherited)",
				);
				GCC_WARN_64_TO_32_BIT_CONVERSION = YES;
				GCC_WARN_ABOUT_RETURN_TYPE = YES_ERROR;
				GCC_WARN_UNDECLARED_SELECTOR = YES;
				GCC_WARN_UNINITIALIZED_AUTOS = YES_AGGRESSIVE;
				GCC_WARN_UNUSED_FUNCTION = YES;
				GCC_WARN_UNUSED_VARIABLE = YES;
				IPHONEOS_DEPLOYMENT_TARGET = 9.0;
				MTL_ENABLE_DEBUG_INFO = YES;
				ONLY_ACTIVE_ARCH = YES;
				SDKROOT = iphoneos;
				SWIFT_ACTIVE_COMPILATION_CONDITIONS = DEBUG;
				SWIFT_OPTIMIZATION_LEVEL = "-Onone";
			};
			name = Debug;
		};
		A0E739E520E4C85E00DB31E1 /* Release */ = {
			isa = XCBuildConfiguration;
			buildSettings = {
				ALWAYS_SEARCH_USER_PATHS = NO;
				CLANG_ANALYZER_NONNULL = YES;
				CLANG_ANALYZER_NUMBER_OBJECT_CONVERSION = YES_AGGRESSIVE;
				CLANG_CXX_LANGUAGE_STANDARD = "gnu++14";
				CLANG_CXX_LIBRARY = "libc++";
				CLANG_ENABLE_MODULES = YES;
				CLANG_ENABLE_OBJC_ARC = YES;
				CLANG_ENABLE_OBJC_WEAK = YES;
				CLANG_WARN_BLOCK_CAPTURE_AUTORELEASING = YES;
				CLANG_WARN_BOOL_CONVERSION = YES;
				CLANG_WARN_COMMA = YES;
				CLANG_WARN_CONSTANT_CONVERSION = YES;
				CLANG_WARN_DEPRECATED_OBJC_IMPLEMENTATIONS = YES;
				CLANG_WARN_DIRECT_OBJC_ISA_USAGE = YES_ERROR;
				CLANG_WARN_DOCUMENTATION_COMMENTS = YES;
				CLANG_WARN_EMPTY_BODY = YES;
				CLANG_WARN_ENUM_CONVERSION = YES;
				CLANG_WARN_INFINITE_RECURSION = YES;
				CLANG_WARN_INT_CONVERSION = YES;
				CLANG_WARN_NON_LITERAL_NULL_CONVERSION = YES;
				CLANG_WARN_OBJC_IMPLICIT_RETAIN_SELF = YES;
				CLANG_WARN_OBJC_LITERAL_CONVERSION = YES;
				CLANG_WARN_OBJC_ROOT_CLASS = YES_ERROR;
				CLANG_WARN_RANGE_LOOP_ANALYSIS = YES;
				CLANG_WARN_STRICT_PROTOTYPES = YES;
				CLANG_WARN_SUSPICIOUS_MOVE = YES;
				CLANG_WARN_UNGUARDED_AVAILABILITY = YES_AGGRESSIVE;
				CLANG_WARN_UNREACHABLE_CODE = YES;
				CLANG_WARN__DUPLICATE_METHOD_MATCH = YES;
				CODE_SIGN_IDENTITY = "iPhone Developer";
				COPY_PHASE_STRIP = NO;
				DEBUG_INFORMATION_FORMAT = "dwarf-with-dsym";
				ENABLE_NS_ASSERTIONS = NO;
				ENABLE_STRICT_OBJC_MSGSEND = YES;
				GCC_C_LANGUAGE_STANDARD = gnu11;
				GCC_NO_COMMON_BLOCKS = YES;
				GCC_WARN_64_TO_32_BIT_CONVERSION = YES;
				GCC_WARN_ABOUT_RETURN_TYPE = YES_ERROR;
				GCC_WARN_UNDECLARED_SELECTOR = YES;
				GCC_WARN_UNINITIALIZED_AUTOS = YES_AGGRESSIVE;
				GCC_WARN_UNUSED_FUNCTION = YES;
				GCC_WARN_UNUSED_VARIABLE = YES;
				IPHONEOS_DEPLOYMENT_TARGET = 9.0;
				MTL_ENABLE_DEBUG_INFO = NO;
				SDKROOT = iphoneos;
				SWIFT_COMPILATION_MODE = wholemodule;
				SWIFT_OPTIMIZATION_LEVEL = "-O";
				VALIDATE_PRODUCT = YES;
			};
			name = Release;
		};
		A0E739E720E4C85E00DB31E1 /* Debug */ = {
			isa = XCBuildConfiguration;
			baseConfigurationReference = F9D40196C7AFBE8474EA6241 /* Pods-OpenArchive.debug.xcconfig */;
			buildSettings = {
				ASSETCATALOG_COMPILER_APPICON_NAME = AppIcon;
				CODE_SIGN_STYLE = Automatic;
				DEVELOPMENT_TEAM = "";
				INFOPLIST_FILE = OpenArchive/Info.plist;
				LD_RUNPATH_SEARCH_PATHS = (
					"$(inherited)",
					"@executable_path/Frameworks",
				);
				PRODUCT_BUNDLE_IDENTIFIER = "org.open-archive.OpenArchive";
				PRODUCT_NAME = "$(TARGET_NAME)";
				SWIFT_VERSION = 4.0;
				TARGETED_DEVICE_FAMILY = "1,2";
			};
			name = Debug;
		};
		A0E739E820E4C85E00DB31E1 /* Release */ = {
			isa = XCBuildConfiguration;
			baseConfigurationReference = CC67BE20A50BF4C22AE484F1 /* Pods-OpenArchive.release.xcconfig */;
			buildSettings = {
				ASSETCATALOG_COMPILER_APPICON_NAME = AppIcon;
				CODE_SIGN_STYLE = Automatic;
				DEVELOPMENT_TEAM = "";
				INFOPLIST_FILE = OpenArchive/Info.plist;
				LD_RUNPATH_SEARCH_PATHS = (
					"$(inherited)",
					"@executable_path/Frameworks",
				);
				PRODUCT_BUNDLE_IDENTIFIER = "org.open-archive.OpenArchive";
				PRODUCT_NAME = "$(TARGET_NAME)";
				SWIFT_VERSION = 4.0;
				TARGETED_DEVICE_FAMILY = "1,2";
			};
			name = Release;
		};
/* End XCBuildConfiguration section */

/* Begin XCConfigurationList section */
		A0E739CF20E4C85D00DB31E1 /* Build configuration list for PBXProject "OpenArchive" */ = {
			isa = XCConfigurationList;
			buildConfigurations = (
				A0E739E420E4C85E00DB31E1 /* Debug */,
				A0E739E520E4C85E00DB31E1 /* Release */,
			);
			defaultConfigurationIsVisible = 0;
			defaultConfigurationName = Release;
		};
		A0E739E620E4C85E00DB31E1 /* Build configuration list for PBXNativeTarget "OpenArchive" */ = {
			isa = XCConfigurationList;
			buildConfigurations = (
				A0E739E720E4C85E00DB31E1 /* Debug */,
				A0E739E820E4C85E00DB31E1 /* Release */,
			);
			defaultConfigurationIsVisible = 0;
			defaultConfigurationName = Release;
		};
/* End XCConfigurationList section */
	};
	rootObject = A0E739CC20E4C85D00DB31E1 /* Project object */;
}
