// !$*UTF8*$!
{
	archiveVersion = 1;
	classes = {
	};
	objectVersion = 50;
	objects = {

/* Begin PBXBuildFile section */
		33E6B43CCAFD4EBCA6FAA8C7 /* Pods_OpenArchive.framework in Frameworks */ = {isa = PBXBuildFile; fileRef = 43B70E96222AA75803A61BDC /* Pods_OpenArchive.framework */; };
		A004E24A20EBCEA000A1D5F5 /* OldDetailsViewController.swift in Sources */ = {isa = PBXBuildFile; fileRef = A004E24920EBCEA000A1D5F5 /* OldDetailsViewController.swift */; };
		A004E24C20EBCF1700A1D5F5 /* Formatters.swift in Sources */ = {isa = PBXBuildFile; fileRef = A004E24B20EBCF1700A1D5F5 /* Formatters.swift */; };
		A00A8D44220C63B20083F0CB /* ProjectsView.swift in Sources */ = {isa = PBXBuildFile; fileRef = A00A8D43220C63B20083F0CB /* ProjectsView.swift */; };
		A00A8D45220C63B20083F0CB /* ProjectsView.swift in Sources */ = {isa = PBXBuildFile; fileRef = A00A8D43220C63B20083F0CB /* ProjectsView.swift */; };
		A00A8D47220C7EDD0083F0CB /* AssetsByCollectionFilteredView.swift in Sources */ = {isa = PBXBuildFile; fileRef = A00A8D46220C7EDD0083F0CB /* AssetsByCollectionFilteredView.swift */; };
		A00A8D48220C7EDD0083F0CB /* AssetsByCollectionFilteredView.swift in Sources */ = {isa = PBXBuildFile; fileRef = A00A8D46220C7EDD0083F0CB /* AssetsByCollectionFilteredView.swift */; };
		A00DC98A22315D4F004F07E0 /* ImageViewController.swift in Sources */ = {isa = PBXBuildFile; fileRef = A00DC98922315D4F004F07E0 /* ImageViewController.swift */; };
		A01A7B6F2200A05C00E18DE0 /* ProjectsTabBar.swift in Sources */ = {isa = PBXBuildFile; fileRef = A01A7B6E2200A05C00E18DE0 /* ProjectsTabBar.swift */; };
		A01A7B702200A05C00E18DE0 /* ProjectsTabBar.swift in Sources */ = {isa = PBXBuildFile; fileRef = A01A7B6E2200A05C00E18DE0 /* ProjectsTabBar.swift */; };
		A01A7B722200F2D700E18DE0 /* HeaderView.swift in Sources */ = {isa = PBXBuildFile; fileRef = A01A7B712200F2D700E18DE0 /* HeaderView.swift */; };
		A029F6832118715700C4EF6D /* AssetFactory.swift in Sources */ = {isa = PBXBuildFile; fileRef = A029F6822118715700C4EF6D /* AssetFactory.swift */; };
		A029F6842118715700C4EF6D /* AssetFactory.swift in Sources */ = {isa = PBXBuildFile; fileRef = A029F6822118715700C4EF6D /* AssetFactory.swift */; };
		A0362192220DA390003C21DC /* UIColor+accent.swift in Sources */ = {isa = PBXBuildFile; fileRef = A0362191220DA390003C21DC /* UIColor+accent.swift */; };
		A0362193220DA390003C21DC /* UIColor+accent.swift in Sources */ = {isa = PBXBuildFile; fileRef = A0362191220DA390003C21DC /* UIColor+accent.swift */; };
		A0362195220DB2CA003C21DC /* IaSpace.swift in Sources */ = {isa = PBXBuildFile; fileRef = A0362194220DB2CA003C21DC /* IaSpace.swift */; };
		A0362196220DB2CA003C21DC /* IaSpace.swift in Sources */ = {isa = PBXBuildFile; fileRef = A0362194220DB2CA003C21DC /* IaSpace.swift */; };
		A0362198220DB384003C21DC /* WebDavSpace.swift in Sources */ = {isa = PBXBuildFile; fileRef = A0362197220DB384003C21DC /* WebDavSpace.swift */; };
		A0362199220DB384003C21DC /* WebDavSpace.swift in Sources */ = {isa = PBXBuildFile; fileRef = A0362197220DB384003C21DC /* WebDavSpace.swift */; };
		A04526082231309D007A6F53 /* EditViewController.swift in Sources */ = {isa = PBXBuildFile; fileRef = A04526072231309D007A6F53 /* EditViewController.swift */; };
		A0457E6720EF96FB00B8FBCB /* StringUtils.swift in Sources */ = {isa = PBXBuildFile; fileRef = A0457E6620EF96FB00B8FBCB /* StringUtils.swift */; };
		A0457E6920EFB57C00B8FBCB /* RegexUtils.swift in Sources */ = {isa = PBXBuildFile; fileRef = A0457E6820EFB57C00B8FBCB /* RegexUtils.swift */; };
		A050147F2228209E0056ED95 /* BaseServerViewController.swift in Sources */ = {isa = PBXBuildFile; fileRef = A050147E2228209E0056ED95 /* BaseServerViewController.swift */; };
		A050AA492225DF4000AE5D15 /* SpacesListCell.swift in Sources */ = {isa = PBXBuildFile; fileRef = A050AA482225DF4000AE5D15 /* SpacesListCell.swift */; };
		A05275142211A91300BDB14B /* CollectionsView.swift in Sources */ = {isa = PBXBuildFile; fileRef = A05275132211A91300BDB14B /* CollectionsView.swift */; };
		A05275152211A91300BDB14B /* CollectionsView.swift in Sources */ = {isa = PBXBuildFile; fileRef = A05275132211A91300BDB14B /* CollectionsView.swift */; };
		A0552050222566CE00B9645F /* UIView+animateHideShow.swift in Sources */ = {isa = PBXBuildFile; fileRef = A055204F222566CE00B9645F /* UIView+animateHideShow.swift */; };
		A0552051222566CE00B9645F /* UIView+animateHideShow.swift in Sources */ = {isa = PBXBuildFile; fileRef = A055204F222566CE00B9645F /* UIView+animateHideShow.swift */; };
		A05C582A21EF94FC00141633 /* BaseViewController.swift in Sources */ = {isa = PBXBuildFile; fileRef = A05C582921EF94FC00141633 /* BaseViewController.swift */; };
		A05C582B21EF95A800141633 /* BaseViewController.swift in Sources */ = {isa = PBXBuildFile; fileRef = A05C582921EF94FC00141633 /* BaseViewController.swift */; };
		A0631B552203022100B3E90D /* BaseTableViewController.swift in Sources */ = {isa = PBXBuildFile; fileRef = A0631B542203022100B3E90D /* BaseTableViewController.swift */; };
		A0631B562203022100B3E90D /* BaseTableViewController.swift in Sources */ = {isa = PBXBuildFile; fileRef = A0631B542203022100B3E90D /* BaseTableViewController.swift */; };
		A0631B572203068900B3E90D /* MenuItemCell.swift in Sources */ = {isa = PBXBuildFile; fileRef = A0E1A67F21EE7BE900E4F6B7 /* MenuItemCell.swift */; };
		A0631B582203069200B3E90D /* MenuItemCell.xib in Resources */ = {isa = PBXBuildFile; fileRef = A0AC06B32201E94000BD5FBA /* MenuItemCell.xib */; };
		A0631B5B22034F0700B3E90D /* Collection.swift in Sources */ = {isa = PBXBuildFile; fileRef = A0631B5A22034F0700B3E90D /* Collection.swift */; };
		A0631B5C22034F0E00B3E90D /* Collection.swift in Sources */ = {isa = PBXBuildFile; fileRef = A0631B5A22034F0700B3E90D /* Collection.swift */; };
		A0656AB821F9BC8500070C4B /* ConnectSpaceViewController.swift in Sources */ = {isa = PBXBuildFile; fileRef = A0656AB721F9BC8500070C4B /* ConnectSpaceViewController.swift */; };
		A0656ABA21F9BFB800070C4B /* MainNavigationController.swift in Sources */ = {isa = PBXBuildFile; fileRef = A0656AB921F9BFB800070C4B /* MainNavigationController.swift */; };
		A070335B2119E7DF00BF1F33 /* Request+debug.swift in Sources */ = {isa = PBXBuildFile; fileRef = A070335A2119E7DF00BF1F33 /* Request+debug.swift */; };
		A070335C2119E7DF00BF1F33 /* Request+debug.swift in Sources */ = {isa = PBXBuildFile; fileRef = A070335A2119E7DF00BF1F33 /* Request+debug.swift */; };
		A07128FE2111CC90007A432A /* ShareViewController.swift in Sources */ = {isa = PBXBuildFile; fileRef = A07128FD2111CC90007A432A /* ShareViewController.swift */; };
		A07129052111CC90007A432A /* ShareExtension.appex in Embed App Extensions */ = {isa = PBXBuildFile; fileRef = A07128FB2111CC90007A432A /* ShareExtension.appex */; settings = {ATTRIBUTES = (RemoveHeadersOnCopy, ); }; };
		A071290A2111DC6A007A432A /* StringUtils.swift in Sources */ = {isa = PBXBuildFile; fileRef = A0457E6620EF96FB00B8FBCB /* StringUtils.swift */; };
		A071290C2111DE3C007A432A /* Asset.swift in Sources */ = {isa = PBXBuildFile; fileRef = A0D58DCD20E51517005A2F34 /* Asset.swift */; };
		A07129102111E4F1007A432A /* Db.swift in Sources */ = {isa = PBXBuildFile; fileRef = A071290F2111E4F1007A432A /* Db.swift */; };
		A07129112111E4F1007A432A /* Db.swift in Sources */ = {isa = PBXBuildFile; fileRef = A071290F2111E4F1007A432A /* Db.swift */; };
		A08750A92112099700BFAFE4 /* Constants.m in Sources */ = {isa = PBXBuildFile; fileRef = A08750A82112099700BFAFE4 /* Constants.m */; };
		A08750AA2112099700BFAFE4 /* Constants.m in Sources */ = {isa = PBXBuildFile; fileRef = A08750A82112099700BFAFE4 /* Constants.m */; };
		A08C2CE221F09B3F008ACA3E /* InternetArchiveViewController.swift in Sources */ = {isa = PBXBuildFile; fileRef = A08C2CE121F09B3F008ACA3E /* InternetArchiveViewController.swift */; };
		A08C2CE421F0A98C008ACA3E /* PrivateServerViewController.swift in Sources */ = {isa = PBXBuildFile; fileRef = A08C2CE321F0A98C008ACA3E /* PrivateServerViewController.swift */; };
		A08C2CE621F0B46C008ACA3E /* FormViewController.swift in Sources */ = {isa = PBXBuildFile; fileRef = A08C2CE521F0B46C008ACA3E /* FormViewController.swift */; };
		A08C2CE721F0B5FA008ACA3E /* FormViewController.swift in Sources */ = {isa = PBXBuildFile; fileRef = A08C2CE521F0B46C008ACA3E /* FormViewController.swift */; };
		A08C2CE821F0B613008ACA3E /* BaseCell.swift in Sources */ = {isa = PBXBuildFile; fileRef = A0E1A68621EE834D00E4F6B7 /* BaseCell.swift */; };
		A08C2CE921F0B617008ACA3E /* TableHeader.swift in Sources */ = {isa = PBXBuildFile; fileRef = A0E1A68821EE873200E4F6B7 /* TableHeader.swift */; };
		A08C2CEB21F0B71B008ACA3E /* EditProfileViewController.swift in Sources */ = {isa = PBXBuildFile; fileRef = A08C2CEA21F0B71B008ACA3E /* EditProfileViewController.swift */; };
		A08C2CED21F0C634008ACA3E /* AvatarRow.swift in Sources */ = {isa = PBXBuildFile; fileRef = A08C2CEC21F0C634008ACA3E /* AvatarRow.swift */; };
		A08C2CEF21F0C757008ACA3E /* AvatarCell.xib in Resources */ = {isa = PBXBuildFile; fileRef = A08C2CEE21F0C757008ACA3E /* AvatarCell.xib */; };
		A0A192DA21F1EE88009A8CF0 /* AlertHelper.swift in Sources */ = {isa = PBXBuildFile; fileRef = A0A192D921F1EE88009A8CF0 /* AlertHelper.swift */; };
		A0A192DB21F1EE88009A8CF0 /* AlertHelper.swift in Sources */ = {isa = PBXBuildFile; fileRef = A0A192D921F1EE88009A8CF0 /* AlertHelper.swift */; };
		A0A192DD21F208DA009A8CF0 /* Space.swift in Sources */ = {isa = PBXBuildFile; fileRef = A0A192DC21F208DA009A8CF0 /* Space.swift */; };
		A0A192DE21F208DA009A8CF0 /* Space.swift in Sources */ = {isa = PBXBuildFile; fileRef = A0A192DC21F208DA009A8CF0 /* Space.swift */; };
		A0A192E021F23B61009A8CF0 /* Constants+Swift.swift in Sources */ = {isa = PBXBuildFile; fileRef = A0A192DF21F23B61009A8CF0 /* Constants+Swift.swift */; };
		A0A192E121F23B61009A8CF0 /* Constants+Swift.swift in Sources */ = {isa = PBXBuildFile; fileRef = A0A192DF21F23B61009A8CF0 /* Constants+Swift.swift */; };
		A0A3D9C72226D8DB00BB5A19 /* SpaceCell.swift in Sources */ = {isa = PBXBuildFile; fileRef = A0A3D9C62226D8DB00BB5A19 /* SpaceCell.swift */; };
		A0AC06AA2201CFD800BD5FBA /* BrowseViewController.swift in Sources */ = {isa = PBXBuildFile; fileRef = A0AC06A92201CFD800BD5FBA /* BrowseViewController.swift */; };
		A0AC06AC2201D00100BD5FBA /* FolderCell.swift in Sources */ = {isa = PBXBuildFile; fileRef = A0AC06AB2201D00100BD5FBA /* FolderCell.swift */; };
		A0AC06B02201E30E00BD5FBA /* WorkingOverlay.swift in Sources */ = {isa = PBXBuildFile; fileRef = A0AC06AF2201E30E00BD5FBA /* WorkingOverlay.swift */; };
		A0AC06B22201E5B900BD5FBA /* WorkingOverlay.swift in Sources */ = {isa = PBXBuildFile; fileRef = A0AC06AF2201E30E00BD5FBA /* WorkingOverlay.swift */; };
		A0AC06B42201E94000BD5FBA /* MenuItemCell.xib in Resources */ = {isa = PBXBuildFile; fileRef = A0AC06B32201E94000BD5FBA /* MenuItemCell.xib */; };
		A0AFCF0D22300279005E57FD /* PreviewViewController.swift in Sources */ = {isa = PBXBuildFile; fileRef = A0AFCF0C22300279005E57FD /* PreviewViewController.swift */; };
		A0AFCF0F22300E41005E57FD /* MultilineTitle.swift in Sources */ = {isa = PBXBuildFile; fileRef = A0AFCF0E22300E41005E57FD /* MultilineTitle.swift */; };
		A0AFCF1022300E41005E57FD /* MultilineTitle.swift in Sources */ = {isa = PBXBuildFile; fileRef = A0AFCF0E22300E41005E57FD /* MultilineTitle.swift */; };
		A0AFCF1222302054005E57FD /* PreviewCell.swift in Sources */ = {isa = PBXBuildFile; fileRef = A0AFCF1122302054005E57FD /* PreviewCell.swift */; };
		A0B24C6421F0CD94006C0CC6 /* AvatarRow.swift in Sources */ = {isa = PBXBuildFile; fileRef = A08C2CEC21F0C634008ACA3E /* AvatarRow.swift */; };
		A0B24C6521F0CDA6006C0CC6 /* AvatarCell.xib in Resources */ = {isa = PBXBuildFile; fileRef = A08C2CEE21F0C757008ACA3E /* AvatarCell.xib */; };
		A0C475B4211474A50012937E /* Formatters.swift in Sources */ = {isa = PBXBuildFile; fileRef = A004E24B20EBCF1700A1D5F5 /* Formatters.swift */; };
		A0C475B5211474A70012937E /* RegexUtils.swift in Sources */ = {isa = PBXBuildFile; fileRef = A0457E6820EFB57C00B8FBCB /* RegexUtils.swift */; };
		A0C475B7211488BF0012937E /* Assets.xcassets in Resources */ = {isa = PBXBuildFile; fileRef = A0E739DE20E4C85E00DB31E1 /* Assets.xcassets */; };
		A0C475BB21148DDE0012937E /* BaseDetailsViewController.xib in Resources */ = {isa = PBXBuildFile; fileRef = A0C475B921148DDE0012937E /* BaseDetailsViewController.xib */; };
		A0C475BC21148DDE0012937E /* BaseDetailsViewController.xib in Resources */ = {isa = PBXBuildFile; fileRef = A0C475B921148DDE0012937E /* BaseDetailsViewController.xib */; };
		A0C475BD21148DDE0012937E /* BaseDetailsViewController.swift in Sources */ = {isa = PBXBuildFile; fileRef = A0C475BA21148DDE0012937E /* BaseDetailsViewController.swift */; };
		A0C475BE21148DDE0012937E /* BaseDetailsViewController.swift in Sources */ = {isa = PBXBuildFile; fileRef = A0C475BA21148DDE0012937E /* BaseDetailsViewController.swift */; };
		A0C475C021149B040012937E /* MainViewController.swift in Sources */ = {isa = PBXBuildFile; fileRef = A0C475BF21149B040012937E /* MainViewController.swift */; };
		A0D58DCE20E51517005A2F34 /* Asset.swift in Sources */ = {isa = PBXBuildFile; fileRef = A0D58DCD20E51517005A2F34 /* Asset.swift */; };
		A0DE78AF21F76D2200B6B68B /* Project.swift in Sources */ = {isa = PBXBuildFile; fileRef = A0DE78AE21F76D2200B6B68B /* Project.swift */; };
		A0DE78B021F76D2200B6B68B /* Project.swift in Sources */ = {isa = PBXBuildFile; fileRef = A0DE78AE21F76D2200B6B68B /* Project.swift */; };
		A0DE78B221F771A700B6B68B /* ProjectViewController.swift in Sources */ = {isa = PBXBuildFile; fileRef = A0DE78B121F771A700B6B68B /* ProjectViewController.swift */; };
		A0E1A67C21EE7A5C00E4F6B7 /* SpaceViewController.swift in Sources */ = {isa = PBXBuildFile; fileRef = A0E1A67B21EE7A5C00E4F6B7 /* SpaceViewController.swift */; };
		A0E1A68121EE7BE900E4F6B7 /* MenuItemCell.swift in Sources */ = {isa = PBXBuildFile; fileRef = A0E1A67F21EE7BE900E4F6B7 /* MenuItemCell.swift */; };
		A0E1A68521EE831300E4F6B7 /* SelectedSpaceCell.swift in Sources */ = {isa = PBXBuildFile; fileRef = A0E1A68321EE831300E4F6B7 /* SelectedSpaceCell.swift */; };
		A0E1A68721EE834D00E4F6B7 /* BaseCell.swift in Sources */ = {isa = PBXBuildFile; fileRef = A0E1A68621EE834D00E4F6B7 /* BaseCell.swift */; };
		A0E1A68921EE873200E4F6B7 /* TableHeader.swift in Sources */ = {isa = PBXBuildFile; fileRef = A0E1A68821EE873200E4F6B7 /* TableHeader.swift */; };
		A0E2BC722226AA10006D33E3 /* SelectedSpace.swift in Sources */ = {isa = PBXBuildFile; fileRef = A0E2BC712226AA10006D33E3 /* SelectedSpace.swift */; };
		A0E2BC732226AA10006D33E3 /* SelectedSpace.swift in Sources */ = {isa = PBXBuildFile; fileRef = A0E2BC712226AA10006D33E3 /* SelectedSpace.swift */; };
		A0E739D820E4C85D00DB31E1 /* AppDelegate.swift in Sources */ = {isa = PBXBuildFile; fileRef = A0E739D720E4C85D00DB31E1 /* AppDelegate.swift */; };
		A0E739DD20E4C85D00DB31E1 /* Main.storyboard in Resources */ = {isa = PBXBuildFile; fileRef = A0E739DB20E4C85D00DB31E1 /* Main.storyboard */; };
		A0E739DF20E4C85E00DB31E1 /* Assets.xcassets in Resources */ = {isa = PBXBuildFile; fileRef = A0E739DE20E4C85E00DB31E1 /* Assets.xcassets */; };
		A0E739E220E4C85E00DB31E1 /* LaunchScreen.storyboard in Resources */ = {isa = PBXBuildFile; fileRef = A0E739E020E4C85E00DB31E1 /* LaunchScreen.storyboard */; };
		A0FB4DB221F8799100B46099 /* SpacesView.swift in Sources */ = {isa = PBXBuildFile; fileRef = A0FB4DB121F8799100B46099 /* SpacesView.swift */; };
		A0FB4DB321F8799100B46099 /* SpacesView.swift in Sources */ = {isa = PBXBuildFile; fileRef = A0FB4DB121F8799100B46099 /* SpacesView.swift */; };
		A0FB4DB521F89FD500B46099 /* AssetsByCollectionView.swift in Sources */ = {isa = PBXBuildFile; fileRef = A0FB4DB421F89FD500B46099 /* AssetsByCollectionView.swift */; };
		A0FB4DB621F89FD500B46099 /* AssetsByCollectionView.swift in Sources */ = {isa = PBXBuildFile; fileRef = A0FB4DB421F89FD500B46099 /* AssetsByCollectionView.swift */; };
		A0FB4DBB21F8C9B600B46099 /* RoundedImageView.swift in Sources */ = {isa = PBXBuildFile; fileRef = A0FB4DBA21F8C9B600B46099 /* RoundedImageView.swift */; };
		A0FB4DBC21F8C9B600B46099 /* RoundedImageView.swift in Sources */ = {isa = PBXBuildFile; fileRef = A0FB4DBA21F8C9B600B46099 /* RoundedImageView.swift */; };
		A0FB4DBE21F8CC2300B46099 /* MainViewController.swift in Sources */ = {isa = PBXBuildFile; fileRef = A0FB4DBD21F8CC2300B46099 /* MainViewController.swift */; };
		A0FB4DC021F8EBDD00B46099 /* ImageCell.swift in Sources */ = {isa = PBXBuildFile; fileRef = A0FB4DBF21F8EBDD00B46099 /* ImageCell.swift */; };
		E3237719CED5D0E5FB3A9540 /* Pods_ShareExtension.framework in Frameworks */ = {isa = PBXBuildFile; fileRef = DA57E87D37FC97CE551149A6 /* Pods_ShareExtension.framework */; };
/* End PBXBuildFile section */

/* Begin PBXContainerItemProxy section */
		A07129032111CC90007A432A /* PBXContainerItemProxy */ = {
			isa = PBXContainerItemProxy;
			containerPortal = A0E739CC20E4C85D00DB31E1 /* Project object */;
			proxyType = 1;
			remoteGlobalIDString = A07128FA2111CC90007A432A;
			remoteInfo = ShareExtension;
		};
/* End PBXContainerItemProxy section */

/* Begin PBXCopyFilesBuildPhase section */
		A07129092111CC90007A432A /* Embed App Extensions */ = {
			isa = PBXCopyFilesBuildPhase;
			buildActionMask = 2147483647;
			dstPath = "";
			dstSubfolderSpec = 13;
			files = (
				A07129052111CC90007A432A /* ShareExtension.appex in Embed App Extensions */,
			);
			name = "Embed App Extensions";
			runOnlyForDeploymentPostprocessing = 0;
		};
/* End PBXCopyFilesBuildPhase section */

/* Begin PBXFileReference section */
		2946CD89A7C904C6188D6C41 /* Pods-ShareExtension.release.xcconfig */ = {isa = PBXFileReference; includeInIndex = 1; lastKnownFileType = text.xcconfig; name = "Pods-ShareExtension.release.xcconfig"; path = "Pods/Target Support Files/Pods-ShareExtension/Pods-ShareExtension.release.xcconfig"; sourceTree = "<group>"; };
		43B70E96222AA75803A61BDC /* Pods_OpenArchive.framework */ = {isa = PBXFileReference; explicitFileType = wrapper.framework; includeInIndex = 0; path = Pods_OpenArchive.framework; sourceTree = BUILT_PRODUCTS_DIR; };
		5FD7A7F483ADD21139D54407 /* Pods-ShareExtension.debug.xcconfig */ = {isa = PBXFileReference; includeInIndex = 1; lastKnownFileType = text.xcconfig; name = "Pods-ShareExtension.debug.xcconfig"; path = "Pods/Target Support Files/Pods-ShareExtension/Pods-ShareExtension.debug.xcconfig"; sourceTree = "<group>"; };
		A004E24920EBCEA000A1D5F5 /* OldDetailsViewController.swift */ = {isa = PBXFileReference; lastKnownFileType = sourcecode.swift; path = OldDetailsViewController.swift; sourceTree = "<group>"; };
		A004E24B20EBCF1700A1D5F5 /* Formatters.swift */ = {isa = PBXFileReference; lastKnownFileType = sourcecode.swift; path = Formatters.swift; sourceTree = "<group>"; };
		A00A8D43220C63B20083F0CB /* ProjectsView.swift */ = {isa = PBXFileReference; lastKnownFileType = sourcecode.swift; path = ProjectsView.swift; sourceTree = "<group>"; };
		A00A8D46220C7EDD0083F0CB /* AssetsByCollectionFilteredView.swift */ = {isa = PBXFileReference; lastKnownFileType = sourcecode.swift; path = AssetsByCollectionFilteredView.swift; sourceTree = "<group>"; };
		A00DC98922315D4F004F07E0 /* ImageViewController.swift */ = {isa = PBXFileReference; lastKnownFileType = sourcecode.swift; path = ImageViewController.swift; sourceTree = "<group>"; };
		A01A7B6E2200A05C00E18DE0 /* ProjectsTabBar.swift */ = {isa = PBXFileReference; lastKnownFileType = sourcecode.swift; path = ProjectsTabBar.swift; sourceTree = "<group>"; };
		A01A7B712200F2D700E18DE0 /* HeaderView.swift */ = {isa = PBXFileReference; lastKnownFileType = sourcecode.swift; path = HeaderView.swift; sourceTree = "<group>"; };
		A029F6822118715700C4EF6D /* AssetFactory.swift */ = {isa = PBXFileReference; lastKnownFileType = sourcecode.swift; path = AssetFactory.swift; sourceTree = "<group>"; };
		A0362191220DA390003C21DC /* UIColor+accent.swift */ = {isa = PBXFileReference; lastKnownFileType = sourcecode.swift; path = "UIColor+accent.swift"; sourceTree = "<group>"; };
		A0362194220DB2CA003C21DC /* IaSpace.swift */ = {isa = PBXFileReference; lastKnownFileType = sourcecode.swift; path = IaSpace.swift; sourceTree = "<group>"; };
		A0362197220DB384003C21DC /* WebDavSpace.swift */ = {isa = PBXFileReference; lastKnownFileType = sourcecode.swift; path = WebDavSpace.swift; sourceTree = "<group>"; };
		A04526072231309D007A6F53 /* EditViewController.swift */ = {isa = PBXFileReference; lastKnownFileType = sourcecode.swift; path = EditViewController.swift; sourceTree = "<group>"; };
		A0457E6620EF96FB00B8FBCB /* StringUtils.swift */ = {isa = PBXFileReference; lastKnownFileType = sourcecode.swift; path = StringUtils.swift; sourceTree = "<group>"; };
		A0457E6820EFB57C00B8FBCB /* RegexUtils.swift */ = {isa = PBXFileReference; fileEncoding = 4; lastKnownFileType = sourcecode.swift; path = RegexUtils.swift; sourceTree = "<group>"; };
		A050147E2228209E0056ED95 /* BaseServerViewController.swift */ = {isa = PBXFileReference; lastKnownFileType = sourcecode.swift; path = BaseServerViewController.swift; sourceTree = "<group>"; };
		A050AA482225DF4000AE5D15 /* SpacesListCell.swift */ = {isa = PBXFileReference; lastKnownFileType = sourcecode.swift; path = SpacesListCell.swift; sourceTree = "<group>"; };
		A05275132211A91300BDB14B /* CollectionsView.swift */ = {isa = PBXFileReference; lastKnownFileType = sourcecode.swift; path = CollectionsView.swift; sourceTree = "<group>"; };
		A055204F222566CE00B9645F /* UIView+animateHideShow.swift */ = {isa = PBXFileReference; lastKnownFileType = sourcecode.swift; path = "UIView+animateHideShow.swift"; sourceTree = "<group>"; };
		A058628320E4FC5A00EE2F14 /* Podfile */ = {isa = PBXFileReference; fileEncoding = 4; lastKnownFileType = text; path = Podfile; sourceTree = "<group>"; xcLanguageSpecificationIdentifier = xcode.lang.ruby; };
		A058628520E4FDBF00EE2F14 /* Podfile.lock */ = {isa = PBXFileReference; fileEncoding = 4; lastKnownFileType = text; path = Podfile.lock; sourceTree = "<group>"; };
		A05C582921EF94FC00141633 /* BaseViewController.swift */ = {isa = PBXFileReference; fileEncoding = 4; lastKnownFileType = sourcecode.swift; path = BaseViewController.swift; sourceTree = "<group>"; };
		A0631B542203022100B3E90D /* BaseTableViewController.swift */ = {isa = PBXFileReference; lastKnownFileType = sourcecode.swift; path = BaseTableViewController.swift; sourceTree = "<group>"; };
		A0631B5A22034F0700B3E90D /* Collection.swift */ = {isa = PBXFileReference; lastKnownFileType = sourcecode.swift; path = Collection.swift; sourceTree = "<group>"; };
		A0656AB721F9BC8500070C4B /* ConnectSpaceViewController.swift */ = {isa = PBXFileReference; lastKnownFileType = sourcecode.swift; path = ConnectSpaceViewController.swift; sourceTree = "<group>"; };
		A0656AB921F9BFB800070C4B /* MainNavigationController.swift */ = {isa = PBXFileReference; lastKnownFileType = sourcecode.swift; path = MainNavigationController.swift; sourceTree = "<group>"; };
		A070335A2119E7DF00BF1F33 /* Request+debug.swift */ = {isa = PBXFileReference; lastKnownFileType = sourcecode.swift; path = "Request+debug.swift"; sourceTree = "<group>"; };
		A07128FB2111CC90007A432A /* ShareExtension.appex */ = {isa = PBXFileReference; explicitFileType = "wrapper.app-extension"; includeInIndex = 0; path = ShareExtension.appex; sourceTree = BUILT_PRODUCTS_DIR; };
		A07128FD2111CC90007A432A /* ShareViewController.swift */ = {isa = PBXFileReference; lastKnownFileType = sourcecode.swift; path = ShareViewController.swift; sourceTree = "<group>"; };
		A07129022111CC90007A432A /* Info.plist */ = {isa = PBXFileReference; lastKnownFileType = text.plist.xml; path = Info.plist; sourceTree = "<group>"; };
		A071290F2111E4F1007A432A /* Db.swift */ = {isa = PBXFileReference; lastKnownFileType = sourcecode.swift; path = Db.swift; sourceTree = "<group>"; };
		A07129122111F4D5007A432A /* OpenArchive.entitlements */ = {isa = PBXFileReference; lastKnownFileType = text.plist.entitlements; path = OpenArchive.entitlements; sourceTree = "<group>"; };
		A07129132111F4F8007A432A /* ShareExtension.entitlements */ = {isa = PBXFileReference; lastKnownFileType = text.plist.entitlements; path = ShareExtension.entitlements; sourceTree = "<group>"; };
		A08750A72112099700BFAFE4 /* Constants.h */ = {isa = PBXFileReference; lastKnownFileType = sourcecode.c.h; path = Constants.h; sourceTree = "<group>"; };
		A08750A82112099700BFAFE4 /* Constants.m */ = {isa = PBXFileReference; lastKnownFileType = sourcecode.c.objc; path = Constants.m; sourceTree = "<group>"; };
		A08750AF21120EBF00BFAFE4 /* OpenArchive-Bridging-Header.h */ = {isa = PBXFileReference; lastKnownFileType = sourcecode.c.h; path = "OpenArchive-Bridging-Header.h"; sourceTree = "<group>"; };
		A08C2CE121F09B3F008ACA3E /* InternetArchiveViewController.swift */ = {isa = PBXFileReference; lastKnownFileType = sourcecode.swift; path = InternetArchiveViewController.swift; sourceTree = "<group>"; };
		A08C2CE321F0A98C008ACA3E /* PrivateServerViewController.swift */ = {isa = PBXFileReference; lastKnownFileType = sourcecode.swift; path = PrivateServerViewController.swift; sourceTree = "<group>"; };
		A08C2CE521F0B46C008ACA3E /* FormViewController.swift */ = {isa = PBXFileReference; lastKnownFileType = sourcecode.swift; path = FormViewController.swift; sourceTree = "<group>"; };
		A08C2CEA21F0B71B008ACA3E /* EditProfileViewController.swift */ = {isa = PBXFileReference; lastKnownFileType = sourcecode.swift; path = EditProfileViewController.swift; sourceTree = "<group>"; };
		A08C2CEC21F0C634008ACA3E /* AvatarRow.swift */ = {isa = PBXFileReference; lastKnownFileType = sourcecode.swift; path = AvatarRow.swift; sourceTree = "<group>"; };
		A08C2CEE21F0C757008ACA3E /* AvatarCell.xib */ = {isa = PBXFileReference; lastKnownFileType = file.xib; path = AvatarCell.xib; sourceTree = "<group>"; };
		A0A192D921F1EE88009A8CF0 /* AlertHelper.swift */ = {isa = PBXFileReference; lastKnownFileType = sourcecode.swift; path = AlertHelper.swift; sourceTree = "<group>"; };
		A0A192DC21F208DA009A8CF0 /* Space.swift */ = {isa = PBXFileReference; lastKnownFileType = sourcecode.swift; path = Space.swift; sourceTree = "<group>"; };
		A0A192DF21F23B61009A8CF0 /* Constants+Swift.swift */ = {isa = PBXFileReference; lastKnownFileType = sourcecode.swift; path = "Constants+Swift.swift"; sourceTree = "<group>"; };
		A0A3D9C62226D8DB00BB5A19 /* SpaceCell.swift */ = {isa = PBXFileReference; lastKnownFileType = sourcecode.swift; path = SpaceCell.swift; sourceTree = "<group>"; };
		A0AC06A52201B94500BD5FBA /* ERM.dia */ = {isa = PBXFileReference; lastKnownFileType = file; path = ERM.dia; sourceTree = "<group>"; };
		A0AC06A72201B98400BD5FBA /* ERM.png */ = {isa = PBXFileReference; lastKnownFileType = image.png; path = ERM.png; sourceTree = "<group>"; };
		A0AC06A92201CFD800BD5FBA /* BrowseViewController.swift */ = {isa = PBXFileReference; lastKnownFileType = sourcecode.swift; path = BrowseViewController.swift; sourceTree = "<group>"; };
		A0AC06AB2201D00100BD5FBA /* FolderCell.swift */ = {isa = PBXFileReference; lastKnownFileType = sourcecode.swift; path = FolderCell.swift; sourceTree = "<group>"; };
		A0AC06AF2201E30E00BD5FBA /* WorkingOverlay.swift */ = {isa = PBXFileReference; lastKnownFileType = sourcecode.swift; path = WorkingOverlay.swift; sourceTree = "<group>"; };
		A0AC06B32201E94000BD5FBA /* MenuItemCell.xib */ = {isa = PBXFileReference; fileEncoding = 4; lastKnownFileType = file.xib; path = MenuItemCell.xib; sourceTree = "<group>"; };
		A0AFCF0C22300279005E57FD /* PreviewViewController.swift */ = {isa = PBXFileReference; lastKnownFileType = sourcecode.swift; path = PreviewViewController.swift; sourceTree = "<group>"; };
		A0AFCF0E22300E41005E57FD /* MultilineTitle.swift */ = {isa = PBXFileReference; lastKnownFileType = sourcecode.swift; path = MultilineTitle.swift; sourceTree = "<group>"; };
		A0AFCF1122302054005E57FD /* PreviewCell.swift */ = {isa = PBXFileReference; lastKnownFileType = sourcecode.swift; path = PreviewCell.swift; sourceTree = "<group>"; };
		A0BA76E52111FA130009801D /* Config.xcconfig */ = {isa = PBXFileReference; lastKnownFileType = text.xcconfig; path = Config.xcconfig; sourceTree = "<group>"; };
		A0C0732B20EE7AB600EA48F0 /* README.md */ = {isa = PBXFileReference; lastKnownFileType = net.daringfireball.markdown; path = README.md; sourceTree = "<group>"; };
		A0C475B6211481710012937E /* .gitignore */ = {isa = PBXFileReference; lastKnownFileType = text; path = .gitignore; sourceTree = "<group>"; };
		A0C475B921148DDE0012937E /* BaseDetailsViewController.xib */ = {isa = PBXFileReference; lastKnownFileType = file.xib; path = BaseDetailsViewController.xib; sourceTree = "<group>"; };
		A0C475BA21148DDE0012937E /* BaseDetailsViewController.swift */ = {isa = PBXFileReference; lastKnownFileType = sourcecode.swift; path = BaseDetailsViewController.swift; sourceTree = "<group>"; };
		A0C475BF21149B040012937E /* MainViewController.swift */ = {isa = PBXFileReference; lastKnownFileType = sourcecode.swift; path = MainViewController.swift; sourceTree = "<group>"; };
		A0D58DCD20E51517005A2F34 /* Asset.swift */ = {isa = PBXFileReference; lastKnownFileType = sourcecode.swift; path = Asset.swift; sourceTree = "<group>"; };
		A0DE78AE21F76D2200B6B68B /* Project.swift */ = {isa = PBXFileReference; lastKnownFileType = sourcecode.swift; path = Project.swift; sourceTree = "<group>"; };
		A0DE78B121F771A700B6B68B /* ProjectViewController.swift */ = {isa = PBXFileReference; lastKnownFileType = sourcecode.swift; path = ProjectViewController.swift; sourceTree = "<group>"; };
		A0E1A67B21EE7A5C00E4F6B7 /* SpaceViewController.swift */ = {isa = PBXFileReference; lastKnownFileType = sourcecode.swift; path = SpaceViewController.swift; sourceTree = "<group>"; };
		A0E1A67F21EE7BE900E4F6B7 /* MenuItemCell.swift */ = {isa = PBXFileReference; lastKnownFileType = sourcecode.swift; path = MenuItemCell.swift; sourceTree = "<group>"; };
		A0E1A68321EE831300E4F6B7 /* SelectedSpaceCell.swift */ = {isa = PBXFileReference; lastKnownFileType = sourcecode.swift; path = SelectedSpaceCell.swift; sourceTree = "<group>"; };
		A0E1A68621EE834D00E4F6B7 /* BaseCell.swift */ = {isa = PBXFileReference; lastKnownFileType = sourcecode.swift; path = BaseCell.swift; sourceTree = "<group>"; };
		A0E1A68821EE873200E4F6B7 /* TableHeader.swift */ = {isa = PBXFileReference; lastKnownFileType = sourcecode.swift; path = TableHeader.swift; sourceTree = "<group>"; };
		A0E2BC712226AA10006D33E3 /* SelectedSpace.swift */ = {isa = PBXFileReference; lastKnownFileType = sourcecode.swift; path = SelectedSpace.swift; sourceTree = "<group>"; };
		A0E739D420E4C85D00DB31E1 /* OpenArchive.app */ = {isa = PBXFileReference; explicitFileType = wrapper.application; includeInIndex = 0; path = OpenArchive.app; sourceTree = BUILT_PRODUCTS_DIR; };
		A0E739D720E4C85D00DB31E1 /* AppDelegate.swift */ = {isa = PBXFileReference; lastKnownFileType = sourcecode.swift; path = AppDelegate.swift; sourceTree = "<group>"; };
		A0E739DC20E4C85D00DB31E1 /* Base */ = {isa = PBXFileReference; lastKnownFileType = file.storyboard; name = Base; path = Base.lproj/Main.storyboard; sourceTree = "<group>"; };
		A0E739DE20E4C85E00DB31E1 /* Assets.xcassets */ = {isa = PBXFileReference; lastKnownFileType = folder.assetcatalog; path = Assets.xcassets; sourceTree = "<group>"; };
		A0E739E120E4C85E00DB31E1 /* Base */ = {isa = PBXFileReference; lastKnownFileType = file.storyboard; name = Base; path = Base.lproj/LaunchScreen.storyboard; sourceTree = "<group>"; };
		A0E739E320E4C85E00DB31E1 /* Info.plist */ = {isa = PBXFileReference; lastKnownFileType = text.plist.xml; path = Info.plist; sourceTree = "<group>"; };
		A0F5BD612136E4B500691E34 /* OpenArchive-Bridging-Header.h */ = {isa = PBXFileReference; lastKnownFileType = sourcecode.c.h; path = "OpenArchive-Bridging-Header.h"; sourceTree = "<group>"; };
		A0FB4DB121F8799100B46099 /* SpacesView.swift */ = {isa = PBXFileReference; lastKnownFileType = sourcecode.swift; path = SpacesView.swift; sourceTree = "<group>"; };
		A0FB4DB421F89FD500B46099 /* AssetsByCollectionView.swift */ = {isa = PBXFileReference; lastKnownFileType = sourcecode.swift; path = AssetsByCollectionView.swift; sourceTree = "<group>"; };
		A0FB4DBA21F8C9B600B46099 /* RoundedImageView.swift */ = {isa = PBXFileReference; lastKnownFileType = sourcecode.swift; path = RoundedImageView.swift; sourceTree = "<group>"; };
		A0FB4DBD21F8CC2300B46099 /* MainViewController.swift */ = {isa = PBXFileReference; lastKnownFileType = sourcecode.swift; path = MainViewController.swift; sourceTree = "<group>"; };
		A0FB4DBF21F8EBDD00B46099 /* ImageCell.swift */ = {isa = PBXFileReference; lastKnownFileType = sourcecode.swift; path = ImageCell.swift; sourceTree = "<group>"; };
		CC67BE20A50BF4C22AE484F1 /* Pods-OpenArchive.release.xcconfig */ = {isa = PBXFileReference; includeInIndex = 1; lastKnownFileType = text.xcconfig; name = "Pods-OpenArchive.release.xcconfig"; path = "Pods/Target Support Files/Pods-OpenArchive/Pods-OpenArchive.release.xcconfig"; sourceTree = "<group>"; };
		DA57E87D37FC97CE551149A6 /* Pods_ShareExtension.framework */ = {isa = PBXFileReference; explicitFileType = wrapper.framework; includeInIndex = 0; path = Pods_ShareExtension.framework; sourceTree = BUILT_PRODUCTS_DIR; };
		F9D40196C7AFBE8474EA6241 /* Pods-OpenArchive.debug.xcconfig */ = {isa = PBXFileReference; includeInIndex = 1; lastKnownFileType = text.xcconfig; name = "Pods-OpenArchive.debug.xcconfig"; path = "Pods/Target Support Files/Pods-OpenArchive/Pods-OpenArchive.debug.xcconfig"; sourceTree = "<group>"; };
/* End PBXFileReference section */

/* Begin PBXFrameworksBuildPhase section */
		A07128F82111CC90007A432A /* Frameworks */ = {
			isa = PBXFrameworksBuildPhase;
			buildActionMask = 2147483647;
			files = (
				E3237719CED5D0E5FB3A9540 /* Pods_ShareExtension.framework in Frameworks */,
			);
			runOnlyForDeploymentPostprocessing = 0;
		};
		A0E739D120E4C85D00DB31E1 /* Frameworks */ = {
			isa = PBXFrameworksBuildPhase;
			buildActionMask = 2147483647;
			files = (
				33E6B43CCAFD4EBCA6FAA8C7 /* Pods_OpenArchive.framework in Frameworks */,
			);
			runOnlyForDeploymentPostprocessing = 0;
		};
/* End PBXFrameworksBuildPhase section */

/* Begin PBXGroup section */
		47E32D1C59FF6EA304E114E2 /* Frameworks */ = {
			isa = PBXGroup;
			children = (
				43B70E96222AA75803A61BDC /* Pods_OpenArchive.framework */,
				DA57E87D37FC97CE551149A6 /* Pods_ShareExtension.framework */,
			);
			name = Frameworks;
			sourceTree = "<group>";
		};
		A004E24620EBC89200A1D5F5 /* Utils */ = {
			isa = PBXGroup;
			children = (
				A0A192D921F1EE88009A8CF0 /* AlertHelper.swift */,
				A004E24B20EBCF1700A1D5F5 /* Formatters.swift */,
				A0457E6820EFB57C00B8FBCB /* RegexUtils.swift */,
				A0457E6620EF96FB00B8FBCB /* StringUtils.swift */,
				A070335A2119E7DF00BF1F33 /* Request+debug.swift */,
				A0362191220DA390003C21DC /* UIColor+accent.swift */,
				A055204F222566CE00B9645F /* UIView+animateHideShow.swift */,
			);
			path = Utils;
			sourceTree = "<group>";
		};
		A01A7B732200FF2500E18DE0 /* Main */ = {
			isa = PBXGroup;
			children = (
				A0FB4DBD21F8CC2300B46099 /* MainViewController.swift */,
				A0FB4DBF21F8EBDD00B46099 /* ImageCell.swift */,
				A01A7B712200F2D700E18DE0 /* HeaderView.swift */,
			);
			path = Main;
			sourceTree = "<group>";
		};
		A058628220E4FC4700EE2F14 /* Build */ = {
			isa = PBXGroup;
			children = (
				A0AC06A42201B94500BD5FBA /* docs */,
				A0C475B6211481710012937E /* .gitignore */,
				A058628320E4FC5A00EE2F14 /* Podfile */,
				A058628520E4FDBF00EE2F14 /* Podfile.lock */,
				A0C0732B20EE7AB600EA48F0 /* README.md */,
			);
			name = Build;
			sourceTree = "<group>";
		};
		A05C582821EF94FC00141633 /* BaseClasses */ = {
			isa = PBXGroup;
			children = (
				A0E1A68621EE834D00E4F6B7 /* BaseCell.swift */,
				A0C475BA21148DDE0012937E /* BaseDetailsViewController.swift */,
				A0C475B921148DDE0012937E /* BaseDetailsViewController.xib */,
				A0631B542203022100B3E90D /* BaseTableViewController.swift */,
				A05C582921EF94FC00141633 /* BaseViewController.swift */,
				A08C2CE521F0B46C008ACA3E /* FormViewController.swift */,
			);
			path = BaseClasses;
			sourceTree = "<group>";
		};
		A07128FC2111CC90007A432A /* ShareExtension */ = {
			isa = PBXGroup;
			children = (
				A07129132111F4F8007A432A /* ShareExtension.entitlements */,
				A0F5BD612136E4B500691E34 /* OpenArchive-Bridging-Header.h */,
				A0C475BF21149B040012937E /* MainViewController.swift */,
				A07128FD2111CC90007A432A /* ShareViewController.swift */,
				A07129022111CC90007A432A /* Info.plist */,
			);
			path = ShareExtension;
			sourceTree = "<group>";
		};
		A07129142111F991007A432A /* Shared */ = {
			isa = PBXGroup;
			children = (
				A05C582821EF94FC00141633 /* BaseClasses */,
				A004E24620EBC89200A1D5F5 /* Utils */,
				A0D58DCC20E514F8005A2F34 /* Models */,
				A0E0307821EF6A0700A5E97F /* Views */,
				A0E739DE20E4C85E00DB31E1 /* Assets.xcassets */,
				A08750A72112099700BFAFE4 /* Constants.h */,
				A08750A82112099700BFAFE4 /* Constants.m */,
				A0A192DF21F23B61009A8CF0 /* Constants+Swift.swift */,
				A0BA76E52111FA130009801D /* Config.xcconfig */,
			);
			path = Shared;
			sourceTree = "<group>";
		};
		A0AC06A42201B94500BD5FBA /* docs */ = {
			isa = PBXGroup;
			children = (
				A0AC06A72201B98400BD5FBA /* ERM.png */,
				A0AC06A52201B94500BD5FBA /* ERM.dia */,
			);
			path = docs;
			sourceTree = "<group>";
		};
		A0AFCF0B223001AE005E57FD /* Details */ = {
			isa = PBXGroup;
			children = (
				A0AFCF0C22300279005E57FD /* PreviewViewController.swift */,
				A0AFCF1122302054005E57FD /* PreviewCell.swift */,
				A04526072231309D007A6F53 /* EditViewController.swift */,
				A00DC98922315D4F004F07E0 /* ImageViewController.swift */,
			);
			path = Details;
			sourceTree = "<group>";
		};
		A0D58DCC20E514F8005A2F34 /* Models */ = {
			isa = PBXGroup;
			children = (
				A071290F2111E4F1007A432A /* Db.swift */,
				A0E2BC712226AA10006D33E3 /* SelectedSpace.swift */,
				A0A192DC21F208DA009A8CF0 /* Space.swift */,
				A0362194220DB2CA003C21DC /* IaSpace.swift */,
				A0362197220DB384003C21DC /* WebDavSpace.swift */,
				A0DE78AE21F76D2200B6B68B /* Project.swift */,
				A0631B5A22034F0700B3E90D /* Collection.swift */,
				A0D58DCD20E51517005A2F34 /* Asset.swift */,
				A029F6822118715700C4EF6D /* AssetFactory.swift */,
				A0FB4DB421F89FD500B46099 /* AssetsByCollectionView.swift */,
				A00A8D46220C7EDD0083F0CB /* AssetsByCollectionFilteredView.swift */,
				A00A8D43220C63B20083F0CB /* ProjectsView.swift */,
				A05275132211A91300BDB14B /* CollectionsView.swift */,
				A0FB4DB121F8799100B46099 /* SpacesView.swift */,
			);
			path = Models;
			sourceTree = "<group>";
		};
		A0E0307821EF6A0700A5E97F /* Views */ = {
			isa = PBXGroup;
			children = (
				A08C2CEE21F0C757008ACA3E /* AvatarCell.xib */,
				A08C2CEC21F0C634008ACA3E /* AvatarRow.swift */,
				A0E1A67F21EE7BE900E4F6B7 /* MenuItemCell.swift */,
				A0AC06B32201E94000BD5FBA /* MenuItemCell.xib */,
				A0AFCF0E22300E41005E57FD /* MultilineTitle.swift */,
				A0FB4DBA21F8C9B600B46099 /* RoundedImageView.swift */,
				A01A7B6E2200A05C00E18DE0 /* ProjectsTabBar.swift */,
				A0E1A68821EE873200E4F6B7 /* TableHeader.swift */,
				A0AC06AF2201E30E00BD5FBA /* WorkingOverlay.swift */,
			);
			path = Views;
			sourceTree = "<group>";
		};
		A0E1A67D21EE7B3200E4F6B7 /* Space */ = {
			isa = PBXGroup;
			children = (
				A0656AB721F9BC8500070C4B /* ConnectSpaceViewController.swift */,
				A0E1A67B21EE7A5C00E4F6B7 /* SpaceViewController.swift */,
				A050AA482225DF4000AE5D15 /* SpacesListCell.swift */,
				A0A3D9C62226D8DB00BB5A19 /* SpaceCell.swift */,
				A0E1A68321EE831300E4F6B7 /* SelectedSpaceCell.swift */,
				A08C2CEA21F0B71B008ACA3E /* EditProfileViewController.swift */,
				A050147E2228209E0056ED95 /* BaseServerViewController.swift */,
				A08C2CE321F0A98C008ACA3E /* PrivateServerViewController.swift */,
				A08C2CE121F09B3F008ACA3E /* InternetArchiveViewController.swift */,
				A0DE78B121F771A700B6B68B /* ProjectViewController.swift */,
				A0AC06A92201CFD800BD5FBA /* BrowseViewController.swift */,
				A0AC06AB2201D00100BD5FBA /* FolderCell.swift */,
			);
			path = Space;
			sourceTree = "<group>";
		};
		A0E739CB20E4C85D00DB31E1 = {
			isa = PBXGroup;
			children = (
				A058628220E4FC4700EE2F14 /* Build */,
				A0E739D620E4C85D00DB31E1 /* OpenArchive */,
				A07129142111F991007A432A /* Shared */,
				A07128FC2111CC90007A432A /* ShareExtension */,
				A0E739D520E4C85D00DB31E1 /* Products */,
				C1EED73E4FA2E0C967B7B68F /* Pods */,
				47E32D1C59FF6EA304E114E2 /* Frameworks */,
			);
			sourceTree = "<group>";
		};
		A0E739D520E4C85D00DB31E1 /* Products */ = {
			isa = PBXGroup;
			children = (
				A0E739D420E4C85D00DB31E1 /* OpenArchive.app */,
				A07128FB2111CC90007A432A /* ShareExtension.appex */,
			);
			name = Products;
			sourceTree = "<group>";
		};
		A0E739D620E4C85D00DB31E1 /* OpenArchive */ = {
			isa = PBXGroup;
			children = (
				A01A7B732200FF2500E18DE0 /* Main */,
				A0AFCF0B223001AE005E57FD /* Details */,
				A0E1A67D21EE7B3200E4F6B7 /* Space */,
				A07129122111F4D5007A432A /* OpenArchive.entitlements */,
				A08750AF21120EBF00BFAFE4 /* OpenArchive-Bridging-Header.h */,
				A0E739D720E4C85D00DB31E1 /* AppDelegate.swift */,
				A0656AB921F9BFB800070C4B /* MainNavigationController.swift */,
				A004E24920EBCEA000A1D5F5 /* OldDetailsViewController.swift */,
				A0E739DB20E4C85D00DB31E1 /* Main.storyboard */,
				A0E739E020E4C85E00DB31E1 /* LaunchScreen.storyboard */,
				A0E739E320E4C85E00DB31E1 /* Info.plist */,
			);
			path = OpenArchive;
			sourceTree = "<group>";
		};
		C1EED73E4FA2E0C967B7B68F /* Pods */ = {
			isa = PBXGroup;
			children = (
				F9D40196C7AFBE8474EA6241 /* Pods-OpenArchive.debug.xcconfig */,
				CC67BE20A50BF4C22AE484F1 /* Pods-OpenArchive.release.xcconfig */,
				5FD7A7F483ADD21139D54407 /* Pods-ShareExtension.debug.xcconfig */,
				2946CD89A7C904C6188D6C41 /* Pods-ShareExtension.release.xcconfig */,
			);
			name = Pods;
			sourceTree = "<group>";
		};
/* End PBXGroup section */

/* Begin PBXNativeTarget section */
		A07128FA2111CC90007A432A /* ShareExtension */ = {
			isa = PBXNativeTarget;
			buildConfigurationList = A07129082111CC90007A432A /* Build configuration list for PBXNativeTarget "ShareExtension" */;
			buildPhases = (
				FF11D95E5AC7DA852AB008A3 /* [CP] Check Pods Manifest.lock */,
				A07128F72111CC90007A432A /* Sources */,
				A07128F82111CC90007A432A /* Frameworks */,
				A07128F92111CC90007A432A /* Resources */,
			);
			buildRules = (
			);
			dependencies = (
			);
			name = ShareExtension;
			productName = ShareExtension;
			productReference = A07128FB2111CC90007A432A /* ShareExtension.appex */;
			productType = "com.apple.product-type.app-extension";
		};
		A0E739D320E4C85D00DB31E1 /* OpenArchive */ = {
			isa = PBXNativeTarget;
			buildConfigurationList = A0E739E620E4C85E00DB31E1 /* Build configuration list for PBXNativeTarget "OpenArchive" */;
			buildPhases = (
				35CC5BD4779C5592CB8BF2C6 /* [CP] Check Pods Manifest.lock */,
				A0E739D020E4C85D00DB31E1 /* Sources */,
				A0E739D120E4C85D00DB31E1 /* Frameworks */,
				A0E739D220E4C85D00DB31E1 /* Resources */,
				6BCC37D718DDB7E1EEBC22C9 /* [CP] Embed Pods Frameworks */,
				A07129092111CC90007A432A /* Embed App Extensions */,
			);
			buildRules = (
			);
			dependencies = (
				A07129042111CC90007A432A /* PBXTargetDependency */,
			);
			name = OpenArchive;
			productName = OpenArchive;
			productReference = A0E739D420E4C85D00DB31E1 /* OpenArchive.app */;
			productType = "com.apple.product-type.application";
		};
/* End PBXNativeTarget section */

/* Begin PBXProject section */
		A0E739CC20E4C85D00DB31E1 /* Project object */ = {
			isa = PBXProject;
			attributes = {
				LastSwiftUpdateCheck = 0940;
				LastUpgradeCheck = 1000;
				ORGANIZATIONNAME = "Open Archive";
				TargetAttributes = {
					A07128FA2111CC90007A432A = {
						CreatedOnToolsVersion = 9.4.1;
						LastSwiftMigration = 1000;
						SystemCapabilities = {
							com.apple.ApplicationGroups.iOS = {
								enabled = 1;
							};
						};
					};
					A0E739D320E4C85D00DB31E1 = {
						CreatedOnToolsVersion = 9.4.1;
						LastSwiftMigration = 1000;
						SystemCapabilities = {
							com.apple.ApplicationGroups.iOS = {
								enabled = 1;
							};
							com.apple.BackgroundModes = {
								enabled = 0;
							};
						};
					};
				};
			};
			buildConfigurationList = A0E739CF20E4C85D00DB31E1 /* Build configuration list for PBXProject "OpenArchive" */;
			compatibilityVersion = "Xcode 9.3";
			developmentRegion = en;
			hasScannedForEncodings = 0;
			knownRegions = (
				en,
				Base,
			);
			mainGroup = A0E739CB20E4C85D00DB31E1;
			productRefGroup = A0E739D520E4C85D00DB31E1 /* Products */;
			projectDirPath = "";
			projectRoot = "";
			targets = (
				A0E739D320E4C85D00DB31E1 /* OpenArchive */,
				A07128FA2111CC90007A432A /* ShareExtension */,
			);
		};
/* End PBXProject section */

/* Begin PBXResourcesBuildPhase section */
		A07128F92111CC90007A432A /* Resources */ = {
			isa = PBXResourcesBuildPhase;
			buildActionMask = 2147483647;
			files = (
				A0C475BC21148DDE0012937E /* BaseDetailsViewController.xib in Resources */,
				A0631B582203069200B3E90D /* MenuItemCell.xib in Resources */,
				A0B24C6521F0CDA6006C0CC6 /* AvatarCell.xib in Resources */,
				A0C475B7211488BF0012937E /* Assets.xcassets in Resources */,
			);
			runOnlyForDeploymentPostprocessing = 0;
		};
		A0E739D220E4C85D00DB31E1 /* Resources */ = {
			isa = PBXResourcesBuildPhase;
			buildActionMask = 2147483647;
			files = (
				A08C2CEF21F0C757008ACA3E /* AvatarCell.xib in Resources */,
				A0AC06B42201E94000BD5FBA /* MenuItemCell.xib in Resources */,
				A0E739E220E4C85E00DB31E1 /* LaunchScreen.storyboard in Resources */,
				A0E739DF20E4C85E00DB31E1 /* Assets.xcassets in Resources */,
				A0C475BB21148DDE0012937E /* BaseDetailsViewController.xib in Resources */,
				A0E739DD20E4C85D00DB31E1 /* Main.storyboard in Resources */,
			);
			runOnlyForDeploymentPostprocessing = 0;
		};
/* End PBXResourcesBuildPhase section */

/* Begin PBXShellScriptBuildPhase section */
		35CC5BD4779C5592CB8BF2C6 /* [CP] Check Pods Manifest.lock */ = {
			isa = PBXShellScriptBuildPhase;
			buildActionMask = 2147483647;
			files = (
			);
			inputPaths = (
				"${PODS_PODFILE_DIR_PATH}/Podfile.lock",
				"${PODS_ROOT}/Manifest.lock",
			);
			name = "[CP] Check Pods Manifest.lock";
			outputPaths = (
				"$(DERIVED_FILE_DIR)/Pods-OpenArchive-checkManifestLockResult.txt",
			);
			runOnlyForDeploymentPostprocessing = 0;
			shellPath = /bin/sh;
			shellScript = "diff \"${PODS_PODFILE_DIR_PATH}/Podfile.lock\" \"${PODS_ROOT}/Manifest.lock\" > /dev/null\nif [ $? != 0 ] ; then\n    # print error to STDERR\n    echo \"error: The sandbox is not in sync with the Podfile.lock. Run 'pod install' or update your CocoaPods installation.\" >&2\n    exit 1\nfi\n# This output is used by Xcode 'outputs' to avoid re-running this script phase.\necho \"SUCCESS\" > \"${SCRIPT_OUTPUT_FILE_0}\"\n";
			showEnvVarsInLog = 0;
		};
		6BCC37D718DDB7E1EEBC22C9 /* [CP] Embed Pods Frameworks */ = {
			isa = PBXShellScriptBuildPhase;
			buildActionMask = 2147483647;
			files = (
			);
			inputPaths = (
				"${PODS_ROOT}/Target Support Files/Pods-OpenArchive/Pods-OpenArchive-frameworks.sh",
				"${BUILT_PRODUCTS_DIR}/ARChromeActivity/ARChromeActivity.framework",
				"${BUILT_PRODUCTS_DIR}/Alamofire/Alamofire.framework",
				"${BUILT_PRODUCTS_DIR}/AlignedCollectionViewFlowLayout/AlignedCollectionViewFlowLayout.framework",
				"${BUILT_PRODUCTS_DIR}/CocoaLumberjack/CocoaLumberjack.framework",
				"${BUILT_PRODUCTS_DIR}/Eureka/Eureka.framework",
				"${BUILT_PRODUCTS_DIR}/FavIcon/FavIcon.framework",
				"${BUILT_PRODUCTS_DIR}/FilesProvider/FilesProvider.framework",
				"${BUILT_PRODUCTS_DIR}/ImageRow/ImageRow.framework",
				"${BUILT_PRODUCTS_DIR}/Localize/Localize.framework",
				"${BUILT_PRODUCTS_DIR}/MDFInternationalization/MDFInternationalization.framework",
				"${BUILT_PRODUCTS_DIR}/MDFTextAccessibility/MDFTextAccessibility.framework",
				"${BUILT_PRODUCTS_DIR}/MaterialComponents/MaterialComponents.framework",
				"${BUILT_PRODUCTS_DIR}/TUSafariActivity/TUSafariActivity.framework",
				"${BUILT_PRODUCTS_DIR}/UIImage-Resize/UIImage_Resize.framework",
				"${BUILT_PRODUCTS_DIR}/YapDatabase/YapDatabase.framework",
			);
			name = "[CP] Embed Pods Frameworks";
			outputPaths = (
				"${TARGET_BUILD_DIR}/${FRAMEWORKS_FOLDER_PATH}/ARChromeActivity.framework",
				"${TARGET_BUILD_DIR}/${FRAMEWORKS_FOLDER_PATH}/Alamofire.framework",
				"${TARGET_BUILD_DIR}/${FRAMEWORKS_FOLDER_PATH}/AlignedCollectionViewFlowLayout.framework",
				"${TARGET_BUILD_DIR}/${FRAMEWORKS_FOLDER_PATH}/CocoaLumberjack.framework",
				"${TARGET_BUILD_DIR}/${FRAMEWORKS_FOLDER_PATH}/Eureka.framework",
				"${TARGET_BUILD_DIR}/${FRAMEWORKS_FOLDER_PATH}/FavIcon.framework",
				"${TARGET_BUILD_DIR}/${FRAMEWORKS_FOLDER_PATH}/FilesProvider.framework",
				"${TARGET_BUILD_DIR}/${FRAMEWORKS_FOLDER_PATH}/ImageRow.framework",
				"${TARGET_BUILD_DIR}/${FRAMEWORKS_FOLDER_PATH}/Localize.framework",
				"${TARGET_BUILD_DIR}/${FRAMEWORKS_FOLDER_PATH}/MDFInternationalization.framework",
				"${TARGET_BUILD_DIR}/${FRAMEWORKS_FOLDER_PATH}/MDFTextAccessibility.framework",
				"${TARGET_BUILD_DIR}/${FRAMEWORKS_FOLDER_PATH}/MaterialComponents.framework",
				"${TARGET_BUILD_DIR}/${FRAMEWORKS_FOLDER_PATH}/TUSafariActivity.framework",
				"${TARGET_BUILD_DIR}/${FRAMEWORKS_FOLDER_PATH}/UIImage_Resize.framework",
				"${TARGET_BUILD_DIR}/${FRAMEWORKS_FOLDER_PATH}/YapDatabase.framework",
			);
			runOnlyForDeploymentPostprocessing = 0;
			shellPath = /bin/sh;
			shellScript = "\"${PODS_ROOT}/Target Support Files/Pods-OpenArchive/Pods-OpenArchive-frameworks.sh\"\n";
			showEnvVarsInLog = 0;
		};
		FF11D95E5AC7DA852AB008A3 /* [CP] Check Pods Manifest.lock */ = {
			isa = PBXShellScriptBuildPhase;
			buildActionMask = 2147483647;
			files = (
			);
			inputPaths = (
				"${PODS_PODFILE_DIR_PATH}/Podfile.lock",
				"${PODS_ROOT}/Manifest.lock",
			);
			name = "[CP] Check Pods Manifest.lock";
			outputPaths = (
				"$(DERIVED_FILE_DIR)/Pods-ShareExtension-checkManifestLockResult.txt",
			);
			runOnlyForDeploymentPostprocessing = 0;
			shellPath = /bin/sh;
			shellScript = "diff \"${PODS_PODFILE_DIR_PATH}/Podfile.lock\" \"${PODS_ROOT}/Manifest.lock\" > /dev/null\nif [ $? != 0 ] ; then\n    # print error to STDERR\n    echo \"error: The sandbox is not in sync with the Podfile.lock. Run 'pod install' or update your CocoaPods installation.\" >&2\n    exit 1\nfi\n# This output is used by Xcode 'outputs' to avoid re-running this script phase.\necho \"SUCCESS\" > \"${SCRIPT_OUTPUT_FILE_0}\"\n";
			showEnvVarsInLog = 0;
		};
/* End PBXShellScriptBuildPhase section */

/* Begin PBXSourcesBuildPhase section */
		A07128F72111CC90007A432A /* Sources */ = {
			isa = PBXSourcesBuildPhase;
			buildActionMask = 2147483647;
			files = (
				A0A192DE21F208DA009A8CF0 /* Space.swift in Sources */,
				A08C2CE821F0B613008ACA3E /* BaseCell.swift in Sources */,
				A08C2CE921F0B617008ACA3E /* TableHeader.swift in Sources */,
				A0AC06B22201E5B900BD5FBA /* WorkingOverlay.swift in Sources */,
				A00A8D48220C7EDD0083F0CB /* AssetsByCollectionFilteredView.swift in Sources */,
				A08C2CE721F0B5FA008ACA3E /* FormViewController.swift in Sources */,
				A0362199220DB384003C21DC /* WebDavSpace.swift in Sources */,
				A07129112111E4F1007A432A /* Db.swift in Sources */,
				A0552051222566CE00B9645F /* UIView+animateHideShow.swift in Sources */,
				A0C475B4211474A50012937E /* Formatters.swift in Sources */,
				A0362196220DB2CA003C21DC /* IaSpace.swift in Sources */,
				A0C475BE21148DDE0012937E /* BaseDetailsViewController.swift in Sources */,
				A0E2BC732226AA10006D33E3 /* SelectedSpace.swift in Sources */,
				A070335C2119E7DF00BF1F33 /* Request+debug.swift in Sources */,
				A0631B562203022100B3E90D /* BaseTableViewController.swift in Sources */,
				A071290A2111DC6A007A432A /* StringUtils.swift in Sources */,
				A0A192DA21F1EE88009A8CF0 /* AlertHelper.swift in Sources */,
				A029F6842118715700C4EF6D /* AssetFactory.swift in Sources */,
				A0B24C6421F0CD94006C0CC6 /* AvatarRow.swift in Sources */,
				A0C475C021149B040012937E /* MainViewController.swift in Sources */,
				A0FB4DB321F8799100B46099 /* SpacesView.swift in Sources */,
				A071290C2111DE3C007A432A /* Asset.swift in Sources */,
				A08750AA2112099700BFAFE4 /* Constants.m in Sources */,
				A05275152211A91300BDB14B /* CollectionsView.swift in Sources */,
				A0AFCF1022300E41005E57FD /* MultilineTitle.swift in Sources */,
				A07128FE2111CC90007A432A /* ShareViewController.swift in Sources */,
				A0A192E121F23B61009A8CF0 /* Constants+Swift.swift in Sources */,
				A0631B5C22034F0E00B3E90D /* Collection.swift in Sources */,
				A00A8D44220C63B20083F0CB /* ProjectsView.swift in Sources */,
				A05C582B21EF95A800141633 /* BaseViewController.swift in Sources */,
				A0C475B5211474A70012937E /* RegexUtils.swift in Sources */,
				A0631B572203068900B3E90D /* MenuItemCell.swift in Sources */,
				A0362193220DA390003C21DC /* UIColor+accent.swift in Sources */,
				A0DE78B021F76D2200B6B68B /* Project.swift in Sources */,
				A0FB4DB621F89FD500B46099 /* AssetsByCollectionView.swift in Sources */,
				A0FB4DBC21F8C9B600B46099 /* RoundedImageView.swift in Sources */,
				A01A7B702200A05C00E18DE0 /* ProjectsTabBar.swift in Sources */,
			);
			runOnlyForDeploymentPostprocessing = 0;
		};
		A0E739D020E4C85D00DB31E1 /* Sources */ = {
			isa = PBXSourcesBuildPhase;
			buildActionMask = 2147483647;
			files = (
				A0E739D820E4C85D00DB31E1 /* AppDelegate.swift in Sources */,
				A0362195220DB2CA003C21DC /* IaSpace.swift in Sources */,
				A0E1A67C21EE7A5C00E4F6B7 /* SpaceViewController.swift in Sources */,
				A004E24C20EBCF1700A1D5F5 /* Formatters.swift in Sources */,
				A0FB4DB521F89FD500B46099 /* AssetsByCollectionView.swift in Sources */,
				A0A192E021F23B61009A8CF0 /* Constants+Swift.swift in Sources */,
				A0FB4DB221F8799100B46099 /* SpacesView.swift in Sources */,
				A0FB4DBB21F8C9B600B46099 /* RoundedImageView.swift in Sources */,
				A00A8D47220C7EDD0083F0CB /* AssetsByCollectionFilteredView.swift in Sources */,
				A0A3D9C72226D8DB00BB5A19 /* SpaceCell.swift in Sources */,
				A08750A92112099700BFAFE4 /* Constants.m in Sources */,
				A0362198220DB384003C21DC /* WebDavSpace.swift in Sources */,
				A01A7B6F2200A05C00E18DE0 /* ProjectsTabBar.swift in Sources */,
				A08C2CE621F0B46C008ACA3E /* FormViewController.swift in Sources */,
				A0DE78B221F771A700B6B68B /* ProjectViewController.swift in Sources */,
				A08C2CED21F0C634008ACA3E /* AvatarRow.swift in Sources */,
				A00DC98A22315D4F004F07E0 /* ImageViewController.swift in Sources */,
				A0E1A68521EE831300E4F6B7 /* SelectedSpaceCell.swift in Sources */,
				A01A7B722200F2D700E18DE0 /* HeaderView.swift in Sources */,
				A050147F2228209E0056ED95 /* BaseServerViewController.swift in Sources */,
				A0C475BD21148DDE0012937E /* BaseDetailsViewController.swift in Sources */,
				A0AC06AA2201CFD800BD5FBA /* BrowseViewController.swift in Sources */,
				A0D58DCE20E51517005A2F34 /* Asset.swift in Sources */,
				A08C2CE421F0A98C008ACA3E /* PrivateServerViewController.swift in Sources */,
				A04526082231309D007A6F53 /* EditViewController.swift in Sources */,
				A070335B2119E7DF00BF1F33 /* Request+debug.swift in Sources */,
				A029F6832118715700C4EF6D /* AssetFactory.swift in Sources */,
				A0AC06B02201E30E00BD5FBA /* WorkingOverlay.swift in Sources */,
				A08C2CEB21F0B71B008ACA3E /* EditProfileViewController.swift in Sources */,
				A0552050222566CE00B9645F /* UIView+animateHideShow.swift in Sources */,
				A05275142211A91300BDB14B /* CollectionsView.swift in Sources */,
				A07129102111E4F1007A432A /* Db.swift in Sources */,
				A0E1A68121EE7BE900E4F6B7 /* MenuItemCell.swift in Sources */,
				A004E24A20EBCEA000A1D5F5 /* OldDetailsViewController.swift in Sources */,
				A00A8D45220C63B20083F0CB /* ProjectsView.swift in Sources */,
				A0A192DD21F208DA009A8CF0 /* Space.swift in Sources */,
				A08C2CE221F09B3F008ACA3E /* InternetArchiveViewController.swift in Sources */,
				A0E1A68921EE873200E4F6B7 /* TableHeader.swift in Sources */,
				A0AFCF1222302054005E57FD /* PreviewCell.swift in Sources */,
				A0AC06AC2201D00100BD5FBA /* FolderCell.swift in Sources */,
				A0AFCF0D22300279005E57FD /* PreviewViewController.swift in Sources */,
				A0457E6720EF96FB00B8FBCB /* StringUtils.swift in Sources */,
				A05C582A21EF94FC00141633 /* BaseViewController.swift in Sources */,
				A050AA492225DF4000AE5D15 /* SpacesListCell.swift in Sources */,
				A0656ABA21F9BFB800070C4B /* MainNavigationController.swift in Sources */,
				A0FB4DC021F8EBDD00B46099 /* ImageCell.swift in Sources */,
				A0362192220DA390003C21DC /* UIColor+accent.swift in Sources */,
				A0E1A68721EE834D00E4F6B7 /* BaseCell.swift in Sources */,
				A0E2BC722226AA10006D33E3 /* SelectedSpace.swift in Sources */,
				A0631B5B22034F0700B3E90D /* Collection.swift in Sources */,
				A0656AB821F9BC8500070C4B /* ConnectSpaceViewController.swift in Sources */,
				A0FB4DBE21F8CC2300B46099 /* MainViewController.swift in Sources */,
				A0DE78AF21F76D2200B6B68B /* Project.swift in Sources */,
				A0AFCF0F22300E41005E57FD /* MultilineTitle.swift in Sources */,
				A0A192DB21F1EE88009A8CF0 /* AlertHelper.swift in Sources */,
				A0631B552203022100B3E90D /* BaseTableViewController.swift in Sources */,
				A0457E6920EFB57C00B8FBCB /* RegexUtils.swift in Sources */,
			);
			runOnlyForDeploymentPostprocessing = 0;
		};
/* End PBXSourcesBuildPhase section */

/* Begin PBXTargetDependency section */
		A07129042111CC90007A432A /* PBXTargetDependency */ = {
			isa = PBXTargetDependency;
			target = A07128FA2111CC90007A432A /* ShareExtension */;
			targetProxy = A07129032111CC90007A432A /* PBXContainerItemProxy */;
		};
/* End PBXTargetDependency section */

/* Begin PBXVariantGroup section */
		A0E739DB20E4C85D00DB31E1 /* Main.storyboard */ = {
			isa = PBXVariantGroup;
			children = (
				A0E739DC20E4C85D00DB31E1 /* Base */,
			);
			name = Main.storyboard;
			sourceTree = "<group>";
		};
		A0E739E020E4C85E00DB31E1 /* LaunchScreen.storyboard */ = {
			isa = PBXVariantGroup;
			children = (
				A0E739E120E4C85E00DB31E1 /* Base */,
			);
			name = LaunchScreen.storyboard;
			sourceTree = "<group>";
		};
/* End PBXVariantGroup section */

/* Begin XCBuildConfiguration section */
		A07129062111CC90007A432A /* Debug */ = {
			isa = XCBuildConfiguration;
			baseConfigurationReference = 5FD7A7F483ADD21139D54407 /* Pods-ShareExtension.debug.xcconfig */;
			buildSettings = {
				CLANG_ENABLE_MODULES = YES;
				CODE_SIGN_ENTITLEMENTS = ShareExtension/ShareExtension.entitlements;
				CODE_SIGN_STYLE = Manual;
				DEVELOPMENT_TEAM = "$(DEVELOPMENT_TEAM)";
				INFOPLIST_FILE = ShareExtension/Info.plist;
				IPHONEOS_DEPLOYMENT_TARGET = 11.4;
				LD_RUNPATH_SEARCH_PATHS = (
					"$(inherited)",
					"@executable_path/Frameworks",
					"@executable_path/../../Frameworks",
				);
				PRODUCT_BUNDLE_IDENTIFIER = "$(OA_EXT_BUNDLE_ID)";
				PRODUCT_NAME = "$(TARGET_NAME)";
				PROVISIONING_PROFILE = "$(PROVISIONING_PROFILE_SHARE_EXTENSION_DEV)";
				PROVISIONING_PROFILE_SPECIFIER = "$(PROVISIONING_PROFILE_SPECIFIER_SHARE_EXTENSION_DEV)";
				SKIP_INSTALL = YES;
				SWIFT_OBJC_BRIDGING_HEADER = "ShareExtension/OpenArchive-Bridging-Header.h";
				SWIFT_VERSION = 4.2;
				TARGETED_DEVICE_FAMILY = "1,2";
			};
			name = Debug;
		};
		A07129072111CC90007A432A /* Release */ = {
			isa = XCBuildConfiguration;
			baseConfigurationReference = 2946CD89A7C904C6188D6C41 /* Pods-ShareExtension.release.xcconfig */;
			buildSettings = {
				CLANG_ENABLE_MODULES = YES;
				CODE_SIGN_ENTITLEMENTS = ShareExtension/ShareExtension.entitlements;
				CODE_SIGN_IDENTITY = "iPhone Distribution";
				CODE_SIGN_STYLE = Manual;
				DEVELOPMENT_TEAM = "$(DEVELOPMENT_TEAM)";
				INFOPLIST_FILE = ShareExtension/Info.plist;
				IPHONEOS_DEPLOYMENT_TARGET = 11.4;
				LD_RUNPATH_SEARCH_PATHS = (
					"$(inherited)",
					"@executable_path/Frameworks",
					"@executable_path/../../Frameworks",
				);
				PRODUCT_BUNDLE_IDENTIFIER = "$(OA_EXT_BUNDLE_ID)";
				PRODUCT_NAME = "$(TARGET_NAME)";
				PROVISIONING_PROFILE = "$(PROVISIONING_PROFILE_SHARE_EXTENSION_RELEASE)";
				PROVISIONING_PROFILE_SPECIFIER = "$(PROVISIONING_PROFILE_SPECIFIER_SHARE_EXTENSION_RELEASE)";
				SKIP_INSTALL = YES;
				SWIFT_OBJC_BRIDGING_HEADER = "ShareExtension/OpenArchive-Bridging-Header.h";
				SWIFT_VERSION = 4.2;
				TARGETED_DEVICE_FAMILY = "1,2";
			};
			name = Release;
		};
		A0E739E420E4C85E00DB31E1 /* Debug */ = {
			isa = XCBuildConfiguration;
			baseConfigurationReference = A0BA76E52111FA130009801D /* Config.xcconfig */;
			buildSettings = {
				ALWAYS_SEARCH_USER_PATHS = NO;
				CLANG_ANALYZER_NONNULL = YES;
				CLANG_ANALYZER_NUMBER_OBJECT_CONVERSION = YES_AGGRESSIVE;
				CLANG_CXX_LANGUAGE_STANDARD = "gnu++14";
				CLANG_CXX_LIBRARY = "libc++";
				CLANG_ENABLE_MODULES = YES;
				CLANG_ENABLE_OBJC_ARC = YES;
				CLANG_ENABLE_OBJC_WEAK = YES;
				CLANG_WARN_BLOCK_CAPTURE_AUTORELEASING = YES;
				CLANG_WARN_BOOL_CONVERSION = YES;
				CLANG_WARN_COMMA = YES;
				CLANG_WARN_CONSTANT_CONVERSION = YES;
				CLANG_WARN_DEPRECATED_OBJC_IMPLEMENTATIONS = YES;
				CLANG_WARN_DIRECT_OBJC_ISA_USAGE = YES_ERROR;
				CLANG_WARN_DOCUMENTATION_COMMENTS = YES;
				CLANG_WARN_EMPTY_BODY = YES;
				CLANG_WARN_ENUM_CONVERSION = YES;
				CLANG_WARN_INFINITE_RECURSION = YES;
				CLANG_WARN_INT_CONVERSION = YES;
				CLANG_WARN_NON_LITERAL_NULL_CONVERSION = YES;
				CLANG_WARN_OBJC_IMPLICIT_RETAIN_SELF = YES;
				CLANG_WARN_OBJC_LITERAL_CONVERSION = YES;
				CLANG_WARN_OBJC_ROOT_CLASS = YES_ERROR;
				CLANG_WARN_RANGE_LOOP_ANALYSIS = YES;
				CLANG_WARN_STRICT_PROTOTYPES = YES;
				CLANG_WARN_SUSPICIOUS_MOVE = YES;
				CLANG_WARN_UNGUARDED_AVAILABILITY = YES_AGGRESSIVE;
				CLANG_WARN_UNREACHABLE_CODE = YES;
				CLANG_WARN__DUPLICATE_METHOD_MATCH = YES;
				CODE_SIGN_IDENTITY = "iPhone Developer";
				COPY_PHASE_STRIP = NO;
				DEBUG_INFORMATION_FORMAT = dwarf;
				ENABLE_STRICT_OBJC_MSGSEND = YES;
				ENABLE_TESTABILITY = YES;
				GCC_C_LANGUAGE_STANDARD = gnu11;
				GCC_DYNAMIC_NO_PIC = NO;
				GCC_NO_COMMON_BLOCKS = YES;
				GCC_OPTIMIZATION_LEVEL = 0;
				GCC_PREPROCESSOR_DEFINITIONS = (
					"DEBUG=1",
					"$(inherited)",
				);
				GCC_WARN_64_TO_32_BIT_CONVERSION = YES;
				GCC_WARN_ABOUT_RETURN_TYPE = YES_ERROR;
				GCC_WARN_UNDECLARED_SELECTOR = YES;
				GCC_WARN_UNINITIALIZED_AUTOS = YES_AGGRESSIVE;
				GCC_WARN_UNUSED_FUNCTION = YES;
				GCC_WARN_UNUSED_VARIABLE = YES;
				IPHONEOS_DEPLOYMENT_TARGET = 10.0;
				MTL_ENABLE_DEBUG_INFO = YES;
				ONLY_ACTIVE_ARCH = YES;
				SDKROOT = iphoneos;
				SWIFT_ACTIVE_COMPILATION_CONDITIONS = DEBUG;
				SWIFT_OPTIMIZATION_LEVEL = "-Onone";
			};
			name = Debug;
		};
		A0E739E520E4C85E00DB31E1 /* Release */ = {
			isa = XCBuildConfiguration;
			baseConfigurationReference = A0BA76E52111FA130009801D /* Config.xcconfig */;
			buildSettings = {
				ALWAYS_SEARCH_USER_PATHS = NO;
				CLANG_ANALYZER_NONNULL = YES;
				CLANG_ANALYZER_NUMBER_OBJECT_CONVERSION = YES_AGGRESSIVE;
				CLANG_CXX_LANGUAGE_STANDARD = "gnu++14";
				CLANG_CXX_LIBRARY = "libc++";
				CLANG_ENABLE_MODULES = YES;
				CLANG_ENABLE_OBJC_ARC = YES;
				CLANG_ENABLE_OBJC_WEAK = YES;
				CLANG_WARN_BLOCK_CAPTURE_AUTORELEASING = YES;
				CLANG_WARN_BOOL_CONVERSION = YES;
				CLANG_WARN_COMMA = YES;
				CLANG_WARN_CONSTANT_CONVERSION = YES;
				CLANG_WARN_DEPRECATED_OBJC_IMPLEMENTATIONS = YES;
				CLANG_WARN_DIRECT_OBJC_ISA_USAGE = YES_ERROR;
				CLANG_WARN_DOCUMENTATION_COMMENTS = YES;
				CLANG_WARN_EMPTY_BODY = YES;
				CLANG_WARN_ENUM_CONVERSION = YES;
				CLANG_WARN_INFINITE_RECURSION = YES;
				CLANG_WARN_INT_CONVERSION = YES;
				CLANG_WARN_NON_LITERAL_NULL_CONVERSION = YES;
				CLANG_WARN_OBJC_IMPLICIT_RETAIN_SELF = YES;
				CLANG_WARN_OBJC_LITERAL_CONVERSION = YES;
				CLANG_WARN_OBJC_ROOT_CLASS = YES_ERROR;
				CLANG_WARN_RANGE_LOOP_ANALYSIS = YES;
				CLANG_WARN_STRICT_PROTOTYPES = YES;
				CLANG_WARN_SUSPICIOUS_MOVE = YES;
				CLANG_WARN_UNGUARDED_AVAILABILITY = YES_AGGRESSIVE;
				CLANG_WARN_UNREACHABLE_CODE = YES;
				CLANG_WARN__DUPLICATE_METHOD_MATCH = YES;
				CODE_SIGN_IDENTITY = "iPhone Developer";
				COPY_PHASE_STRIP = NO;
				DEBUG_INFORMATION_FORMAT = "dwarf-with-dsym";
				ENABLE_NS_ASSERTIONS = NO;
				ENABLE_STRICT_OBJC_MSGSEND = YES;
				GCC_C_LANGUAGE_STANDARD = gnu11;
				GCC_NO_COMMON_BLOCKS = YES;
				GCC_WARN_64_TO_32_BIT_CONVERSION = YES;
				GCC_WARN_ABOUT_RETURN_TYPE = YES_ERROR;
				GCC_WARN_UNDECLARED_SELECTOR = YES;
				GCC_WARN_UNINITIALIZED_AUTOS = YES_AGGRESSIVE;
				GCC_WARN_UNUSED_FUNCTION = YES;
				GCC_WARN_UNUSED_VARIABLE = YES;
				IPHONEOS_DEPLOYMENT_TARGET = 10.0;
				MTL_ENABLE_DEBUG_INFO = NO;
				SDKROOT = iphoneos;
				SWIFT_COMPILATION_MODE = wholemodule;
				SWIFT_OPTIMIZATION_LEVEL = "-O";
				VALIDATE_PRODUCT = YES;
			};
			name = Release;
		};
		A0E739E720E4C85E00DB31E1 /* Debug */ = {
			isa = XCBuildConfiguration;
			baseConfigurationReference = F9D40196C7AFBE8474EA6241 /* Pods-OpenArchive.debug.xcconfig */;
			buildSettings = {
				ALWAYS_EMBED_SWIFT_STANDARD_LIBRARIES = "$(inherited)";
				ASSETCATALOG_COMPILER_APPICON_NAME = AppIcon;
				CLANG_ENABLE_MODULES = YES;
				CODE_SIGN_ENTITLEMENTS = OpenArchive/OpenArchive.entitlements;
				CODE_SIGN_IDENTITY = "iPhone Developer";
				CODE_SIGN_STYLE = Manual;
				DEVELOPMENT_TEAM = "$(DEVELOPMENT_TEAM)";
				INFOPLIST_FILE = OpenArchive/Info.plist;
				LD_RUNPATH_SEARCH_PATHS = (
					"$(inherited)",
					"@executable_path/Frameworks",
				);
				PRODUCT_BUNDLE_IDENTIFIER = "$(OA_APP_BUNDLE_ID)";
				PRODUCT_NAME = "$(TARGET_NAME)";
				PROVISIONING_PROFILE = "$(PROVISIONING_PROFILE_MAIN_DEV)";
				PROVISIONING_PROFILE_SPECIFIER = "$(PROVISIONING_PROFILE_SPECIFIER_MAIN_DEV)";
				SWIFT_OBJC_BRIDGING_HEADER = "OpenArchive/OpenArchive-Bridging-Header.h";
				SWIFT_VERSION = 4.2;
				TARGETED_DEVICE_FAMILY = "1,2";
			};
			name = Debug;
		};
		A0E739E820E4C85E00DB31E1 /* Release */ = {
			isa = XCBuildConfiguration;
			baseConfigurationReference = CC67BE20A50BF4C22AE484F1 /* Pods-OpenArchive.release.xcconfig */;
			buildSettings = {
				ALWAYS_EMBED_SWIFT_STANDARD_LIBRARIES = "$(inherited)";
				ASSETCATALOG_COMPILER_APPICON_NAME = AppIcon;
				CLANG_ENABLE_MODULES = YES;
				CODE_SIGN_ENTITLEMENTS = OpenArchive/OpenArchive.entitlements;
				CODE_SIGN_IDENTITY = "iPhone Distribution";
				CODE_SIGN_STYLE = Manual;
				DEVELOPMENT_TEAM = "$(DEVELOPMENT_TEAM)";
				INFOPLIST_FILE = OpenArchive/Info.plist;
				LD_RUNPATH_SEARCH_PATHS = (
					"$(inherited)",
					"@executable_path/Frameworks",
				);
				PRODUCT_BUNDLE_IDENTIFIER = "$(OA_APP_BUNDLE_ID)";
				PRODUCT_NAME = "$(TARGET_NAME)";
				PROVISIONING_PROFILE = "$(PROVISIONING_PROFILE_MAIN_RELEASE)";
				PROVISIONING_PROFILE_SPECIFIER = "$(PROVISIONING_PROFILE_SPECIFIER_MAIN_RELEASE)";
				SWIFT_OBJC_BRIDGING_HEADER = "OpenArchive/OpenArchive-Bridging-Header.h";
				SWIFT_VERSION = 4.2;
				TARGETED_DEVICE_FAMILY = "1,2";
			};
			name = Release;
		};
/* End XCBuildConfiguration section */

/* Begin XCConfigurationList section */
		A07129082111CC90007A432A /* Build configuration list for PBXNativeTarget "ShareExtension" */ = {
			isa = XCConfigurationList;
			buildConfigurations = (
				A07129062111CC90007A432A /* Debug */,
				A07129072111CC90007A432A /* Release */,
			);
			defaultConfigurationIsVisible = 0;
			defaultConfigurationName = Release;
		};
		A0E739CF20E4C85D00DB31E1 /* Build configuration list for PBXProject "OpenArchive" */ = {
			isa = XCConfigurationList;
			buildConfigurations = (
				A0E739E420E4C85E00DB31E1 /* Debug */,
				A0E739E520E4C85E00DB31E1 /* Release */,
			);
			defaultConfigurationIsVisible = 0;
			defaultConfigurationName = Release;
		};
		A0E739E620E4C85E00DB31E1 /* Build configuration list for PBXNativeTarget "OpenArchive" */ = {
			isa = XCConfigurationList;
			buildConfigurations = (
				A0E739E720E4C85E00DB31E1 /* Debug */,
				A0E739E820E4C85E00DB31E1 /* Release */,
			);
			defaultConfigurationIsVisible = 0;
			defaultConfigurationName = Release;
		};
/* End XCConfigurationList section */
	};
	rootObject = A0E739CC20E4C85D00DB31E1 /* Project object */;
}
