// !$*UTF8*$!
{
	archiveVersion = 1;
	classes = {
	};
	objectVersion = 77;
	objects = {

/* Begin PBXBuildFile section */
		1C5A127C70A8C295D49F0426 /* Pods_ShareExtension.framework in Frameworks */ = {isa = PBXBuildFile; fileRef = FABB5D01C237B2D7FC1008A2 /* Pods_ShareExtension.framework */; };
		7D294CA198526B76E9A90039 /* Pods_Save_Screenshots.framework in Frameworks */ = {isa = PBXBuildFile; fileRef = 27981A63E67D5F420A0C87BA /* Pods_Save_Screenshots.framework */; };
		A0102D772B18EAC80054D3D4 /* Assets.xcassets in Resources */ = {isa = PBXBuildFile; fileRef = A0E739DE20E4C85E00DB31E1 /* Assets.xcassets */; };
		A0102DA82B18F1180054D3D4 /* XCTest.framework in Frameworks */ = {isa = PBXBuildFile; fileRef = A0102D5A2B18E1430054D3D4 /* XCTest.framework */; settings = {ATTRIBUTES = (Weak, ); }; };
		A07129052111CC90007A432A /* ShareExtension.appex in Embed Foundation Extensions */ = {isa = PBXBuildFile; fileRef = A07128FB2111CC90007A432A /* ShareExtension.appex */; settings = {ATTRIBUTES = (RemoveHeadersOnCopy, ); }; };
		A07678F627BE7F0E00609630 /* cleaninsights-dev.json in Resources */ = {isa = PBXBuildFile; fileRef = A07678F527BE7F0E00609630 /* cleaninsights-dev.json */; };
		A07678F727BE7F0E00609630 /* cleaninsights-dev.json in Resources */ = {isa = PBXBuildFile; fileRef = A07678F527BE7F0E00609630 /* cleaninsights-dev.json */; };
		A07678F827BE7F0E00609630 /* cleaninsights-dev.json in Resources */ = {isa = PBXBuildFile; fileRef = A07678F527BE7F0E00609630 /* cleaninsights-dev.json */; };
		A08750A92112099700BFAFE4 /* Constants.m in Sources */ = {isa = PBXBuildFile; fileRef = A08750A82112099700BFAFE4 /* Constants.m */; };
		A08750AA2112099700BFAFE4 /* Constants.m in Sources */ = {isa = PBXBuildFile; fileRef = A08750A82112099700BFAFE4 /* Constants.m */; };
		A09B538223266F02005266C2 /* Constants+Swift.swift in Sources */ = {isa = PBXBuildFile; fileRef = A0A192DF21F23B61009A8CF0 /* Constants+Swift.swift */; };
		A09B538B23266F02005266C2 /* Constants.m in Sources */ = {isa = PBXBuildFile; fileRef = A08750A82112099700BFAFE4 /* Constants.m */; };
		A09B53F423266F02005266C2 /* Localizable.strings in Resources */ = {isa = PBXBuildFile; fileRef = A0FE2C2622E1FE7C00C5443F /* Localizable.strings */; };
		A09B540A23266F02005266C2 /* ShareExtension.appex in Embed Foundation Extensions */ = {isa = PBXBuildFile; fileRef = A07128FB2111CC90007A432A /* ShareExtension.appex */; settings = {ATTRIBUTES = (RemoveHeadersOnCopy, ); }; };
		A09CC28C27E0B16500D6415D /* Localizable.stringsdict in Resources */ = {isa = PBXBuildFile; fileRef = A09CC29027E0B16500D6415D /* Localizable.stringsdict */; };
		A09CC28D27E0B16500D6415D /* Localizable.stringsdict in Resources */ = {isa = PBXBuildFile; fileRef = A09CC29027E0B16500D6415D /* Localizable.stringsdict */; };
		A09CC28E27E0B16500D6415D /* Localizable.stringsdict in Resources */ = {isa = PBXBuildFile; fileRef = A09CC29027E0B16500D6415D /* Localizable.stringsdict */; };
		A0A192E021F23B61009A8CF0 /* Constants+Swift.swift in Sources */ = {isa = PBXBuildFile; fileRef = A0A192DF21F23B61009A8CF0 /* Constants+Swift.swift */; };
		A0A192E121F23B61009A8CF0 /* Constants+Swift.swift in Sources */ = {isa = PBXBuildFile; fileRef = A0A192DF21F23B61009A8CF0 /* Constants+Swift.swift */; };
		A0B132DC2BAAFF8F00340BA5 /* PrivacyInfo.xcprivacy in Resources */ = {isa = PBXBuildFile; fileRef = A0B132DB2BAAFD4E00340BA5 /* PrivacyInfo.xcprivacy */; };
		A0B132DD2BAAFF9000340BA5 /* PrivacyInfo.xcprivacy in Resources */ = {isa = PBXBuildFile; fileRef = A0B132DB2BAAFD4E00340BA5 /* PrivacyInfo.xcprivacy */; };
		A0C475B7211488BF0012937E /* Assets.xcassets in Resources */ = {isa = PBXBuildFile; fileRef = A0E739DE20E4C85E00DB31E1 /* Assets.xcassets */; };
		A0CA19C52821849D0082BD7C /* SnapshotHelper.swift in Sources */ = {isa = PBXBuildFile; fileRef = A0CA1948282184700082BD7C /* SnapshotHelper.swift */; };
		A0CA19C62821849D0082BD7C /* SnapshotHelper.swift in Sources */ = {isa = PBXBuildFile; fileRef = A0CA1948282184700082BD7C /* SnapshotHelper.swift */; };
		A0E739DF20E4C85E00DB31E1 /* Assets.xcassets in Resources */ = {isa = PBXBuildFile; fileRef = A0E739DE20E4C85E00DB31E1 /* Assets.xcassets */; };
		A0FE2C2322E1FE7C00C5443F /* Localizable.strings in Resources */ = {isa = PBXBuildFile; fileRef = A0FE2C2622E1FE7C00C5443F /* Localizable.strings */; };
		A0FE2C2422E1FE7C00C5443F /* Localizable.strings in Resources */ = {isa = PBXBuildFile; fileRef = A0FE2C2622E1FE7C00C5443F /* Localizable.strings */; };
		F507042940A061A22263C055 /* Pods_Save.framework in Frameworks */ = {isa = PBXBuildFile; fileRef = 703A9BA1DCC8132CADD57FA7 /* Pods_Save.framework */; };
/* End PBXBuildFile section */

/* Begin PBXContainerItemProxy section */
		A05768DC22E0B67D00B39FCE /* PBXContainerItemProxy */ = {
			isa = PBXContainerItemProxy;
			containerPortal = A0E739CC20E4C85D00DB31E1 /* Project object */;
			proxyType = 1;
			remoteGlobalIDString = A0E739D320E4C85D00DB31E1;
			remoteInfo = OpenArchive;
		};
		A07129032111CC90007A432A /* PBXContainerItemProxy */ = {
			isa = PBXContainerItemProxy;
			containerPortal = A0E739CC20E4C85D00DB31E1 /* Project object */;
			proxyType = 1;
			remoteGlobalIDString = A07128FA2111CC90007A432A;
			remoteInfo = ShareExtension;
		};
		A09B537923266F02005266C2 /* PBXContainerItemProxy */ = {
			isa = PBXContainerItemProxy;
			containerPortal = A0E739CC20E4C85D00DB31E1 /* Project object */;
			proxyType = 1;
			remoteGlobalIDString = A07128FA2111CC90007A432A;
			remoteInfo = ShareExtension;
		};
		A09B541123266FDF005266C2 /* PBXContainerItemProxy */ = {
			isa = PBXContainerItemProxy;
			containerPortal = A0E739CC20E4C85D00DB31E1 /* Project object */;
			proxyType = 1;
			remoteGlobalIDString = A09B537723266F02005266C2;
			remoteInfo = "OpenArchive Screenshots";
		};
/* End PBXContainerItemProxy section */

/* Begin PBXCopyFilesBuildPhase section */
		A07129092111CC90007A432A /* Embed Foundation Extensions */ = {
			isa = PBXCopyFilesBuildPhase;
			buildActionMask = 2147483647;
			dstPath = "";
			dstSubfolderSpec = 13;
			files = (
				A07129052111CC90007A432A /* ShareExtension.appex in Embed Foundation Extensions */,
			);
			name = "Embed Foundation Extensions";
			runOnlyForDeploymentPostprocessing = 0;
		};
		A09B540923266F02005266C2 /* Embed Foundation Extensions */ = {
			isa = PBXCopyFilesBuildPhase;
			buildActionMask = 2147483647;
			dstPath = "";
			dstSubfolderSpec = 13;
			files = (
				A09B540A23266F02005266C2 /* ShareExtension.appex in Embed Foundation Extensions */,
			);
			name = "Embed Foundation Extensions";
			runOnlyForDeploymentPostprocessing = 0;
		};
/* End PBXCopyFilesBuildPhase section */

/* Begin PBXFileReference section */
		1F0F83B9AD2E367B76A410F4 /* Pods-ShareExtension.debug.xcconfig */ = {isa = PBXFileReference; includeInIndex = 1; lastKnownFileType = text.xcconfig; name = "Pods-ShareExtension.debug.xcconfig"; path = "Target Support Files/Pods-ShareExtension/Pods-ShareExtension.debug.xcconfig"; sourceTree = "<group>"; };
		21D519F82AB6A5E65B0AF8D1 /* Pods-Save Screenshots.release.xcconfig */ = {isa = PBXFileReference; includeInIndex = 1; lastKnownFileType = text.xcconfig; name = "Pods-Save Screenshots.release.xcconfig"; path = "Target Support Files/Pods-Save Screenshots/Pods-Save Screenshots.release.xcconfig"; sourceTree = "<group>"; };
		27981A63E67D5F420A0C87BA /* Pods_Save_Screenshots.framework */ = {isa = PBXFileReference; explicitFileType = wrapper.framework; includeInIndex = 0; path = Pods_Save_Screenshots.framework; sourceTree = BUILT_PRODUCTS_DIR; };
		61E571E3244E9F71E39AED3C /* Pods-Save.release.xcconfig */ = {isa = PBXFileReference; includeInIndex = 1; lastKnownFileType = text.xcconfig; name = "Pods-Save.release.xcconfig"; path = "Target Support Files/Pods-Save/Pods-Save.release.xcconfig"; sourceTree = "<group>"; };
		703A9BA1DCC8132CADD57FA7 /* Pods_Save.framework */ = {isa = PBXFileReference; explicitFileType = wrapper.framework; includeInIndex = 0; path = Pods_Save.framework; sourceTree = BUILT_PRODUCTS_DIR; };
		8D583C889B6032FCFEC50A62 /* Pods-Save Screenshots.debug.xcconfig */ = {isa = PBXFileReference; includeInIndex = 1; lastKnownFileType = text.xcconfig; name = "Pods-Save Screenshots.debug.xcconfig"; path = "Target Support Files/Pods-Save Screenshots/Pods-Save Screenshots.debug.xcconfig"; sourceTree = "<group>"; };
		A0057A0527D25EEA00A14532 /* cleaninsights-prod.json */ = {isa = PBXFileReference; lastKnownFileType = text.json; path = "cleaninsights-prod.json"; sourceTree = "<group>"; };
		A005B8B5234B57E1005611F5 /* ru */ = {isa = PBXFileReference; lastKnownFileType = text.plist.strings; name = ru; path = ru.lproj/Localizable.strings; sourceTree = "<group>"; };
		A006AF2E28193E0F007637DD /* docs */ = {isa = PBXFileReference; lastKnownFileType = folder; path = docs; sourceTree = "<group>"; };
		A0102D5A2B18E1430054D3D4 /* XCTest.framework */ = {isa = PBXFileReference; lastKnownFileType = wrapper.framework; name = XCTest.framework; path = Platforms/iPhoneOS.platform/Developer/Library/Frameworks/XCTest.framework; sourceTree = DEVELOPER_DIR; };
		A011D558233A160D0032304A /* config */ = {isa = PBXFileReference; lastKnownFileType = text; path = config; sourceTree = "<group>"; };
		A012B09A27E49ECE002C2A1A /* fr */ = {isa = PBXFileReference; lastKnownFileType = text.plist.stringsdict; name = fr; path = fr.lproj/Localizable.stringsdict; sourceTree = "<group>"; };
		A032362A2B0B986300D95BC3 /* uk */ = {isa = PBXFileReference; lastKnownFileType = text.plist.strings; name = uk; path = uk.lproj/Localizable.strings; sourceTree = "<group>"; };
		A032362B2B0B986300D95BC3 /* uk */ = {isa = PBXFileReference; lastKnownFileType = text.plist.stringsdict; name = uk; path = uk.lproj/Localizable.stringsdict; sourceTree = "<group>"; };
		A0485C2422AAF0CD00D5B176 /* LICENSE */ = {isa = PBXFileReference; lastKnownFileType = text; path = LICENSE; sourceTree = "<group>"; };
		A052A493230D810300E72594 /* CHANGELOG.md */ = {isa = PBXFileReference; lastKnownFileType = net.daringfireball.markdown; path = CHANGELOG.md; sourceTree = "<group>"; };
		A05768D722E0B67D00B39FCE /* Screenshots.xctest */ = {isa = PBXFileReference; explicitFileType = wrapper.cfbundle; includeInIndex = 0; path = Screenshots.xctest; sourceTree = BUILT_PRODUCTS_DIR; };
		A058628320E4FC5A00EE2F14 /* Podfile */ = {isa = PBXFileReference; fileEncoding = 4; lastKnownFileType = text; path = Podfile; sourceTree = "<group>"; xcLanguageSpecificationIdentifier = xcode.lang.ruby; };
		A058628520E4FDBF00EE2F14 /* Podfile.lock */ = {isa = PBXFileReference; fileEncoding = 4; lastKnownFileType = text; path = Podfile.lock; sourceTree = "<group>"; };
		A07128FB2111CC90007A432A /* ShareExtension.appex */ = {isa = PBXFileReference; explicitFileType = "wrapper.app-extension"; includeInIndex = 0; path = ShareExtension.appex; sourceTree = BUILT_PRODUCTS_DIR; };
		A07678F527BE7F0E00609630 /* cleaninsights-dev.json */ = {isa = PBXFileReference; lastKnownFileType = text.json; path = "cleaninsights-dev.json"; sourceTree = "<group>"; };
		A07727452345FA7C00366ADD /* fr */ = {isa = PBXFileReference; lastKnownFileType = text.plist.strings; name = fr; path = fr.lproj/Localizable.strings; sourceTree = "<group>"; };
		A077277E2346203A00366ADD /* es */ = {isa = PBXFileReference; lastKnownFileType = text.plist.strings; name = es; path = es.lproj/Localizable.strings; sourceTree = "<group>"; };
		A08750A72112099700BFAFE4 /* Constants.h */ = {isa = PBXFileReference; lastKnownFileType = sourcecode.c.h; path = Constants.h; sourceTree = "<group>"; };
		A08750A82112099700BFAFE4 /* Constants.m */ = {isa = PBXFileReference; lastKnownFileType = sourcecode.c.objc; path = Constants.m; sourceTree = "<group>"; };
		A08750AF21120EBF00BFAFE4 /* Save-Bridging-Header.h */ = {isa = PBXFileReference; lastKnownFileType = sourcecode.c.h; path = "Save-Bridging-Header.h"; sourceTree = "<group>"; };
		A08CA2CF27DBB7BB00F23100 /* .bartycrouch.toml */ = {isa = PBXFileReference; lastKnownFileType = text; path = .bartycrouch.toml; sourceTree = "<group>"; };
		A09B540E23266F02005266C2 /* Save Screenshots.app */ = {isa = PBXFileReference; explicitFileType = wrapper.application; includeInIndex = 0; path = "Save Screenshots.app"; sourceTree = BUILT_PRODUCTS_DIR; };
		A09CC28F27E0B16500D6415D /* en */ = {isa = PBXFileReference; lastKnownFileType = text.plist.stringsdict; name = en; path = en.lproj/Localizable.stringsdict; sourceTree = "<group>"; };
		A09CC29127E0B16C00D6415D /* de */ = {isa = PBXFileReference; lastKnownFileType = text.plist.stringsdict; name = de; path = de.lproj/Localizable.stringsdict; sourceTree = "<group>"; };
		A09DE5EA234F374400CB3E4D /* tr */ = {isa = PBXFileReference; lastKnownFileType = text.plist.strings; name = tr; path = tr.lproj/Localizable.strings; sourceTree = "<group>"; };
		A0A192DF21F23B61009A8CF0 /* Constants+Swift.swift */ = {isa = PBXFileReference; lastKnownFileType = sourcecode.swift; path = "Constants+Swift.swift"; sourceTree = "<group>"; };
		A0B132DB2BAAFD4E00340BA5 /* PrivacyInfo.xcprivacy */ = {isa = PBXFileReference; lastKnownFileType = text.xml; path = PrivacyInfo.xcprivacy; sourceTree = "<group>"; };
		A0BA76E52111FA130009801D /* Config.xcconfig */ = {isa = PBXFileReference; lastKnownFileType = text.xcconfig; path = Config.xcconfig; sourceTree = "<group>"; };
		A0C0732B20EE7AB600EA48F0 /* README.md */ = {isa = PBXFileReference; lastKnownFileType = net.daringfireball.markdown; path = README.md; sourceTree = "<group>"; };
		A0C475B6211481710012937E /* .gitignore */ = {isa = PBXFileReference; lastKnownFileType = text; path = .gitignore; sourceTree = "<group>"; };
		A0C7D8E027B6B44A00E377FD /* it */ = {isa = PBXFileReference; lastKnownFileType = text.plist.strings; name = it; path = it.lproj/Localizable.strings; sourceTree = "<group>"; };
		A0CA1946282184700082BD7C /* Appfile */ = {isa = PBXFileReference; lastKnownFileType = text; path = Appfile; sourceTree = "<group>"; xcLanguageSpecificationIdentifier = xcode.lang.ruby; };
		A0CA1947282184700082BD7C /* Pluginfile */ = {isa = PBXFileReference; lastKnownFileType = text; path = Pluginfile; sourceTree = "<group>"; xcLanguageSpecificationIdentifier = xcode.lang.ruby; };
		A0CA1948282184700082BD7C /* SnapshotHelper.swift */ = {isa = PBXFileReference; lastKnownFileType = sourcecode.swift; path = SnapshotHelper.swift; sourceTree = "<group>"; };
		A0CA1949282184700082BD7C /* Snapfile */ = {isa = PBXFileReference; indentWidth = 2; lastKnownFileType = text; path = Snapfile; sourceTree = "<group>"; tabWidth = 2; xcLanguageSpecificationIdentifier = xcode.lang.ruby; };
		A0CA194B282184700082BD7C /* Deliverfile */ = {isa = PBXFileReference; lastKnownFileType = text; path = Deliverfile; sourceTree = "<group>"; xcLanguageSpecificationIdentifier = xcode.lang.ruby; };
		A0CA19C4282184700082BD7C /* Fastfile */ = {isa = PBXFileReference; indentWidth = 2; lastKnownFileType = text; path = Fastfile; sourceTree = "<group>"; tabWidth = 2; xcLanguageSpecificationIdentifier = xcode.lang.ruby; };
		A0CA19C7282184DC0082BD7C /* screenshots */ = {isa = PBXFileReference; lastKnownFileType = folder; path = screenshots; sourceTree = "<group>"; };
		A0CA19C8282184DC0082BD7C /* metadata */ = {isa = PBXFileReference; lastKnownFileType = folder; path = metadata; sourceTree = "<group>"; };
		A0D0B69C235BD41A00748950 /* ar */ = {isa = PBXFileReference; lastKnownFileType = text.plist.strings; name = ar; path = ar.lproj/Localizable.strings; sourceTree = "<group>"; };
		A0D0B69E235BD44500748950 /* fa */ = {isa = PBXFileReference; lastKnownFileType = text.plist.strings; name = fa; path = fa.lproj/Localizable.strings; sourceTree = "<group>"; };
		A0E739D420E4C85D00DB31E1 /* Save.app */ = {isa = PBXFileReference; explicitFileType = wrapper.application; includeInIndex = 0; path = Save.app; sourceTree = BUILT_PRODUCTS_DIR; };
		A0E739DE20E4C85E00DB31E1 /* Assets.xcassets */ = {isa = PBXFileReference; lastKnownFileType = folder.assetcatalog; path = Assets.xcassets; sourceTree = "<group>"; };
		A0FE2C2522E1FE7C00C5443F /* en */ = {isa = PBXFileReference; lastKnownFileType = text.plist.strings; name = en; path = en.lproj/Localizable.strings; sourceTree = "<group>"; };
		A0FE2C2722E1FECF00C5443F /* de */ = {isa = PBXFileReference; lastKnownFileType = text.plist.strings; name = de; path = de.lproj/Localizable.strings; sourceTree = "<group>"; };
		A5E4AE8C324F163ED093B0AD /* Pods-ShareExtension.release.xcconfig */ = {isa = PBXFileReference; includeInIndex = 1; lastKnownFileType = text.xcconfig; name = "Pods-ShareExtension.release.xcconfig"; path = "Target Support Files/Pods-ShareExtension/Pods-ShareExtension.release.xcconfig"; sourceTree = "<group>"; };
		AF0519455460533C11E3A112 /* Pods-Save.debug.xcconfig */ = {isa = PBXFileReference; includeInIndex = 1; lastKnownFileType = text.xcconfig; name = "Pods-Save.debug.xcconfig"; path = "Target Support Files/Pods-Save/Pods-Save.debug.xcconfig"; sourceTree = "<group>"; };
		FABB5D01C237B2D7FC1008A2 /* Pods_ShareExtension.framework */ = {isa = PBXFileReference; explicitFileType = wrapper.framework; includeInIndex = 0; path = Pods_ShareExtension.framework; sourceTree = BUILT_PRODUCTS_DIR; };
/* End PBXFileReference section */

/* Begin PBXFileSystemSynchronizedBuildFileExceptionSet section */
		6E5A320D2D74FE220068FB41 /* Exceptions for "Save" folder in "ShareExtension" target */ = {
			isa = PBXFileSystemSynchronizedBuildFileExceptionSet;
			membershipExceptions = (
				Extensions/MontserratExtension.swift,
				Features/CustomComponents/alertController.swift,
				Features/CustomComponents/customAlert.swift,
				Features/CustomComponents/customButton.swift,
				Settings/ServerSettingsView.swift,
				Settings/WebDavSettingsViewController.swift,
			);
			target = A07128FA2111CC90007A432A /* ShareExtension */;
		};
		EAB283182D02655C0023D594 /* Exceptions for "Save" folder in "Save" target */ = {
			isa = PBXFileSystemSynchronizedBuildFileExceptionSet;
			membershipExceptions = (
				Info.plist,
			);
			target = A0E739D320E4C85D00DB31E1 /* Save */;
		};
		EAB283192D02655C0023D594 /* Exceptions for "Save" folder in "Save Screenshots" target */ = {
			isa = PBXFileSystemSynchronizedBuildFileExceptionSet;
			membershipExceptions = (
				"/Localized: InfoPlist.strings",
				"/Localized: LaunchScreen.storyboard",
				AppDelegate.swift,
				Constants/Constants.swift,
				Extensions/TimeIntervalExtension.swift,
				Info.plist,
				Onboarding/SlideshowViewController.swift,
				Onboarding/SlideViewController.swift,
				Projects/BrowseWebDavViewController.swift,
				Protocols/KeyboardHandling.swift,
				Settings/GdriveSettingsViewController.swift,
				Settings/ProofModeSettingsViewController.swift,
				Space/CreateCCLViewController.swift,
				Space/WebDavWizardViewController.swift,
				Tor/TorStartViewController.swift,
			);
			target = A09B537723266F02005266C2 /* Save Screenshots */;
		};
		EAB283202D02659C0023D594 /* Exceptions for "FormatterKit" folder in "Save" target */ = {
			isa = PBXFileSystemSynchronizedBuildFileExceptionSet;
			membershipExceptions = (
				TTTLocationFormatter.m,
			);
			target = A0E739D320E4C85D00DB31E1 /* Save */;
		};
		EAB283212D02659C0023D594 /* Exceptions for "FormatterKit" folder in "ShareExtension" target */ = {
			isa = PBXFileSystemSynchronizedBuildFileExceptionSet;
			membershipExceptions = (
				TTTLocationFormatter.m,
			);
			target = A07128FA2111CC90007A432A /* ShareExtension */;
		};
		EAB283222D02659C0023D594 /* Exceptions for "FormatterKit" folder in "Save Screenshots" target */ = {
			isa = PBXFileSystemSynchronizedBuildFileExceptionSet;
			membershipExceptions = (
				TTTLocationFormatter.m,
			);
			target = A09B537723266F02005266C2 /* Save Screenshots */;
		};
		EAB283592D0265A60023D594 /* Exceptions for "BaseClasses" folder in "ShareExtension" target */ = {
			isa = PBXFileSystemSynchronizedBuildFileExceptionSet;
			membershipExceptions = (
				BasePageViewController.swift,
			);
			target = A07128FA2111CC90007A432A /* ShareExtension */;
		};
		EAB283F32D0265AB0023D594 /* Exceptions for "Utils" folder in "Save" target */ = {
			isa = PBXFileSystemSynchronizedBuildFileExceptionSet;
			membershipExceptions = (
				"Request+debug.swift",
			);
			target = A0E739D320E4C85D00DB31E1 /* Save */;
		};
		EAB283F42D0265AB0023D594 /* Exceptions for "Utils" folder in "ShareExtension" target */ = {
			isa = PBXFileSystemSynchronizedBuildFileExceptionSet;
			membershipExceptions = (
				AlertHelper.swift,
				AssetPicker.swift,
				"Dictionary+Utils.swift",
				"NSError+from.swift",
				"Request+debug.swift",
				SecureEnclave.swift,
			);
			target = A07128FA2111CC90007A432A /* ShareExtension */;
		};
		EAB283F52D0265AB0023D594 /* Exceptions for "Utils" folder in "Save Screenshots" target */ = {
			isa = PBXFileSystemSynchronizedBuildFileExceptionSet;
			membershipExceptions = (
				"Request+debug.swift",
			);
			target = A09B537723266F02005266C2 /* Save Screenshots */;
		};
		EAB284C82D0265B60023D594 /* Exceptions for "Views" folder in "Save" target */ = {
			isa = PBXFileSystemSynchronizedBuildFileExceptionSet;
			membershipExceptions = (
				"LinkRow-extension.swift",
			);
			target = A0E739D320E4C85D00DB31E1 /* Save */;
		};
		EAB284C92D0265B60023D594 /* Exceptions for "Views" folder in "ShareExtension" target */ = {
			isa = PBXFileSystemSynchronizedBuildFileExceptionSet;
			membershipExceptions = (
				LinkRow.swift,
				RemoveAssetAlert.swift,
			);
			target = A07128FA2111CC90007A432A /* ShareExtension */;
		};
		EAB284CA2D0265B60023D594 /* Exceptions for "Views" folder in "Save Screenshots" target */ = {
			isa = PBXFileSystemSynchronizedBuildFileExceptionSet;
			membershipExceptions = (
				"LinkRow-extension.swift",
			);
			target = A09B537723266F02005266C2 /* Save Screenshots */;
		};
		EAB284F12D0265BC0023D594 /* Exceptions for "Montserrat" folder in "Save" target */ = {
			isa = PBXFileSystemSynchronizedBuildFileExceptionSet;
			membershipExceptions = (
				"Montserrat-Black.ttf",
				"Montserrat-BlackItalic.ttf",
				"Montserrat-Bold.ttf",
				"Montserrat-BoldItalic.ttf",
				"Montserrat-ExtraBold.ttf",
				"Montserrat-ExtraBoldItalic.ttf",
				"Montserrat-ExtraLight.ttf",
				"Montserrat-ExtraLightItalic.ttf",
				"Montserrat-Italic.ttf",
				"Montserrat-Light.ttf",
				"Montserrat-LightItalic.ttf",
				"Montserrat-Medium.ttf",
				"Montserrat-MediumItalic.ttf",
				"Montserrat-Regular.ttf",
				"Montserrat-SemiBold.ttf",
				"Montserrat-SemiBoldItalic.ttf",
				"Montserrat-Thin.ttf",
				"Montserrat-ThinItalic.ttf",
			);
			target = A0E739D320E4C85D00DB31E1 /* Save */;
		};
		EAB284F22D0265BC0023D594 /* Exceptions for "Montserrat" folder in "ShareExtension" target */ = {
			isa = PBXFileSystemSynchronizedBuildFileExceptionSet;
			membershipExceptions = (
				"Montserrat-Black.ttf",
				"Montserrat-Bold.ttf",
				"Montserrat-BoldItalic.ttf",
				"Montserrat-Medium.ttf",
				"Montserrat-MediumItalic.ttf",
				"Montserrat-Regular.ttf",
			);
			target = A07128FA2111CC90007A432A /* ShareExtension */;
		};
		EAB284F32D0265BC0023D594 /* Exceptions for "Montserrat" folder in "Save Screenshots" target */ = {
			isa = PBXFileSystemSynchronizedBuildFileExceptionSet;
			membershipExceptions = (
				"Montserrat-Black.ttf",
				"Montserrat-Bold.ttf",
				"Montserrat-BoldItalic.ttf",
				"Montserrat-Medium.ttf",
				"Montserrat-MediumItalic.ttf",
				"Montserrat-Regular.ttf",
			);
			target = A09B537723266F02005266C2 /* Save Screenshots */;
		};
		EAB284F92D0265C40023D594 /* Exceptions for "ShareExtension" folder in "ShareExtension" target */ = {
			isa = PBXFileSystemSynchronizedBuildFileExceptionSet;
			membershipExceptions = (
				MainViewController.swift,
			);
			target = A07128FA2111CC90007A432A /* ShareExtension */;
		};
		EAB284FE2D0265C90023D594 /* Exceptions for "Screenshots" folder in "Screenshots" target */ = {
			isa = PBXFileSystemSynchronizedBuildFileExceptionSet;
			membershipExceptions = (
				Screenshots.swift,
			);
			target = A05768D622E0B67D00B39FCE /* Screenshots */;
		};
		EAB2850A2D0265CE0023D594 /* Exceptions for "Save Screenshots" folder in "Save Screenshots" target */ = {
			isa = PBXFileSystemSynchronizedBuildFileExceptionSet;
			membershipExceptions = (
				Info.plist,
			);
			target = A09B537723266F02005266C2 /* Save Screenshots */;
		};
/* End PBXFileSystemSynchronizedBuildFileExceptionSet section */

/* Begin PBXFileSystemSynchronizedRootGroup section */
		EAB282292D02655C0023D594 /* Save */ = {
			isa = PBXFileSystemSynchronizedRootGroup;
			exceptions = (
				EAB283182D02655C0023D594 /* Exceptions for "Save" folder in "Save" target */,
				6E5A320D2D74FE220068FB41 /* Exceptions for "Save" folder in "ShareExtension" target */,
				EAB283192D02655C0023D594 /* Exceptions for "Save" folder in "Save Screenshots" target */,
			);
			path = Save;
			sourceTree = "<group>";
		};
		EAB2831C2D02659C0023D594 /* FormatterKit */ = {
			isa = PBXFileSystemSynchronizedRootGroup;
			exceptions = (
				EAB283202D02659C0023D594 /* Exceptions for "FormatterKit" folder in "Save" target */,
				EAB283212D02659C0023D594 /* Exceptions for "FormatterKit" folder in "ShareExtension" target */,
				EAB283222D02659C0023D594 /* Exceptions for "FormatterKit" folder in "Save Screenshots" target */,
			);
			path = FormatterKit;
			sourceTree = "<group>";
		};
		EAB2832A2D0265A10023D594 /* Projects */ = {
			isa = PBXFileSystemSynchronizedRootGroup;
			path = Projects;
			sourceTree = "<group>";
		};
		EAB283462D0265A60023D594 /* BaseClasses */ = {
			isa = PBXFileSystemSynchronizedRootGroup;
			exceptions = (
				EAB283592D0265A60023D594 /* Exceptions for "BaseClasses" folder in "ShareExtension" target */,
			);
			path = BaseClasses;
			sourceTree = "<group>";
		};
		EAB283802D0265AB0023D594 /* Utils */ = {
			isa = PBXFileSystemSynchronizedRootGroup;
			exceptions = (
				EAB283F32D0265AB0023D594 /* Exceptions for "Utils" folder in "Save" target */,
				EAB283F42D0265AB0023D594 /* Exceptions for "Utils" folder in "ShareExtension" target */,
				EAB283F52D0265AB0023D594 /* Exceptions for "Utils" folder in "Save Screenshots" target */,
			);
			path = Utils;
			sourceTree = "<group>";
		};
		EAB2840B2D0265AF0023D594 /* Models */ = {
			isa = PBXFileSystemSynchronizedRootGroup;
			path = Models;
			sourceTree = "<group>";
		};
		EAB2846A2D0265B60023D594 /* Views */ = {
			isa = PBXFileSystemSynchronizedRootGroup;
			exceptions = (
				EAB284C82D0265B60023D594 /* Exceptions for "Views" folder in "Save" target */,
				EAB284C92D0265B60023D594 /* Exceptions for "Views" folder in "ShareExtension" target */,
				EAB284CA2D0265B60023D594 /* Exceptions for "Views" folder in "Save Screenshots" target */,
			);
			path = Views;
			sourceTree = "<group>";
		};
		EAB284DE2D0265BC0023D594 /* Montserrat */ = {
			isa = PBXFileSystemSynchronizedRootGroup;
			exceptions = (
				EAB284F12D0265BC0023D594 /* Exceptions for "Montserrat" folder in "Save" target */,
				EAB284F22D0265BC0023D594 /* Exceptions for "Montserrat" folder in "ShareExtension" target */,
				EAB284F32D0265BC0023D594 /* Exceptions for "Montserrat" folder in "Save Screenshots" target */,
			);
			path = Montserrat;
			sourceTree = "<group>";
		};
		EAB284F72D0265C40023D594 /* ShareExtension */ = {
			isa = PBXFileSystemSynchronizedRootGroup;
			exceptions = (
				EAB284F92D0265C40023D594 /* Exceptions for "ShareExtension" folder in "ShareExtension" target */,
			);
			path = ShareExtension;
			sourceTree = "<group>";
		};
		EAB284FC2D0265C90023D594 /* Screenshots */ = {
			isa = PBXFileSystemSynchronizedRootGroup;
			exceptions = (
				EAB284FE2D0265C90023D594 /* Exceptions for "Screenshots" folder in "Screenshots" target */,
			);
			path = Screenshots;
			sourceTree = "<group>";
		};
		EAB285042D0265CE0023D594 /* Save Screenshots */ = {
			isa = PBXFileSystemSynchronizedRootGroup;
			exceptions = (
				EAB2850A2D0265CE0023D594 /* Exceptions for "Save Screenshots" folder in "Save Screenshots" target */,
			);
			path = "Save Screenshots";
			sourceTree = "<group>";
		};
/* End PBXFileSystemSynchronizedRootGroup section */

/* Begin PBXFrameworksBuildPhase section */
		A05768D422E0B67D00B39FCE /* Frameworks */ = {
			isa = PBXFrameworksBuildPhase;
			buildActionMask = 2147483647;
			files = (
			);
			runOnlyForDeploymentPostprocessing = 0;
		};
		A07128F82111CC90007A432A /* Frameworks */ = {
			isa = PBXFrameworksBuildPhase;
			buildActionMask = 2147483647;
			files = (
				1C5A127C70A8C295D49F0426 /* Pods_ShareExtension.framework in Frameworks */,
			);
			runOnlyForDeploymentPostprocessing = 0;
		};
		A09B53E323266F02005266C2 /* Frameworks */ = {
			isa = PBXFrameworksBuildPhase;
			buildActionMask = 2147483647;
			files = (
				A0102DA82B18F1180054D3D4 /* XCTest.framework in Frameworks */,
				7D294CA198526B76E9A90039 /* Pods_Save_Screenshots.framework in Frameworks */,
			);
			runOnlyForDeploymentPostprocessing = 0;
		};
		A0E739D120E4C85D00DB31E1 /* Frameworks */ = {
			isa = PBXFrameworksBuildPhase;
			buildActionMask = 2147483647;
			files = (
				F507042940A061A22263C055 /* Pods_Save.framework in Frameworks */,
			);
			runOnlyForDeploymentPostprocessing = 0;
		};
/* End PBXFrameworksBuildPhase section */

/* Begin PBXGroup section */
		6AAB53639208069CBC173B87 /* Pods */ = {
			isa = PBXGroup;
			children = (
				AF0519455460533C11E3A112 /* Pods-Save.debug.xcconfig */,
				61E571E3244E9F71E39AED3C /* Pods-Save.release.xcconfig */,
				8D583C889B6032FCFEC50A62 /* Pods-Save Screenshots.debug.xcconfig */,
				21D519F82AB6A5E65B0AF8D1 /* Pods-Save Screenshots.release.xcconfig */,
				1F0F83B9AD2E367B76A410F4 /* Pods-ShareExtension.debug.xcconfig */,
				A5E4AE8C324F163ED093B0AD /* Pods-ShareExtension.release.xcconfig */,
			);
			path = Pods;
			sourceTree = "<group>";
		};
		A011D557233A160D0032304A /* .tx */ = {
			isa = PBXGroup;
			children = (
				A011D558233A160D0032304A /* config */,
			);
			path = .tx;
			sourceTree = "<group>";
		};
		A058628220E4FC4700EE2F14 /* Build */ = {
			isa = PBXGroup;
			children = (
				A011D557233A160D0032304A /* .tx */,
				A006AF2E28193E0F007637DD /* docs */,
				A0CA18C4282184700082BD7C /* fastlane */,
				A0C475B6211481710012937E /* .gitignore */,
				A058628320E4FC5A00EE2F14 /* Podfile */,
				A058628520E4FDBF00EE2F14 /* Podfile.lock */,
				A0C0732B20EE7AB600EA48F0 /* README.md */,
				A052A493230D810300E72594 /* CHANGELOG.md */,
				A0485C2422AAF0CD00D5B176 /* LICENSE */,
				A08CA2CF27DBB7BB00F23100 /* .bartycrouch.toml */,
			);
			name = Build;
			sourceTree = "<group>";
		};
		A07129142111F991007A432A /* Shared */ = {
			isa = PBXGroup;
			children = (
				EAB2831C2D02659C0023D594 /* FormatterKit */,
				EAB2832A2D0265A10023D594 /* Projects */,
				EAB283462D0265A60023D594 /* BaseClasses */,
				EAB283802D0265AB0023D594 /* Utils */,
				EAB2840B2D0265AF0023D594 /* Models */,
				EAB2846A2D0265B60023D594 /* Views */,
				EAB284DE2D0265BC0023D594 /* Montserrat */,
				A0E739DE20E4C85E00DB31E1 /* Assets.xcassets */,
				A08750A72112099700BFAFE4 /* Constants.h */,
				A08750A82112099700BFAFE4 /* Constants.m */,
				A0A192DF21F23B61009A8CF0 /* Constants+Swift.swift */,
				A0BA76E52111FA130009801D /* Config.xcconfig */,
				A08750AF21120EBF00BFAFE4 /* Save-Bridging-Header.h */,
				A07678F527BE7F0E00609630 /* cleaninsights-dev.json */,
				A0057A0527D25EEA00A14532 /* cleaninsights-prod.json */,
				A0FE2C2622E1FE7C00C5443F /* Localizable.strings */,
				A09CC29027E0B16500D6415D /* Localizable.stringsdict */,
				A0B132DB2BAAFD4E00340BA5 /* PrivacyInfo.xcprivacy */,
			);
			path = Shared;
			sourceTree = "<group>";
		};
		A0CA18C4282184700082BD7C /* fastlane */ = {
			isa = PBXGroup;
			children = (
				A0CA19C8282184DC0082BD7C /* metadata */,
				A0CA19C7282184DC0082BD7C /* screenshots */,
				A0CA1946282184700082BD7C /* Appfile */,
				A0CA194B282184700082BD7C /* Deliverfile */,
				A0CA19C4282184700082BD7C /* Fastfile */,
				A0CA1947282184700082BD7C /* Pluginfile */,
				A0CA1949282184700082BD7C /* Snapfile */,
				A0CA1948282184700082BD7C /* SnapshotHelper.swift */,
			);
			path = fastlane;
			sourceTree = "<group>";
		};
		A0E739CB20E4C85D00DB31E1 = {
			isa = PBXGroup;
			children = (
				A058628220E4FC4700EE2F14 /* Build */,
				EAB282292D02655C0023D594 /* Save */,
				A07129142111F991007A432A /* Shared */,
				EAB284F72D0265C40023D594 /* ShareExtension */,
				EAB284FC2D0265C90023D594 /* Screenshots */,
				EAB285042D0265CE0023D594 /* Save Screenshots */,
				A0E739D520E4C85D00DB31E1 /* Products */,
				6AAB53639208069CBC173B87 /* Pods */,
				B93B8DF006DA0A82FE954AEC /* Frameworks */,
			);
			sourceTree = "<group>";
		};
		A0E739D520E4C85D00DB31E1 /* Products */ = {
			isa = PBXGroup;
			children = (
				A0E739D420E4C85D00DB31E1 /* Save.app */,
				A07128FB2111CC90007A432A /* ShareExtension.appex */,
				A05768D722E0B67D00B39FCE /* Screenshots.xctest */,
				A09B540E23266F02005266C2 /* Save Screenshots.app */,
			);
			name = Products;
			sourceTree = "<group>";
		};
		B93B8DF006DA0A82FE954AEC /* Frameworks */ = {
			isa = PBXGroup;
			children = (
				A0102D5A2B18E1430054D3D4 /* XCTest.framework */,
				703A9BA1DCC8132CADD57FA7 /* Pods_Save.framework */,
				27981A63E67D5F420A0C87BA /* Pods_Save_Screenshots.framework */,
				FABB5D01C237B2D7FC1008A2 /* Pods_ShareExtension.framework */,
			);
			name = Frameworks;
			sourceTree = "<group>";
		};
/* End PBXGroup section */

/* Begin PBXNativeTarget section */
		A05768D622E0B67D00B39FCE /* Screenshots */ = {
			isa = PBXNativeTarget;
			buildConfigurationList = A05768E022E0B67D00B39FCE /* Build configuration list for PBXNativeTarget "Screenshots" */;
			buildPhases = (
				A05768D322E0B67D00B39FCE /* Sources */,
				A05768D422E0B67D00B39FCE /* Frameworks */,
				A05768D522E0B67D00B39FCE /* Resources */,
			);
			buildRules = (
			);
			dependencies = (
				A05768DD22E0B67D00B39FCE /* PBXTargetDependency */,
				A09B541223266FDF005266C2 /* PBXTargetDependency */,
			);
			name = Screenshots;
			productName = Screenshots;
			productReference = A05768D722E0B67D00B39FCE /* Screenshots.xctest */;
			productType = "com.apple.product-type.bundle.ui-testing";
		};
		A07128FA2111CC90007A432A /* ShareExtension */ = {
			isa = PBXNativeTarget;
			buildConfigurationList = A07129082111CC90007A432A /* Build configuration list for PBXNativeTarget "ShareExtension" */;
			buildPhases = (
				2A8167EAFD8FDA7F9B84D9E2 /* [CP] Check Pods Manifest.lock */,
				A08CA2CE27DBB78200F23100 /* BartyCrouch */,
				A07128F72111CC90007A432A /* Sources */,
				A07128F82111CC90007A432A /* Frameworks */,
				A07128F92111CC90007A432A /* Resources */,
			);
			buildRules = (
			);
			dependencies = (
			);
			fileSystemSynchronizedGroups = (
				EAB2832A2D0265A10023D594 /* Projects */,
				EAB283462D0265A60023D594 /* BaseClasses */,
				EAB283802D0265AB0023D594 /* Utils */,
				EAB2840B2D0265AF0023D594 /* Models */,
				EAB2846A2D0265B60023D594 /* Views */,
			);
			name = ShareExtension;
			productName = ShareExtension;
			productReference = A07128FB2111CC90007A432A /* ShareExtension.appex */;
			productType = "com.apple.product-type.app-extension";
		};
		A09B537723266F02005266C2 /* Save Screenshots */ = {
			isa = PBXNativeTarget;
			buildConfigurationList = A09B540B23266F02005266C2 /* Build configuration list for PBXNativeTarget "Save Screenshots" */;
			buildPhases = (
				D46DFE39D0E40504846902BE /* [CP] Check Pods Manifest.lock */,
				A09B537B23266F02005266C2 /* Sources */,
				A09B53E323266F02005266C2 /* Frameworks */,
				A09B53E523266F02005266C2 /* Resources */,
				A09B540923266F02005266C2 /* Embed Foundation Extensions */,
				9613BA7D693FA8D02D9BD9F0 /* [CP] Embed Pods Frameworks */,
				D73998FEF3AD69C9BAB011C3 /* [CP] Copy Pods Resources */,
			);
			buildRules = (
			);
			dependencies = (
				A09B537823266F02005266C2 /* PBXTargetDependency */,
			);
			fileSystemSynchronizedGroups = (
				EAB282292D02655C0023D594 /* Save */,
				EAB2832A2D0265A10023D594 /* Projects */,
				EAB283462D0265A60023D594 /* BaseClasses */,
				EAB283802D0265AB0023D594 /* Utils */,
				EAB2840B2D0265AF0023D594 /* Models */,
				EAB2846A2D0265B60023D594 /* Views */,
				EAB285042D0265CE0023D594 /* Save Screenshots */,
			);
			name = "Save Screenshots";
			productName = OpenArchive;
			productReference = A09B540E23266F02005266C2 /* Save Screenshots.app */;
			productType = "com.apple.product-type.application";
		};
		A0E739D320E4C85D00DB31E1 /* Save */ = {
			isa = PBXNativeTarget;
			buildConfigurationList = A0E739E620E4C85E00DB31E1 /* Build configuration list for PBXNativeTarget "Save" */;
			buildPhases = (
				2A8F4DCCA2CB71F6175AA078 /* [CP] Check Pods Manifest.lock */,
				A0E739D020E4C85D00DB31E1 /* Sources */,
				A0E739D120E4C85D00DB31E1 /* Frameworks */,
				A0E739D220E4C85D00DB31E1 /* Resources */,
				A07129092111CC90007A432A /* Embed Foundation Extensions */,
				39ADDA7DF5BD3D09D9C26BDF /* [CP] Embed Pods Frameworks */,
				8D49F10B5297F48ABD2558BC /* [CP] Copy Pods Resources */,
			);
			buildRules = (
			);
			dependencies = (
				A07129042111CC90007A432A /* PBXTargetDependency */,
			);
			fileSystemSynchronizedGroups = (
				EAB282292D02655C0023D594 /* Save */,
				EAB2832A2D0265A10023D594 /* Projects */,
				EAB283462D0265A60023D594 /* BaseClasses */,
				EAB283802D0265AB0023D594 /* Utils */,
				EAB2840B2D0265AF0023D594 /* Models */,
				EAB2846A2D0265B60023D594 /* Views */,
			);
			name = Save;
			productName = OpenArchive;
			productReference = A0E739D420E4C85D00DB31E1 /* Save.app */;
			productType = "com.apple.product-type.application";
		};
/* End PBXNativeTarget section */

/* Begin PBXProject section */
		A0E739CC20E4C85D00DB31E1 /* Project object */ = {
			isa = PBXProject;
			attributes = {
				BuildIndependentTargetsInParallel = YES;
				LastSwiftUpdateCheck = 1020;
				LastUpgradeCheck = 1530;
				ORGANIZATIONNAME = "Open Archive";
				TargetAttributes = {
					A05768D622E0B67D00B39FCE = {
						CreatedOnToolsVersion = 10.2.1;
						TestTargetID = A09B537723266F02005266C2;
					};
					A07128FA2111CC90007A432A = {
						CreatedOnToolsVersion = 9.4.1;
						LastSwiftMigration = 1020;
						SystemCapabilities = {
							com.apple.ApplicationGroups.iOS = {
								enabled = 1;
							};
						};
					};
					A0E739D320E4C85D00DB31E1 = {
						CreatedOnToolsVersion = 9.4.1;
						LastSwiftMigration = 1020;
						SystemCapabilities = {
							com.apple.ApplicationGroups.iOS = {
								enabled = 1;
							};
							com.apple.BackgroundModes = {
								enabled = 1;
							};
						};
					};
				};
			};
			buildConfigurationList = A0E739CF20E4C85D00DB31E1 /* Build configuration list for PBXProject "Save" */;
			developmentRegion = en;
			hasScannedForEncodings = 0;
			knownRegions = (
				en,
				Base,
				de,
				fr,
				es,
				ru,
				tr,
				ar,
				fa,
				it,
				uk,
			);
			mainGroup = A0E739CB20E4C85D00DB31E1;
			packageReferences = (
				6ED29CFB2D68B608002E0189 /* XCRemoteSwiftPackageReference "SwiftUI-Introspect" */,
			);
			preferredProjectObjectVersion = 77;
			productRefGroup = A0E739D520E4C85D00DB31E1 /* Products */;
			projectDirPath = "";
			projectRoot = "";
			targets = (
				A0E739D320E4C85D00DB31E1 /* Save */,
				A07128FA2111CC90007A432A /* ShareExtension */,
				A09B537723266F02005266C2 /* Save Screenshots */,
				A05768D622E0B67D00B39FCE /* Screenshots */,
			);
		};
/* End PBXProject section */

/* Begin PBXResourcesBuildPhase section */
		A05768D522E0B67D00B39FCE /* Resources */ = {
			isa = PBXResourcesBuildPhase;
			buildActionMask = 2147483647;
			files = (
			);
			runOnlyForDeploymentPostprocessing = 0;
		};
		A07128F92111CC90007A432A /* Resources */ = {
			isa = PBXResourcesBuildPhase;
			buildActionMask = 2147483647;
			files = (
				A07678F727BE7F0E00609630 /* cleaninsights-dev.json in Resources */,
				A09CC28D27E0B16500D6415D /* Localizable.stringsdict in Resources */,
				A0C475B7211488BF0012937E /* Assets.xcassets in Resources */,
				A0FE2C2422E1FE7C00C5443F /* Localizable.strings in Resources */,
				A0B132DD2BAAFF9000340BA5 /* PrivacyInfo.xcprivacy in Resources */,
			);
			runOnlyForDeploymentPostprocessing = 0;
		};
		A09B53E523266F02005266C2 /* Resources */ = {
			isa = PBXResourcesBuildPhase;
			buildActionMask = 2147483647;
			files = (
				A09CC28E27E0B16500D6415D /* Localizable.stringsdict in Resources */,
				A0102D772B18EAC80054D3D4 /* Assets.xcassets in Resources */,
				A09B53F423266F02005266C2 /* Localizable.strings in Resources */,
				A07678F827BE7F0E00609630 /* cleaninsights-dev.json in Resources */,
			);
			runOnlyForDeploymentPostprocessing = 0;
		};
		A0E739D220E4C85D00DB31E1 /* Resources */ = {
			isa = PBXResourcesBuildPhase;
			buildActionMask = 2147483647;
			files = (
				A09CC28C27E0B16500D6415D /* Localizable.stringsdict in Resources */,
				A0FE2C2322E1FE7C00C5443F /* Localizable.strings in Resources */,
				A0E739DF20E4C85E00DB31E1 /* Assets.xcassets in Resources */,
				A0B132DC2BAAFF8F00340BA5 /* PrivacyInfo.xcprivacy in Resources */,
				A07678F627BE7F0E00609630 /* cleaninsights-dev.json in Resources */,
			);
			runOnlyForDeploymentPostprocessing = 0;
		};
/* End PBXResourcesBuildPhase section */

/* Begin PBXShellScriptBuildPhase section */
		2A8167EAFD8FDA7F9B84D9E2 /* [CP] Check Pods Manifest.lock */ = {
			isa = PBXShellScriptBuildPhase;
			buildActionMask = 2147483647;
			files = (
			);
			inputFileListPaths = (
			);
			inputPaths = (
				"${PODS_PODFILE_DIR_PATH}/Podfile.lock",
				"${PODS_ROOT}/Manifest.lock",
			);
			name = "[CP] Check Pods Manifest.lock";
			outputFileListPaths = (
			);
			outputPaths = (
				"$(DERIVED_FILE_DIR)/Pods-ShareExtension-checkManifestLockResult.txt",
			);
			runOnlyForDeploymentPostprocessing = 0;
			shellPath = /bin/sh;
			shellScript = "diff \"${PODS_PODFILE_DIR_PATH}/Podfile.lock\" \"${PODS_ROOT}/Manifest.lock\" > /dev/null\nif [ $? != 0 ] ; then\n    # print error to STDERR\n    echo \"error: The sandbox is not in sync with the Podfile.lock. Run 'pod install' or update your CocoaPods installation.\" >&2\n    exit 1\nfi\n# This output is used by Xcode 'outputs' to avoid re-running this script phase.\necho \"SUCCESS\" > \"${SCRIPT_OUTPUT_FILE_0}\"\n";
			showEnvVarsInLog = 0;
		};
		2A8F4DCCA2CB71F6175AA078 /* [CP] Check Pods Manifest.lock */ = {
			isa = PBXShellScriptBuildPhase;
			buildActionMask = 2147483647;
			files = (
			);
			inputFileListPaths = (
			);
			inputPaths = (
				"${PODS_PODFILE_DIR_PATH}/Podfile.lock",
				"${PODS_ROOT}/Manifest.lock",
			);
			name = "[CP] Check Pods Manifest.lock";
			outputFileListPaths = (
			);
			outputPaths = (
				"$(DERIVED_FILE_DIR)/Pods-Save-checkManifestLockResult.txt",
			);
			runOnlyForDeploymentPostprocessing = 0;
			shellPath = /bin/sh;
			shellScript = "diff \"${PODS_PODFILE_DIR_PATH}/Podfile.lock\" \"${PODS_ROOT}/Manifest.lock\" > /dev/null\nif [ $? != 0 ] ; then\n    # print error to STDERR\n    echo \"error: The sandbox is not in sync with the Podfile.lock. Run 'pod install' or update your CocoaPods installation.\" >&2\n    exit 1\nfi\n# This output is used by Xcode 'outputs' to avoid re-running this script phase.\necho \"SUCCESS\" > \"${SCRIPT_OUTPUT_FILE_0}\"\n";
			showEnvVarsInLog = 0;
		};
		39ADDA7DF5BD3D09D9C26BDF /* [CP] Embed Pods Frameworks */ = {
			isa = PBXShellScriptBuildPhase;
			buildActionMask = 2147483647;
			files = (
			);
			inputFileListPaths = (
				"${PODS_ROOT}/Target Support Files/Pods-Save/Pods-Save-frameworks-${CONFIGURATION}-input-files.xcfilelist",
			);
			name = "[CP] Embed Pods Frameworks";
			outputFileListPaths = (
				"${PODS_ROOT}/Target Support Files/Pods-Save/Pods-Save-frameworks-${CONFIGURATION}-output-files.xcfilelist",
			);
			runOnlyForDeploymentPostprocessing = 0;
			shellPath = /bin/sh;
			shellScript = "\"${PODS_ROOT}/Target Support Files/Pods-Save/Pods-Save-frameworks.sh\"\n";
			showEnvVarsInLog = 0;
		};
		8D49F10B5297F48ABD2558BC /* [CP] Copy Pods Resources */ = {
			isa = PBXShellScriptBuildPhase;
			buildActionMask = 2147483647;
			files = (
			);
			inputFileListPaths = (
				"${PODS_ROOT}/Target Support Files/Pods-Save/Pods-Save-resources-${CONFIGURATION}-input-files.xcfilelist",
			);
			name = "[CP] Copy Pods Resources";
			outputFileListPaths = (
				"${PODS_ROOT}/Target Support Files/Pods-Save/Pods-Save-resources-${CONFIGURATION}-output-files.xcfilelist",
			);
			runOnlyForDeploymentPostprocessing = 0;
			shellPath = /bin/sh;
			shellScript = "\"${PODS_ROOT}/Target Support Files/Pods-Save/Pods-Save-resources.sh\"\n";
			showEnvVarsInLog = 0;
		};
		9613BA7D693FA8D02D9BD9F0 /* [CP] Embed Pods Frameworks */ = {
			isa = PBXShellScriptBuildPhase;
			buildActionMask = 2147483647;
			files = (
			);
			inputFileListPaths = (
				"${PODS_ROOT}/Target Support Files/Pods-Save Screenshots/Pods-Save Screenshots-frameworks-${CONFIGURATION}-input-files.xcfilelist",
			);
			name = "[CP] Embed Pods Frameworks";
			outputFileListPaths = (
				"${PODS_ROOT}/Target Support Files/Pods-Save Screenshots/Pods-Save Screenshots-frameworks-${CONFIGURATION}-output-files.xcfilelist",
			);
			runOnlyForDeploymentPostprocessing = 0;
			shellPath = /bin/sh;
			shellScript = "\"${PODS_ROOT}/Target Support Files/Pods-Save Screenshots/Pods-Save Screenshots-frameworks.sh\"\n";
			showEnvVarsInLog = 0;
		};
		A08CA2CE27DBB78200F23100 /* BartyCrouch */ = {
			isa = PBXShellScriptBuildPhase;
			alwaysOutOfDate = 1;
			buildActionMask = 2147483647;
			files = (
			);
			inputFileListPaths = (
			);
			inputPaths = (
			);
			name = BartyCrouch;
			outputFileListPaths = (
			);
			outputPaths = (
			);
			runOnlyForDeploymentPostprocessing = 0;
			shellPath = /bin/sh;
			shellScript = "if [ -f /opt/homebrew/bin/bartycrouch ]; then\n    /opt/homebrew/bin/bartycrouch update -x\n    /opt/homebrew/bin/bartycrouch lint -x\nelse\n    echo \"warning: BartyCrouch not installed. Download it form https://github.com/Flinesoft/BartyCrouch\"\nfi\n";
		};
		D46DFE39D0E40504846902BE /* [CP] Check Pods Manifest.lock */ = {
			isa = PBXShellScriptBuildPhase;
			buildActionMask = 2147483647;
			files = (
			);
			inputFileListPaths = (
			);
			inputPaths = (
				"${PODS_PODFILE_DIR_PATH}/Podfile.lock",
				"${PODS_ROOT}/Manifest.lock",
			);
			name = "[CP] Check Pods Manifest.lock";
			outputFileListPaths = (
			);
			outputPaths = (
				"$(DERIVED_FILE_DIR)/Pods-Save Screenshots-checkManifestLockResult.txt",
			);
			runOnlyForDeploymentPostprocessing = 0;
			shellPath = /bin/sh;
			shellScript = "diff \"${PODS_PODFILE_DIR_PATH}/Podfile.lock\" \"${PODS_ROOT}/Manifest.lock\" > /dev/null\nif [ $? != 0 ] ; then\n    # print error to STDERR\n    echo \"error: The sandbox is not in sync with the Podfile.lock. Run 'pod install' or update your CocoaPods installation.\" >&2\n    exit 1\nfi\n# This output is used by Xcode 'outputs' to avoid re-running this script phase.\necho \"SUCCESS\" > \"${SCRIPT_OUTPUT_FILE_0}\"\n";
			showEnvVarsInLog = 0;
		};
		D73998FEF3AD69C9BAB011C3 /* [CP] Copy Pods Resources */ = {
			isa = PBXShellScriptBuildPhase;
			buildActionMask = 2147483647;
			files = (
			);
			inputFileListPaths = (
				"${PODS_ROOT}/Target Support Files/Pods-Save Screenshots/Pods-Save Screenshots-resources-${CONFIGURATION}-input-files.xcfilelist",
			);
			name = "[CP] Copy Pods Resources";
			outputFileListPaths = (
				"${PODS_ROOT}/Target Support Files/Pods-Save Screenshots/Pods-Save Screenshots-resources-${CONFIGURATION}-output-files.xcfilelist",
			);
			runOnlyForDeploymentPostprocessing = 0;
			shellPath = /bin/sh;
			shellScript = "\"${PODS_ROOT}/Target Support Files/Pods-Save Screenshots/Pods-Save Screenshots-resources.sh\"\n";
			showEnvVarsInLog = 0;
		};
/* End PBXShellScriptBuildPhase section */

/* Begin PBXSourcesBuildPhase section */
		A05768D322E0B67D00B39FCE /* Sources */ = {
			isa = PBXSourcesBuildPhase;
			buildActionMask = 2147483647;
			files = (
				A0CA19C62821849D0082BD7C /* SnapshotHelper.swift in Sources */,
			);
			runOnlyForDeploymentPostprocessing = 0;
		};
		A07128F72111CC90007A432A /* Sources */ = {
			isa = PBXSourcesBuildPhase;
			buildActionMask = 2147483647;
			files = (
				A08750AA2112099700BFAFE4 /* Constants.m in Sources */,
				A0A192E121F23B61009A8CF0 /* Constants+Swift.swift in Sources */,
			);
			runOnlyForDeploymentPostprocessing = 0;
		};
		A09B537B23266F02005266C2 /* Sources */ = {
			isa = PBXSourcesBuildPhase;
			buildActionMask = 2147483647;
			files = (
				A09B538223266F02005266C2 /* Constants+Swift.swift in Sources */,
				A09B538B23266F02005266C2 /* Constants.m in Sources */,
				A0CA19C52821849D0082BD7C /* SnapshotHelper.swift in Sources */,
			);
			runOnlyForDeploymentPostprocessing = 0;
		};
		A0E739D020E4C85D00DB31E1 /* Sources */ = {
			isa = PBXSourcesBuildPhase;
			buildActionMask = 2147483647;
			files = (
				A0A192E021F23B61009A8CF0 /* Constants+Swift.swift in Sources */,
				A08750A92112099700BFAFE4 /* Constants.m in Sources */,
			);
			runOnlyForDeploymentPostprocessing = 0;
		};
/* End PBXSourcesBuildPhase section */

/* Begin PBXTargetDependency section */
		A05768DD22E0B67D00B39FCE /* PBXTargetDependency */ = {
			isa = PBXTargetDependency;
			target = A0E739D320E4C85D00DB31E1 /* Save */;
			targetProxy = A05768DC22E0B67D00B39FCE /* PBXContainerItemProxy */;
		};
		A07129042111CC90007A432A /* PBXTargetDependency */ = {
			isa = PBXTargetDependency;
			target = A07128FA2111CC90007A432A /* ShareExtension */;
			targetProxy = A07129032111CC90007A432A /* PBXContainerItemProxy */;
		};
		A09B537823266F02005266C2 /* PBXTargetDependency */ = {
			isa = PBXTargetDependency;
			target = A07128FA2111CC90007A432A /* ShareExtension */;
			targetProxy = A09B537923266F02005266C2 /* PBXContainerItemProxy */;
		};
		A09B541223266FDF005266C2 /* PBXTargetDependency */ = {
			isa = PBXTargetDependency;
			target = A09B537723266F02005266C2 /* Save Screenshots */;
			targetProxy = A09B541123266FDF005266C2 /* PBXContainerItemProxy */;
		};
/* End PBXTargetDependency section */

/* Begin PBXVariantGroup section */
		A09CC29027E0B16500D6415D /* Localizable.stringsdict */ = {
			isa = PBXVariantGroup;
			children = (
				A09CC28F27E0B16500D6415D /* en */,
				A09CC29127E0B16C00D6415D /* de */,
				A012B09A27E49ECE002C2A1A /* fr */,
				A032362B2B0B986300D95BC3 /* uk */,
			);
			name = Localizable.stringsdict;
			sourceTree = "<group>";
		};
		A0FE2C2622E1FE7C00C5443F /* Localizable.strings */ = {
			isa = PBXVariantGroup;
			children = (
				A0FE2C2522E1FE7C00C5443F /* en */,
				A0FE2C2722E1FECF00C5443F /* de */,
				A07727452345FA7C00366ADD /* fr */,
				A077277E2346203A00366ADD /* es */,
				A005B8B5234B57E1005611F5 /* ru */,
				A09DE5EA234F374400CB3E4D /* tr */,
				A0D0B69C235BD41A00748950 /* ar */,
				A0D0B69E235BD44500748950 /* fa */,
				A0C7D8E027B6B44A00E377FD /* it */,
				A032362A2B0B986300D95BC3 /* uk */,
			);
			name = Localizable.strings;
			sourceTree = "<group>";
		};
/* End PBXVariantGroup section */

/* Begin XCBuildConfiguration section */
		A05768DE22E0B67D00B39FCE /* Debug */ = {
			isa = XCBuildConfiguration;
			buildSettings = {
				CODE_SIGN_IDENTITY = "Apple Development";
				CODE_SIGN_STYLE = Automatic;
				CURRENT_PROJECT_VERSION = 146;
				DEVELOPMENT_TEAM = YF7TV4HW2S;
				INFOPLIST_FILE = Screenshots/Info.plist;
				IPHONEOS_DEPLOYMENT_TARGET = 13.0;
				LD_RUNPATH_SEARCH_PATHS = (
					"$(inherited)",
					"@executable_path/Frameworks",
					"@loader_path/Frameworks",
				);
				MTL_ENABLE_DEBUG_INFO = INCLUDE_SOURCE;
				MTL_FAST_MATH = YES;
				PRODUCT_BUNDLE_IDENTIFIER = "$(OA_SCS_BUNDLE_ID)";
				PRODUCT_NAME = "$(TARGET_NAME)";
				PROVISIONING_PROFILE_SPECIFIER = "";
				SWIFT_VERSION = 5.0;
				TARGETED_DEVICE_FAMILY = "1,2";
				TEST_TARGET_NAME = "Save Screenshots";
			};
			name = Debug;
		};
		A05768DF22E0B67D00B39FCE /* Release */ = {
			isa = XCBuildConfiguration;
			buildSettings = {
				CODE_SIGN_IDENTITY = "Apple Development";
				CODE_SIGN_STYLE = Automatic;
				CURRENT_PROJECT_VERSION = 146;
				DEVELOPMENT_TEAM = YF7TV4HW2S;
				INFOPLIST_FILE = Screenshots/Info.plist;
				IPHONEOS_DEPLOYMENT_TARGET = 13.0;
				LD_RUNPATH_SEARCH_PATHS = (
					"$(inherited)",
					"@executable_path/Frameworks",
					"@loader_path/Frameworks",
				);
				MTL_FAST_MATH = YES;
				PRODUCT_BUNDLE_IDENTIFIER = "$(OA_SCS_BUNDLE_ID)";
				PRODUCT_NAME = "$(TARGET_NAME)";
				PROVISIONING_PROFILE_SPECIFIER = "";
				SWIFT_VERSION = 5.0;
				TARGETED_DEVICE_FAMILY = "1,2";
				TEST_TARGET_NAME = "Save Screenshots";
			};
			name = Release;
		};
		A07129062111CC90007A432A /* Debug */ = {
			isa = XCBuildConfiguration;
			baseConfigurationReference = 1F0F83B9AD2E367B76A410F4 /* Pods-ShareExtension.debug.xcconfig */;
			buildSettings = {
				CLANG_ENABLE_MODULES = YES;
				CODE_SIGN_ENTITLEMENTS = ShareExtension/ShareExtension.entitlements;
				CODE_SIGN_IDENTITY = "Apple Development";
				CODE_SIGN_STYLE = Automatic;
				CURRENT_PROJECT_VERSION = 146;
				DEVELOPMENT_TEAM = YF7TV4HW2S;
				INFOPLIST_FILE = ShareExtension/Info.plist;
				LD_RUNPATH_SEARCH_PATHS = (
					"$(inherited)",
					"@executable_path/Frameworks",
					"@executable_path/../../Frameworks",
				);
				MARKETING_VERSION = "$(MARKETING_VERSION)";
				PRODUCT_BUNDLE_IDENTIFIER = "org.open-archive.save.extension";
				PRODUCT_NAME = "$(TARGET_NAME)";
				PROVISIONING_PROFILE_SPECIFIER = "";
				SKIP_INSTALL = YES;
				SUPPORTED_PLATFORMS = "iphoneos iphonesimulator";
				SUPPORTS_MACCATALYST = NO;
				SUPPORTS_MAC_DESIGNED_FOR_IPHONE_IPAD = NO;
				SUPPORTS_XR_DESIGNED_FOR_IPHONE_IPAD = NO;
				SWIFT_OBJC_BRIDGING_HEADER = "Shared/Save-Bridging-Header.h";
				SWIFT_VERSION = 5.0;
				TARGETED_DEVICE_FAMILY = "1,2";
			};
			name = Debug;
		};
		A07129072111CC90007A432A /* Release */ = {
			isa = XCBuildConfiguration;
			baseConfigurationReference = A5E4AE8C324F163ED093B0AD /* Pods-ShareExtension.release.xcconfig */;
			buildSettings = {
				CLANG_ENABLE_MODULES = YES;
				CODE_SIGN_ENTITLEMENTS = ShareExtension/ShareExtension.entitlements;
				CODE_SIGN_IDENTITY = "Apple Development";
				CODE_SIGN_STYLE = Automatic;
				CURRENT_PROJECT_VERSION = 146;
				DEVELOPMENT_TEAM = YF7TV4HW2S;
				INFOPLIST_FILE = ShareExtension/Info.plist;
				LD_RUNPATH_SEARCH_PATHS = (
					"$(inherited)",
					"@executable_path/Frameworks",
					"@executable_path/../../Frameworks",
				);
				MARKETING_VERSION = "$(MARKETING_VERSION)";
				PRODUCT_BUNDLE_IDENTIFIER = "org.open-archive.save.extension";
				PRODUCT_NAME = "$(TARGET_NAME)";
				PROVISIONING_PROFILE_SPECIFIER = "";
				SKIP_INSTALL = YES;
				SUPPORTED_PLATFORMS = "iphoneos iphonesimulator";
				SUPPORTS_MACCATALYST = NO;
				SUPPORTS_MAC_DESIGNED_FOR_IPHONE_IPAD = NO;
				SUPPORTS_XR_DESIGNED_FOR_IPHONE_IPAD = NO;
				SWIFT_OBJC_BRIDGING_HEADER = "Shared/Save-Bridging-Header.h";
				SWIFT_VERSION = 5.0;
				TARGETED_DEVICE_FAMILY = "1,2";
			};
			name = Release;
		};
		A09B540C23266F02005266C2 /* Debug */ = {
			isa = XCBuildConfiguration;
			baseConfigurationReference = 8D583C889B6032FCFEC50A62 /* Pods-Save Screenshots.debug.xcconfig */;
			buildSettings = {
				ALWAYS_EMBED_SWIFT_STANDARD_LIBRARIES = "$(inherited)";
				ASSETCATALOG_COMPILER_APPICON_NAME = AppIcon;
				ASSETCATALOG_COMPILER_INCLUDE_ALL_APPICON_ASSETS = YES;
				CLANG_ENABLE_MODULES = YES;
				CODE_SIGN_ENTITLEMENTS = Save/Save.entitlements;
				CODE_SIGN_IDENTITY = "Apple Development";
				CODE_SIGN_STYLE = Automatic;
				CURRENT_PROJECT_VERSION = 146;
				DEVELOPMENT_TEAM = YF7TV4HW2S;
				INFOPLIST_FILE = "Save Screenshots/Info.plist";
				LD_RUNPATH_SEARCH_PATHS = (
					"$(inherited)",
					"@executable_path/Frameworks",
				);
				MARKETING_VERSION = "$(MARKETING_VERSION)";
				PRODUCT_BUNDLE_IDENTIFIER = "$(OA_APP_BUNDLE_ID)";
				PRODUCT_NAME = "$(TARGET_NAME)";
				PROVISIONING_PROFILE_SPECIFIER = "";
				SWIFT_OBJC_BRIDGING_HEADER = "Shared/Save-Bridging-Header.h";
				SWIFT_VERSION = 5.0;
				TARGETED_DEVICE_FAMILY = "1,2";
			};
			name = Debug;
		};
		A09B540D23266F02005266C2 /* Release */ = {
			isa = XCBuildConfiguration;
			baseConfigurationReference = 21D519F82AB6A5E65B0AF8D1 /* Pods-Save Screenshots.release.xcconfig */;
			buildSettings = {
				ALWAYS_EMBED_SWIFT_STANDARD_LIBRARIES = "$(inherited)";
				ASSETCATALOG_COMPILER_APPICON_NAME = AppIcon;
				ASSETCATALOG_COMPILER_INCLUDE_ALL_APPICON_ASSETS = YES;
				CLANG_ENABLE_MODULES = YES;
				CODE_SIGN_ENTITLEMENTS = Save/Save.entitlements;
				CODE_SIGN_IDENTITY = "Apple Development";
				CODE_SIGN_STYLE = Automatic;
				CURRENT_PROJECT_VERSION = 146;
				DEVELOPMENT_TEAM = YF7TV4HW2S;
				INFOPLIST_FILE = "Save Screenshots/Info.plist";
				LD_RUNPATH_SEARCH_PATHS = (
					"$(inherited)",
					"@executable_path/Frameworks",
				);
				MARKETING_VERSION = "$(MARKETING_VERSION)";
				PRODUCT_BUNDLE_IDENTIFIER = "$(OA_APP_BUNDLE_ID)";
				PRODUCT_NAME = "$(TARGET_NAME)";
				PROVISIONING_PROFILE_SPECIFIER = "";
				SWIFT_OBJC_BRIDGING_HEADER = "Shared/Save-Bridging-Header.h";
				SWIFT_VERSION = 5.0;
				TARGETED_DEVICE_FAMILY = "1,2";
			};
			name = Release;
		};
		A0E739E420E4C85E00DB31E1 /* Debug */ = {
			isa = XCBuildConfiguration;
			baseConfigurationReference = A0BA76E52111FA130009801D /* Config.xcconfig */;
			buildSettings = {
				ALWAYS_SEARCH_USER_PATHS = NO;
				ASSETCATALOG_COMPILER_GENERATE_SWIFT_ASSET_SYMBOL_EXTENSIONS = YES;
				ASSETCATALOG_COMPILER_INCLUDE_ALL_APPICON_ASSETS = YES;
				CLANG_ANALYZER_LOCALIZABILITY_NONLOCALIZED = YES;
				CLANG_ANALYZER_NONNULL = YES;
				CLANG_ANALYZER_NUMBER_OBJECT_CONVERSION = YES_AGGRESSIVE;
				CLANG_CXX_LANGUAGE_STANDARD = "gnu++14";
				CLANG_CXX_LIBRARY = "libc++";
				CLANG_ENABLE_MODULES = YES;
				CLANG_ENABLE_OBJC_ARC = YES;
				CLANG_ENABLE_OBJC_WEAK = YES;
				CLANG_WARN_BLOCK_CAPTURE_AUTORELEASING = YES;
				CLANG_WARN_BOOL_CONVERSION = YES;
				CLANG_WARN_COMMA = YES;
				CLANG_WARN_CONSTANT_CONVERSION = YES;
				CLANG_WARN_DEPRECATED_OBJC_IMPLEMENTATIONS = YES;
				CLANG_WARN_DIRECT_OBJC_ISA_USAGE = YES_ERROR;
				CLANG_WARN_DOCUMENTATION_COMMENTS = YES;
				CLANG_WARN_EMPTY_BODY = YES;
				CLANG_WARN_ENUM_CONVERSION = YES;
				CLANG_WARN_INFINITE_RECURSION = YES;
				CLANG_WARN_INT_CONVERSION = YES;
				CLANG_WARN_NON_LITERAL_NULL_CONVERSION = YES;
				CLANG_WARN_OBJC_IMPLICIT_RETAIN_SELF = YES;
				CLANG_WARN_OBJC_LITERAL_CONVERSION = YES;
				CLANG_WARN_OBJC_ROOT_CLASS = YES_ERROR;
				CLANG_WARN_QUOTED_INCLUDE_IN_FRAMEWORK_HEADER = YES;
				CLANG_WARN_RANGE_LOOP_ANALYSIS = YES;
				CLANG_WARN_STRICT_PROTOTYPES = YES;
				CLANG_WARN_SUSPICIOUS_MOVE = YES;
				CLANG_WARN_UNGUARDED_AVAILABILITY = YES_AGGRESSIVE;
				CLANG_WARN_UNREACHABLE_CODE = YES;
				CLANG_WARN__DUPLICATE_METHOD_MATCH = YES;
				CODE_SIGN_IDENTITY = "iPhone Developer";
				COPY_PHASE_STRIP = NO;
				DEBUG_INFORMATION_FORMAT = dwarf;
				ENABLE_STRICT_OBJC_MSGSEND = YES;
				ENABLE_TESTABILITY = YES;
				GCC_C_LANGUAGE_STANDARD = gnu11;
				GCC_DYNAMIC_NO_PIC = NO;
				GCC_NO_COMMON_BLOCKS = YES;
				GCC_OPTIMIZATION_LEVEL = 0;
				GCC_PREPROCESSOR_DEFINITIONS = (
					"DEBUG=1",
					"$(inherited)",
				);
				GCC_WARN_64_TO_32_BIT_CONVERSION = YES;
				GCC_WARN_ABOUT_RETURN_TYPE = YES_ERROR;
				GCC_WARN_UNDECLARED_SELECTOR = YES;
				GCC_WARN_UNINITIALIZED_AUTOS = YES_AGGRESSIVE;
				GCC_WARN_UNUSED_FUNCTION = YES;
				GCC_WARN_UNUSED_VARIABLE = YES;
				IPHONEOS_DEPLOYMENT_TARGET = 13.0;
				MTL_ENABLE_DEBUG_INFO = YES;
				ONLY_ACTIVE_ARCH = YES;
				SDKROOT = iphoneos;
				SWIFT_ACTIVE_COMPILATION_CONDITIONS = DEBUG;
				SWIFT_OPTIMIZATION_LEVEL = "-Onone";
			};
			name = Debug;
		};
		A0E739E520E4C85E00DB31E1 /* Release */ = {
			isa = XCBuildConfiguration;
			baseConfigurationReference = A0BA76E52111FA130009801D /* Config.xcconfig */;
			buildSettings = {
				ALWAYS_SEARCH_USER_PATHS = NO;
				ASSETCATALOG_COMPILER_GENERATE_SWIFT_ASSET_SYMBOL_EXTENSIONS = YES;
				ASSETCATALOG_COMPILER_INCLUDE_ALL_APPICON_ASSETS = YES;
				CLANG_ANALYZER_LOCALIZABILITY_NONLOCALIZED = YES;
				CLANG_ANALYZER_NONNULL = YES;
				CLANG_ANALYZER_NUMBER_OBJECT_CONVERSION = YES_AGGRESSIVE;
				CLANG_CXX_LANGUAGE_STANDARD = "gnu++14";
				CLANG_CXX_LIBRARY = "libc++";
				CLANG_ENABLE_MODULES = YES;
				CLANG_ENABLE_OBJC_ARC = YES;
				CLANG_ENABLE_OBJC_WEAK = YES;
				CLANG_WARN_BLOCK_CAPTURE_AUTORELEASING = YES;
				CLANG_WARN_BOOL_CONVERSION = YES;
				CLANG_WARN_COMMA = YES;
				CLANG_WARN_CONSTANT_CONVERSION = YES;
				CLANG_WARN_DEPRECATED_OBJC_IMPLEMENTATIONS = YES;
				CLANG_WARN_DIRECT_OBJC_ISA_USAGE = YES_ERROR;
				CLANG_WARN_DOCUMENTATION_COMMENTS = YES;
				CLANG_WARN_EMPTY_BODY = YES;
				CLANG_WARN_ENUM_CONVERSION = YES;
				CLANG_WARN_INFINITE_RECURSION = YES;
				CLANG_WARN_INT_CONVERSION = YES;
				CLANG_WARN_NON_LITERAL_NULL_CONVERSION = YES;
				CLANG_WARN_OBJC_IMPLICIT_RETAIN_SELF = YES;
				CLANG_WARN_OBJC_LITERAL_CONVERSION = YES;
				CLANG_WARN_OBJC_ROOT_CLASS = YES_ERROR;
				CLANG_WARN_QUOTED_INCLUDE_IN_FRAMEWORK_HEADER = YES;
				CLANG_WARN_RANGE_LOOP_ANALYSIS = YES;
				CLANG_WARN_STRICT_PROTOTYPES = YES;
				CLANG_WARN_SUSPICIOUS_MOVE = YES;
				CLANG_WARN_UNGUARDED_AVAILABILITY = YES_AGGRESSIVE;
				CLANG_WARN_UNREACHABLE_CODE = YES;
				CLANG_WARN__DUPLICATE_METHOD_MATCH = YES;
				CODE_SIGN_IDENTITY = "iPhone Developer";
				COPY_PHASE_STRIP = NO;
				DEBUG_INFORMATION_FORMAT = "dwarf-with-dsym";
				ENABLE_NS_ASSERTIONS = NO;
				ENABLE_STRICT_OBJC_MSGSEND = YES;
				GCC_C_LANGUAGE_STANDARD = gnu11;
				GCC_NO_COMMON_BLOCKS = YES;
				GCC_WARN_64_TO_32_BIT_CONVERSION = YES;
				GCC_WARN_ABOUT_RETURN_TYPE = YES_ERROR;
				GCC_WARN_UNDECLARED_SELECTOR = YES;
				GCC_WARN_UNINITIALIZED_AUTOS = YES_AGGRESSIVE;
				GCC_WARN_UNUSED_FUNCTION = YES;
				GCC_WARN_UNUSED_VARIABLE = YES;
				IPHONEOS_DEPLOYMENT_TARGET = 13.0;
				MTL_ENABLE_DEBUG_INFO = NO;
				SDKROOT = iphoneos;
				SWIFT_COMPILATION_MODE = wholemodule;
				SWIFT_OPTIMIZATION_LEVEL = "-O";
				VALIDATE_PRODUCT = YES;
			};
			name = Release;
		};
		A0E739E720E4C85E00DB31E1 /* Debug */ = {
			isa = XCBuildConfiguration;
			baseConfigurationReference = AF0519455460533C11E3A112 /* Pods-Save.debug.xcconfig */;
			buildSettings = {
				ALWAYS_EMBED_SWIFT_STANDARD_LIBRARIES = "$(inherited)";
				ASSETCATALOG_COMPILER_APPICON_NAME = AppIcon;
				CLANG_ENABLE_MODULES = YES;
				CODE_SIGN_ENTITLEMENTS = Save/Save.entitlements;
				CODE_SIGN_IDENTITY = "Apple Development";
				CODE_SIGN_STYLE = Automatic;
				CURRENT_PROJECT_VERSION = 11;
				DEVELOPMENT_TEAM = YF7TV4HW2S;
				GCC_PREPROCESSOR_DEFINITIONS = (
					"COCOAPODS=1",
					"$(inherited)",
				);
				INFOPLIST_FILE = Save/Info.plist;
				INFOPLIST_KEY_LSApplicationCategoryType = "public.app-category.utilities";
				IPHONEOS_DEPLOYMENT_TARGET = 13;
				LD_RUNPATH_SEARCH_PATHS = (
					"$(inherited)",
					"@executable_path/Frameworks",
				);
				MARKETING_VERSION = 3.5.1;
				PRODUCT_BUNDLE_IDENTIFIER = "org.open-archive.save";
				PRODUCT_NAME = "$(TARGET_NAME)";
				PROVISIONING_PROFILE_SPECIFIER = "";
				SUPPORTED_PLATFORMS = "iphoneos iphonesimulator";
				SUPPORTS_MACCATALYST = NO;
				SUPPORTS_XR_DESIGNED_FOR_IPHONE_IPAD = NO;
				SWIFT_OBJC_BRIDGING_HEADER = "Shared/Save-Bridging-Header.h";
				SWIFT_VERSION = 5.0;
				TARGETED_DEVICE_FAMILY = "1,2";
			};
			name = Debug;
		};
		A0E739E820E4C85E00DB31E1 /* Release */ = {
			isa = XCBuildConfiguration;
			baseConfigurationReference = 61E571E3244E9F71E39AED3C /* Pods-Save.release.xcconfig */;
			buildSettings = {
				ALWAYS_EMBED_SWIFT_STANDARD_LIBRARIES = "$(inherited)";
				ASSETCATALOG_COMPILER_APPICON_NAME = AppIcon;
				CLANG_ENABLE_MODULES = YES;
				CODE_SIGN_ENTITLEMENTS = Save/Save.entitlements;
				CODE_SIGN_IDENTITY = "Apple Development";
				CODE_SIGN_STYLE = Automatic;
				CURRENT_PROJECT_VERSION = 11;
				DEVELOPMENT_TEAM = YF7TV4HW2S;
				GCC_PREPROCESSOR_DEFINITIONS = (
					"COCOAPODS=1",
					"$(inherited)",
				);
				INFOPLIST_FILE = Save/Info.plist;
				INFOPLIST_KEY_LSApplicationCategoryType = "public.app-category.utilities";
				IPHONEOS_DEPLOYMENT_TARGET = 13;
				LD_RUNPATH_SEARCH_PATHS = (
					"$(inherited)",
					"@executable_path/Frameworks",
				);
				MARKETING_VERSION = 3.5.1;
				PRODUCT_BUNDLE_IDENTIFIER = "org.open-archive.save";
				PRODUCT_NAME = "$(TARGET_NAME)";
				PROVISIONING_PROFILE_SPECIFIER = "";
				SUPPORTED_PLATFORMS = "iphoneos iphonesimulator";
				SUPPORTS_MACCATALYST = NO;
				SUPPORTS_XR_DESIGNED_FOR_IPHONE_IPAD = NO;
				SWIFT_OBJC_BRIDGING_HEADER = "Shared/Save-Bridging-Header.h";
				SWIFT_VERSION = 5.0;
				TARGETED_DEVICE_FAMILY = "1,2";
			};
			name = Release;
		};
/* End XCBuildConfiguration section */

/* Begin XCConfigurationList section */
		A05768E022E0B67D00B39FCE /* Build configuration list for PBXNativeTarget "Screenshots" */ = {
			isa = XCConfigurationList;
			buildConfigurations = (
				A05768DE22E0B67D00B39FCE /* Debug */,
				A05768DF22E0B67D00B39FCE /* Release */,
			);
			defaultConfigurationIsVisible = 0;
			defaultConfigurationName = Release;
		};
		A07129082111CC90007A432A /* Build configuration list for PBXNativeTarget "ShareExtension" */ = {
			isa = XCConfigurationList;
			buildConfigurations = (
				A07129062111CC90007A432A /* Debug */,
				A07129072111CC90007A432A /* Release */,
			);
			defaultConfigurationIsVisible = 0;
			defaultConfigurationName = Release;
		};
		A09B540B23266F02005266C2 /* Build configuration list for PBXNativeTarget "Save Screenshots" */ = {
			isa = XCConfigurationList;
			buildConfigurations = (
				A09B540C23266F02005266C2 /* Debug */,
				A09B540D23266F02005266C2 /* Release */,
			);
			defaultConfigurationIsVisible = 0;
			defaultConfigurationName = Release;
		};
		A0E739CF20E4C85D00DB31E1 /* Build configuration list for PBXProject "Save" */ = {
			isa = XCConfigurationList;
			buildConfigurations = (
				A0E739E420E4C85E00DB31E1 /* Debug */,
				A0E739E520E4C85E00DB31E1 /* Release */,
			);
			defaultConfigurationIsVisible = 0;
			defaultConfigurationName = Release;
		};
		A0E739E620E4C85E00DB31E1 /* Build configuration list for PBXNativeTarget "Save" */ = {
			isa = XCConfigurationList;
			buildConfigurations = (
				A0E739E720E4C85E00DB31E1 /* Debug */,
				A0E739E820E4C85E00DB31E1 /* Release */,
			);
			defaultConfigurationIsVisible = 0;
			defaultConfigurationName = Release;
		};
/* End XCConfigurationList section */

/* Begin XCRemoteSwiftPackageReference section */
		6ED29CFB2D68B608002E0189 /* XCRemoteSwiftPackageReference "SwiftUI-Introspect" */ = {
			isa = XCRemoteSwiftPackageReference;
			repositoryURL = "https://github.com/siteline/SwiftUI-Introspect.git";
			requirement = {
				kind = upToNextMajorVersion;
				minimumVersion = 1.3.0;
			};
		};
/* End XCRemoteSwiftPackageReference section */
	};
	rootObject = A0E739CC20E4C85D00DB31E1 /* Project object */;
}
